
Microsoft Visual Studio Solution File, Format Version 12.00
# Visual Studio 14
VisualStudioVersion = 14.0.25420.1
MinimumVisualStudioVersion = 10.0.40219.1
Project("{2150E333-8FDC-42A3-9474-1A3956D46DE8}") = "BAL", "BAL", "{355117E2-19BF-4E8C-A435-663DFD369A70}"
EndProject
Project("{2150E333-8FDC-42A3-9474-1A3956D46DE8}") = "Common", "Common", "{290721ED-7409-4D4D-88C5-E81F2AF7D673}"
EndProject
Project("{2150E333-8FDC-42A3-9474-1A3956D46DE8}") = "DAL", "DAL", "{68298A3C-A39C-4C32-BB31-9C99ACDE6054}"
EndProject
Project("{2150E333-8FDC-42A3-9474-1A3956D46DE8}") = "SERVICE LAYER", "SERVICE LAYER", "{0E635241-9986-40BF-8C21-3A4977CE56BB}"
EndProject
Project("{2150E333-8FDC-42A3-9474-1A3956D46DE8}") = "PRESENTATION LAYER", "PRESENTATION LAYER", "{D28AC3B4-1D7E-4259-8C0A-120B9D1D18D3}"
EndProject
Project("{2150E333-8FDC-42A3-9474-1A3956D46DE8}") = "OCineManagerApps", "OCineManagerApps", "{B3E6B2A6-4CF8-4A3D-B4E2-1E466DE6243A}"
EndProject
Project("{2150E333-8FDC-42A3-9474-1A3956D46DE8}") = "OCineMobileApps", "OCineMobileApps", "{D0CB5EB4-160D-4FD7-A409-CF0AF9D39E8B}"
EndProject
Project("{2150E333-8FDC-42A3-9474-1A3956D46DE8}") = "BALServices", "BALServices", "{F397643E-D0CA-4D60-8C77-284D0812B741}"
EndProject
Project("{FAE04EC0-301F-11D3-BF4B-00C04F79EFBC}") = "Repository", "DAL\Repository\Repository.csproj", "{F1378AD1-F25B-4C70-9D43-4C4A847ABA4A}"
EndProject
Project("{FAE04EC0-301F-11D3-BF4B-00C04F79EFBC}") = "OcineWebApi", "OcineWebApi\OcineWebApi.csproj", "{06DDDFC2-8F19-4130-996A-B57862DCBE07}"
EndProject
Project("{FAE04EC0-301F-11D3-BF4B-00C04F79EFBC}") = "DTO", "Buisness Acces Layer\DTO\DTO.csproj", "{04996155-33B8-4496-BE9E-FB8BCF8D79FF}"
EndProject
Project("{FAE04EC0-301F-11D3-BF4B-00C04F79EFBC}") = "Entity", "Buisness Acces Layer\Entity\Entity.csproj", "{54DB0CCB-5D2F-4B8A-A2D3-D04A06235733}"
EndProject
Project("{FAE04EC0-301F-11D3-BF4B-00C04F79EFBC}") = "CommonRepository", "Common\CommonRepository\CommonRepository.csproj", "{35674F8D-C3D5-43D7-8E74-DCC523483467}"
EndProject
Project("{FAE04EC0-301F-11D3-BF4B-00C04F79EFBC}") = "CommonService", "Common\CommonService\CommonService.csproj", "{7026A575-41A9-43FD-B4CE-73FDD1A81B1E}"
EndProject
Project("{FAE04EC0-301F-11D3-BF4B-00C04F79EFBC}") = "Services", "Services\Services.csproj", "{F732DD02-1D6F-42BC-BA2B-D5A3B61261FA}"
EndProject
Project("{FAE04EC0-301F-11D3-BF4B-00C04F79EFBC}") = "OcineManager", "Presentation Layer\OCineManagerApp\OcineManager\OcineManager.csproj", "{145990AF-58E6-49F8-AB7D-A170B77F3643}"
EndProject
Project("{D954291E-2A0B-460D-934E-DC6B0785DB48}") = "OCine", "Presentation Layer\OCineMobileApps\OCine\OCine\OCine.shproj", "{4409D634-86A9-49A9-9739-D11070511DAB}"
EndProject
Project("{FAE04EC0-301F-11D3-BF4B-00C04F79EFBC}") = "OCine.Droid", "Presentation Layer\OCineMobileApps\OCine\OCine.Droid\OCine.Droid.csproj", "{49FD772D-B804-4298-BB78-F6A777DC4036}"
EndProject
Project("{FAE04EC0-301F-11D3-BF4B-00C04F79EFBC}") = "OCine.iOS", "Presentation Layer\OCineMobileApps\OCine\OCine.iOS\OCine.iOS.csproj", "{81E4A62A-B6DF-4261-A8E0-C7AEF2DDB0EF}"
EndProject
Project("{FAE04EC0-301F-11D3-BF4B-00C04F79EFBC}") = "OCine.WinPhone", "Presentation Layer\OCineMobileApps\OCine\OCine.WinPhone\OCine.WinPhone.csproj", "{B2418ACB-35E7-4085-835C-05A700CC3AF0}"
EndProject
Project("{FAE04EC0-301F-11D3-BF4B-00C04F79EFBC}") = "OCine.Windows", "Presentation Layer\OCineMobileApps\OCine\OCine.Windows\OCine.Windows.csproj", "{0995EA69-B0C5-4731-A129-42919658FB7B}"
EndProject
Project("{FAE04EC0-301F-11D3-BF4B-00C04F79EFBC}") = "CommonComponent", "Common\CommonComponent\CommonComponent.csproj", "{17ADBD9D-3F88-4B18-8E66-1723901CD73B}"
EndProject
Global
	GlobalSection(SharedMSBuildProjectFiles) = preSolution
		Presentation Layer\OCineMobileApps\OCine\OCine\OCine.projitems*{0995ea69-b0c5-4731-a129-42919658fb7b}*SharedItemsImports = 4
		Presentation Layer\OCineMobileApps\OCine\OCine\OCine.projitems*{4409d634-86a9-49a9-9739-d11070511dab}*SharedItemsImports = 13
		Presentation Layer\OCineMobileApps\OCine\OCine\OCine.projitems*{49fd772d-b804-4298-bb78-f6a777dc4036}*SharedItemsImports = 4
		Presentation Layer\OCineMobileApps\OCine\OCine\OCine.projitems*{81e4a62a-b6df-4261-a8e0-c7aef2ddb0ef}*SharedItemsImports = 4
		Presentation Layer\OCineMobileApps\OCine\OCine\OCine.projitems*{b2418acb-35e7-4085-835c-05a700cc3af0}*SharedItemsImports = 4
	EndGlobalSection
	GlobalSection(SolutionConfigurationPlatforms) = preSolution
		Ad-Hoc|Any CPU = Ad-Hoc|Any CPU
		Ad-Hoc|ARM = Ad-Hoc|ARM
		Ad-Hoc|iPhone = Ad-Hoc|iPhone
		Ad-Hoc|iPhoneSimulator = Ad-Hoc|iPhoneSimulator
		Ad-Hoc|x64 = Ad-Hoc|x64
		Ad-Hoc|x86 = Ad-Hoc|x86
		AppStore|Any CPU = AppStore|Any CPU
		AppStore|ARM = AppStore|ARM
		AppStore|iPhone = AppStore|iPhone
		AppStore|iPhoneSimulator = AppStore|iPhoneSimulator
		AppStore|x64 = AppStore|x64
		AppStore|x86 = AppStore|x86
		Debug|Any CPU = Debug|Any CPU
		Debug|ARM = Debug|ARM
		Debug|iPhone = Debug|iPhone
		Debug|iPhoneSimulator = Debug|iPhoneSimulator
		Debug|x64 = Debug|x64
		Debug|x86 = Debug|x86
		Release|Any CPU = Release|Any CPU
		Release|ARM = Release|ARM
		Release|iPhone = Release|iPhone
		Release|iPhoneSimulator = Release|iPhoneSimulator
		Release|x64 = Release|x64
		Release|x86 = Release|x86
	EndGlobalSection
	GlobalSection(ProjectConfigurationPlatforms) = postSolution
		{F1378AD1-F25B-4C70-9D43-4C4A847ABA4A}.Ad-Hoc|Any CPU.ActiveCfg = Release|Any CPU
		{F1378AD1-F25B-4C70-9D43-4C4A847ABA4A}.Ad-Hoc|Any CPU.Build.0 = Release|Any CPU
		{F1378AD1-F25B-4C70-9D43-4C4A847ABA4A}.Ad-Hoc|ARM.ActiveCfg = Release|Any CPU
		{F1378AD1-F25B-4C70-9D43-4C4A847ABA4A}.Ad-Hoc|ARM.Build.0 = Release|Any CPU
		{F1378AD1-F25B-4C70-9D43-4C4A847ABA4A}.Ad-Hoc|iPhone.ActiveCfg = Release|Any CPU
		{F1378AD1-F25B-4C70-9D43-4C4A847ABA4A}.Ad-Hoc|iPhone.Build.0 = Release|Any CPU
		{F1378AD1-F25B-4C70-9D43-4C4A847ABA4A}.Ad-Hoc|iPhoneSimulator.ActiveCfg = Release|Any CPU
		{F1378AD1-F25B-4C70-9D43-4C4A847ABA4A}.Ad-Hoc|iPhoneSimulator.Build.0 = Release|Any CPU
		{F1378AD1-F25B-4C70-9D43-4C4A847ABA4A}.Ad-Hoc|x64.ActiveCfg = Release|Any CPU
		{F1378AD1-F25B-4C70-9D43-4C4A847ABA4A}.Ad-Hoc|x64.Build.0 = Release|Any CPU
		{F1378AD1-F25B-4C70-9D43-4C4A847ABA4A}.Ad-Hoc|x86.ActiveCfg = Release|Any CPU
		{F1378AD1-F25B-4C70-9D43-4C4A847ABA4A}.Ad-Hoc|x86.Build.0 = Release|Any CPU
		{F1378AD1-F25B-4C70-9D43-4C4A847ABA4A}.AppStore|Any CPU.ActiveCfg = Release|Any CPU
		{F1378AD1-F25B-4C70-9D43-4C4A847ABA4A}.AppStore|Any CPU.Build.0 = Release|Any CPU
		{F1378AD1-F25B-4C70-9D43-4C4A847ABA4A}.AppStore|ARM.ActiveCfg = Release|Any CPU
		{F1378AD1-F25B-4C70-9D43-4C4A847ABA4A}.AppStore|ARM.Build.0 = Release|Any CPU
		{F1378AD1-F25B-4C70-9D43-4C4A847ABA4A}.AppStore|iPhone.ActiveCfg = Release|Any CPU
		{F1378AD1-F25B-4C70-9D43-4C4A847ABA4A}.AppStore|iPhone.Build.0 = Release|Any CPU
		{F1378AD1-F25B-4C70-9D43-4C4A847ABA4A}.AppStore|iPhoneSimulator.ActiveCfg = Release|Any CPU
		{F1378AD1-F25B-4C70-9D43-4C4A847ABA4A}.AppStore|iPhoneSimulator.Build.0 = Release|Any CPU
		{F1378AD1-F25B-4C70-9D43-4C4A847ABA4A}.AppStore|x64.ActiveCfg = Release|Any CPU
		{F1378AD1-F25B-4C70-9D43-4C4A847ABA4A}.AppStore|x64.Build.0 = Release|Any CPU
		{F1378AD1-F25B-4C70-9D43-4C4A847ABA4A}.AppStore|x86.ActiveCfg = Release|Any CPU
		{F1378AD1-F25B-4C70-9D43-4C4A847ABA4A}.AppStore|x86.Build.0 = Release|Any CPU
		{F1378AD1-F25B-4C70-9D43-4C4A847ABA4A}.Debug|Any CPU.ActiveCfg = Debug|Any CPU
		{F1378AD1-F25B-4C70-9D43-4C4A847ABA4A}.Debug|Any CPU.Build.0 = Debug|Any CPU
		{F1378AD1-F25B-4C70-9D43-4C4A847ABA4A}.Debug|ARM.ActiveCfg = Debug|Any CPU
		{F1378AD1-F25B-4C70-9D43-4C4A847ABA4A}.Debug|ARM.Build.0 = Debug|Any CPU
		{F1378AD1-F25B-4C70-9D43-4C4A847ABA4A}.Debug|iPhone.ActiveCfg = Debug|Any CPU
		{F1378AD1-F25B-4C70-9D43-4C4A847ABA4A}.Debug|iPhone.Build.0 = Debug|Any CPU
		{F1378AD1-F25B-4C70-9D43-4C4A847ABA4A}.Debug|iPhoneSimulator.ActiveCfg = Debug|Any CPU
		{F1378AD1-F25B-4C70-9D43-4C4A847ABA4A}.Debug|iPhoneSimulator.Build.0 = Debug|Any CPU
		{F1378AD1-F25B-4C70-9D43-4C4A847ABA4A}.Debug|x64.ActiveCfg = Debug|Any CPU
		{F1378AD1-F25B-4C70-9D43-4C4A847ABA4A}.Debug|x64.Build.0 = Debug|Any CPU
		{F1378AD1-F25B-4C70-9D43-4C4A847ABA4A}.Debug|x86.ActiveCfg = Debug|Any CPU
		{F1378AD1-F25B-4C70-9D43-4C4A847ABA4A}.Debug|x86.Build.0 = Debug|Any CPU
		{F1378AD1-F25B-4C70-9D43-4C4A847ABA4A}.Release|Any CPU.ActiveCfg = Release|Any CPU
		{F1378AD1-F25B-4C70-9D43-4C4A847ABA4A}.Release|Any CPU.Build.0 = Release|Any CPU
		{F1378AD1-F25B-4C70-9D43-4C4A847ABA4A}.Release|ARM.ActiveCfg = Release|Any CPU
		{F1378AD1-F25B-4C70-9D43-4C4A847ABA4A}.Release|ARM.Build.0 = Release|Any CPU
		{F1378AD1-F25B-4C70-9D43-4C4A847ABA4A}.Release|iPhone.ActiveCfg = Release|Any CPU
		{F1378AD1-F25B-4C70-9D43-4C4A847ABA4A}.Release|iPhone.Build.0 = Release|Any CPU
		{F1378AD1-F25B-4C70-9D43-4C4A847ABA4A}.Release|iPhoneSimulator.ActiveCfg = Release|Any CPU
		{F1378AD1-F25B-4C70-9D43-4C4A847ABA4A}.Release|iPhoneSimulator.Build.0 = Release|Any CPU
		{F1378AD1-F25B-4C70-9D43-4C4A847ABA4A}.Release|x64.ActiveCfg = Release|Any CPU
		{F1378AD1-F25B-4C70-9D43-4C4A847ABA4A}.Release|x64.Build.0 = Release|Any CPU
		{F1378AD1-F25B-4C70-9D43-4C4A847ABA4A}.Release|x86.ActiveCfg = Release|Any CPU
		{F1378AD1-F25B-4C70-9D43-4C4A847ABA4A}.Release|x86.Build.0 = Release|Any CPU
		{06DDDFC2-8F19-4130-996A-B57862DCBE07}.Ad-Hoc|Any CPU.ActiveCfg = Release|Any CPU
		{06DDDFC2-8F19-4130-996A-B57862DCBE07}.Ad-Hoc|Any CPU.Build.0 = Release|Any CPU
		{06DDDFC2-8F19-4130-996A-B57862DCBE07}.Ad-Hoc|ARM.ActiveCfg = Release|Any CPU
		{06DDDFC2-8F19-4130-996A-B57862DCBE07}.Ad-Hoc|ARM.Build.0 = Release|Any CPU
		{06DDDFC2-8F19-4130-996A-B57862DCBE07}.Ad-Hoc|iPhone.ActiveCfg = Release|Any CPU
		{06DDDFC2-8F19-4130-996A-B57862DCBE07}.Ad-Hoc|iPhone.Build.0 = Release|Any CPU
		{06DDDFC2-8F19-4130-996A-B57862DCBE07}.Ad-Hoc|iPhoneSimulator.ActiveCfg = Release|Any CPU
		{06DDDFC2-8F19-4130-996A-B57862DCBE07}.Ad-Hoc|iPhoneSimulator.Build.0 = Release|Any CPU
		{06DDDFC2-8F19-4130-996A-B57862DCBE07}.Ad-Hoc|x64.ActiveCfg = Release|Any CPU
		{06DDDFC2-8F19-4130-996A-B57862DCBE07}.Ad-Hoc|x64.Build.0 = Release|Any CPU
		{06DDDFC2-8F19-4130-996A-B57862DCBE07}.Ad-Hoc|x86.ActiveCfg = Release|Any CPU
		{06DDDFC2-8F19-4130-996A-B57862DCBE07}.Ad-Hoc|x86.Build.0 = Release|Any CPU
		{06DDDFC2-8F19-4130-996A-B57862DCBE07}.AppStore|Any CPU.ActiveCfg = Release|Any CPU
		{06DDDFC2-8F19-4130-996A-B57862DCBE07}.AppStore|Any CPU.Build.0 = Release|Any CPU
		{06DDDFC2-8F19-4130-996A-B57862DCBE07}.AppStore|ARM.ActiveCfg = Release|Any CPU
		{06DDDFC2-8F19-4130-996A-B57862DCBE07}.AppStore|ARM.Build.0 = Release|Any CPU
		{06DDDFC2-8F19-4130-996A-B57862DCBE07}.AppStore|iPhone.ActiveCfg = Release|Any CPU
		{06DDDFC2-8F19-4130-996A-B57862DCBE07}.AppStore|iPhone.Build.0 = Release|Any CPU
		{06DDDFC2-8F19-4130-996A-B57862DCBE07}.AppStore|iPhoneSimulator.ActiveCfg = Release|Any CPU
		{06DDDFC2-8F19-4130-996A-B57862DCBE07}.AppStore|iPhoneSimulator.Build.0 = Release|Any CPU
		{06DDDFC2-8F19-4130-996A-B57862DCBE07}.AppStore|x64.ActiveCfg = Release|Any CPU
		{06DDDFC2-8F19-4130-996A-B57862DCBE07}.AppStore|x64.Build.0 = Release|Any CPU
		{06DDDFC2-8F19-4130-996A-B57862DCBE07}.AppStore|x86.ActiveCfg = Release|Any CPU
		{06DDDFC2-8F19-4130-996A-B57862DCBE07}.AppStore|x86.Build.0 = Release|Any CPU
		{06DDDFC2-8F19-4130-996A-B57862DCBE07}.Debug|Any CPU.ActiveCfg = Debug|Any CPU
		{06DDDFC2-8F19-4130-996A-B57862DCBE07}.Debug|Any CPU.Build.0 = Debug|Any CPU
		{06DDDFC2-8F19-4130-996A-B57862DCBE07}.Debug|ARM.ActiveCfg = Debug|Any CPU
		{06DDDFC2-8F19-4130-996A-B57862DCBE07}.Debug|ARM.Build.0 = Debug|Any CPU
		{06DDDFC2-8F19-4130-996A-B57862DCBE07}.Debug|iPhone.ActiveCfg = Debug|Any CPU
		{06DDDFC2-8F19-4130-996A-B57862DCBE07}.Debug|iPhone.Build.0 = Debug|Any CPU
		{06DDDFC2-8F19-4130-996A-B57862DCBE07}.Debug|iPhoneSimulator.ActiveCfg = Debug|Any CPU
		{06DDDFC2-8F19-4130-996A-B57862DCBE07}.Debug|iPhoneSimulator.Build.0 = Debug|Any CPU
		{06DDDFC2-8F19-4130-996A-B57862DCBE07}.Debug|x64.ActiveCfg = Debug|Any CPU
		{06DDDFC2-8F19-4130-996A-B57862DCBE07}.Debug|x64.Build.0 = Debug|Any CPU
		{06DDDFC2-8F19-4130-996A-B57862DCBE07}.Debug|x86.ActiveCfg = Debug|Any CPU
		{06DDDFC2-8F19-4130-996A-B57862DCBE07}.Debug|x86.Build.0 = Debug|Any CPU
		{06DDDFC2-8F19-4130-996A-B57862DCBE07}.Release|Any CPU.ActiveCfg = Release|Any CPU
		{06DDDFC2-8F19-4130-996A-B57862DCBE07}.Release|Any CPU.Build.0 = Release|Any CPU
		{06DDDFC2-8F19-4130-996A-B57862DCBE07}.Release|ARM.ActiveCfg = Release|Any CPU
		{06DDDFC2-8F19-4130-996A-B57862DCBE07}.Release|ARM.Build.0 = Release|Any CPU
		{06DDDFC2-8F19-4130-996A-B57862DCBE07}.Release|iPhone.ActiveCfg = Release|Any CPU
		{06DDDFC2-8F19-4130-996A-B57862DCBE07}.Release|iPhone.Build.0 = Release|Any CPU
		{06DDDFC2-8F19-4130-996A-B57862DCBE07}.Release|iPhoneSimulator.ActiveCfg = Release|Any CPU
		{06DDDFC2-8F19-4130-996A-B57862DCBE07}.Release|iPhoneSimulator.Build.0 = Release|Any CPU
		{06DDDFC2-8F19-4130-996A-B57862DCBE07}.Release|x64.ActiveCfg = Release|Any CPU
		{06DDDFC2-8F19-4130-996A-B57862DCBE07}.Release|x64.Build.0 = Release|Any CPU
		{06DDDFC2-8F19-4130-996A-B57862DCBE07}.Release|x86.ActiveCfg = Release|Any CPU
		{06DDDFC2-8F19-4130-996A-B57862DCBE07}.Release|x86.Build.0 = Release|Any CPU
		{04996155-33B8-4496-BE9E-FB8BCF8D79FF}.Ad-Hoc|Any CPU.ActiveCfg = Release|Any CPU
		{04996155-33B8-4496-BE9E-FB8BCF8D79FF}.Ad-Hoc|Any CPU.Build.0 = Release|Any CPU
		{04996155-33B8-4496-BE9E-FB8BCF8D79FF}.Ad-Hoc|ARM.ActiveCfg = Release|Any CPU
		{04996155-33B8-4496-BE9E-FB8BCF8D79FF}.Ad-Hoc|ARM.Build.0 = Release|Any CPU
		{04996155-33B8-4496-BE9E-FB8BCF8D79FF}.Ad-Hoc|iPhone.ActiveCfg = Release|Any CPU
		{04996155-33B8-4496-BE9E-FB8BCF8D79FF}.Ad-Hoc|iPhone.Build.0 = Release|Any CPU
		{04996155-33B8-4496-BE9E-FB8BCF8D79FF}.Ad-Hoc|iPhoneSimulator.ActiveCfg = Release|Any CPU
		{04996155-33B8-4496-BE9E-FB8BCF8D79FF}.Ad-Hoc|iPhoneSimulator.Build.0 = Release|Any CPU
		{04996155-33B8-4496-BE9E-FB8BCF8D79FF}.Ad-Hoc|x64.ActiveCfg = Release|Any CPU
		{04996155-33B8-4496-BE9E-FB8BCF8D79FF}.Ad-Hoc|x64.Build.0 = Release|Any CPU
		{04996155-33B8-4496-BE9E-FB8BCF8D79FF}.Ad-Hoc|x86.ActiveCfg = Release|Any CPU
		{04996155-33B8-4496-BE9E-FB8BCF8D79FF}.Ad-Hoc|x86.Build.0 = Release|Any CPU
		{04996155-33B8-4496-BE9E-FB8BCF8D79FF}.AppStore|Any CPU.ActiveCfg = Release|Any CPU
		{04996155-33B8-4496-BE9E-FB8BCF8D79FF}.AppStore|Any CPU.Build.0 = Release|Any CPU
		{04996155-33B8-4496-BE9E-FB8BCF8D79FF}.AppStore|ARM.ActiveCfg = Release|Any CPU
		{04996155-33B8-4496-BE9E-FB8BCF8D79FF}.AppStore|ARM.Build.0 = Release|Any CPU
		{04996155-33B8-4496-BE9E-FB8BCF8D79FF}.AppStore|iPhone.ActiveCfg = Release|Any CPU
		{04996155-33B8-4496-BE9E-FB8BCF8D79FF}.AppStore|iPhone.Build.0 = Release|Any CPU
		{04996155-33B8-4496-BE9E-FB8BCF8D79FF}.AppStore|iPhoneSimulator.ActiveCfg = Release|Any CPU
		{04996155-33B8-4496-BE9E-FB8BCF8D79FF}.AppStore|iPhoneSimulator.Build.0 = Release|Any CPU
		{04996155-33B8-4496-BE9E-FB8BCF8D79FF}.AppStore|x64.ActiveCfg = Release|Any CPU
		{04996155-33B8-4496-BE9E-FB8BCF8D79FF}.AppStore|x64.Build.0 = Release|Any CPU
		{04996155-33B8-4496-BE9E-FB8BCF8D79FF}.AppStore|x86.ActiveCfg = Release|Any CPU
		{04996155-33B8-4496-BE9E-FB8BCF8D79FF}.AppStore|x86.Build.0 = Release|Any CPU
		{04996155-33B8-4496-BE9E-FB8BCF8D79FF}.Debug|Any CPU.ActiveCfg = Debug|Any CPU
		{04996155-33B8-4496-BE9E-FB8BCF8D79FF}.Debug|Any CPU.Build.0 = Debug|Any CPU
		{04996155-33B8-4496-BE9E-FB8BCF8D79FF}.Debug|ARM.ActiveCfg = Debug|Any CPU
		{04996155-33B8-4496-BE9E-FB8BCF8D79FF}.Debug|ARM.Build.0 = Debug|Any CPU
		{04996155-33B8-4496-BE9E-FB8BCF8D79FF}.Debug|iPhone.ActiveCfg = Debug|Any CPU
		{04996155-33B8-4496-BE9E-FB8BCF8D79FF}.Debug|iPhone.Build.0 = Debug|Any CPU
		{04996155-33B8-4496-BE9E-FB8BCF8D79FF}.Debug|iPhoneSimulator.ActiveCfg = Debug|Any CPU
		{04996155-33B8-4496-BE9E-FB8BCF8D79FF}.Debug|iPhoneSimulator.Build.0 = Debug|Any CPU
		{04996155-33B8-4496-BE9E-FB8BCF8D79FF}.Debug|x64.ActiveCfg = Debug|Any CPU
		{04996155-33B8-4496-BE9E-FB8BCF8D79FF}.Debug|x64.Build.0 = Debug|Any CPU
		{04996155-33B8-4496-BE9E-FB8BCF8D79FF}.Debug|x86.ActiveCfg = Debug|Any CPU
		{04996155-33B8-4496-BE9E-FB8BCF8D79FF}.Debug|x86.Build.0 = Debug|Any CPU
		{04996155-33B8-4496-BE9E-FB8BCF8D79FF}.Release|Any CPU.ActiveCfg = Release|Any CPU
		{04996155-33B8-4496-BE9E-FB8BCF8D79FF}.Release|Any CPU.Build.0 = Release|Any CPU
		{04996155-33B8-4496-BE9E-FB8BCF8D79FF}.Release|ARM.ActiveCfg = Release|Any CPU
		{04996155-33B8-4496-BE9E-FB8BCF8D79FF}.Release|ARM.Build.0 = Release|Any CPU
		{04996155-33B8-4496-BE9E-FB8BCF8D79FF}.Release|iPhone.ActiveCfg = Release|Any CPU
		{04996155-33B8-4496-BE9E-FB8BCF8D79FF}.Release|iPhone.Build.0 = Release|Any CPU
		{04996155-33B8-4496-BE9E-FB8BCF8D79FF}.Release|iPhoneSimulator.ActiveCfg = Release|Any CPU
		{04996155-33B8-4496-BE9E-FB8BCF8D79FF}.Release|iPhoneSimulator.Build.0 = Release|Any CPU
		{04996155-33B8-4496-BE9E-FB8BCF8D79FF}.Release|x64.ActiveCfg = Release|Any CPU
		{04996155-33B8-4496-BE9E-FB8BCF8D79FF}.Release|x64.Build.0 = Release|Any CPU
		{04996155-33B8-4496-BE9E-FB8BCF8D79FF}.Release|x86.ActiveCfg = Release|Any CPU
		{04996155-33B8-4496-BE9E-FB8BCF8D79FF}.Release|x86.Build.0 = Release|Any CPU
		{54DB0CCB-5D2F-4B8A-A2D3-D04A06235733}.Ad-Hoc|Any CPU.ActiveCfg = Release|Any CPU
		{54DB0CCB-5D2F-4B8A-A2D3-D04A06235733}.Ad-Hoc|Any CPU.Build.0 = Release|Any CPU
		{54DB0CCB-5D2F-4B8A-A2D3-D04A06235733}.Ad-Hoc|ARM.ActiveCfg = Release|Any CPU
		{54DB0CCB-5D2F-4B8A-A2D3-D04A06235733}.Ad-Hoc|ARM.Build.0 = Release|Any CPU
		{54DB0CCB-5D2F-4B8A-A2D3-D04A06235733}.Ad-Hoc|iPhone.ActiveCfg = Release|Any CPU
		{54DB0CCB-5D2F-4B8A-A2D3-D04A06235733}.Ad-Hoc|iPhone.Build.0 = Release|Any CPU
		{54DB0CCB-5D2F-4B8A-A2D3-D04A06235733}.Ad-Hoc|iPhoneSimulator.ActiveCfg = Release|Any CPU
		{54DB0CCB-5D2F-4B8A-A2D3-D04A06235733}.Ad-Hoc|iPhoneSimulator.Build.0 = Release|Any CPU
		{54DB0CCB-5D2F-4B8A-A2D3-D04A06235733}.Ad-Hoc|x64.ActiveCfg = Release|Any CPU
		{54DB0CCB-5D2F-4B8A-A2D3-D04A06235733}.Ad-Hoc|x64.Build.0 = Release|Any CPU
		{54DB0CCB-5D2F-4B8A-A2D3-D04A06235733}.Ad-Hoc|x86.ActiveCfg = Release|Any CPU
		{54DB0CCB-5D2F-4B8A-A2D3-D04A06235733}.Ad-Hoc|x86.Build.0 = Release|Any CPU
		{54DB0CCB-5D2F-4B8A-A2D3-D04A06235733}.AppStore|Any CPU.ActiveCfg = Release|Any CPU
		{54DB0CCB-5D2F-4B8A-A2D3-D04A06235733}.AppStore|Any CPU.Build.0 = Release|Any CPU
		{54DB0CCB-5D2F-4B8A-A2D3-D04A06235733}.AppStore|ARM.ActiveCfg = Release|Any CPU
		{54DB0CCB-5D2F-4B8A-A2D3-D04A06235733}.AppStore|ARM.Build.0 = Release|Any CPU
		{54DB0CCB-5D2F-4B8A-A2D3-D04A06235733}.AppStore|iPhone.ActiveCfg = Release|Any CPU
		{54DB0CCB-5D2F-4B8A-A2D3-D04A06235733}.AppStore|iPhone.Build.0 = Release|Any CPU
		{54DB0CCB-5D2F-4B8A-A2D3-D04A06235733}.AppStore|iPhoneSimulator.ActiveCfg = Release|Any CPU
		{54DB0CCB-5D2F-4B8A-A2D3-D04A06235733}.AppStore|iPhoneSimulator.Build.0 = Release|Any CPU
		{54DB0CCB-5D2F-4B8A-A2D3-D04A06235733}.AppStore|x64.ActiveCfg = Release|Any CPU
		{54DB0CCB-5D2F-4B8A-A2D3-D04A06235733}.AppStore|x64.Build.0 = Release|Any CPU
		{54DB0CCB-5D2F-4B8A-A2D3-D04A06235733}.AppStore|x86.ActiveCfg = Release|Any CPU
		{54DB0CCB-5D2F-4B8A-A2D3-D04A06235733}.AppStore|x86.Build.0 = Release|Any CPU
		{54DB0CCB-5D2F-4B8A-A2D3-D04A06235733}.Debug|Any CPU.ActiveCfg = Debug|Any CPU
		{54DB0CCB-5D2F-4B8A-A2D3-D04A06235733}.Debug|Any CPU.Build.0 = Debug|Any CPU
		{54DB0CCB-5D2F-4B8A-A2D3-D04A06235733}.Debug|ARM.ActiveCfg = Debug|Any CPU
		{54DB0CCB-5D2F-4B8A-A2D3-D04A06235733}.Debug|ARM.Build.0 = Debug|Any CPU
		{54DB0CCB-5D2F-4B8A-A2D3-D04A06235733}.Debug|iPhone.ActiveCfg = Debug|Any CPU
		{54DB0CCB-5D2F-4B8A-A2D3-D04A06235733}.Debug|iPhone.Build.0 = Debug|Any CPU
		{54DB0CCB-5D2F-4B8A-A2D3-D04A06235733}.Debug|iPhoneSimulator.ActiveCfg = Debug|Any CPU
		{54DB0CCB-5D2F-4B8A-A2D3-D04A06235733}.Debug|iPhoneSimulator.Build.0 = Debug|Any CPU
		{54DB0CCB-5D2F-4B8A-A2D3-D04A06235733}.Debug|x64.ActiveCfg = Debug|Any CPU
		{54DB0CCB-5D2F-4B8A-A2D3-D04A06235733}.Debug|x64.Build.0 = Debug|Any CPU
		{54DB0CCB-5D2F-4B8A-A2D3-D04A06235733}.Debug|x86.ActiveCfg = Debug|Any CPU
		{54DB0CCB-5D2F-4B8A-A2D3-D04A06235733}.Debug|x86.Build.0 = Debug|Any CPU
		{54DB0CCB-5D2F-4B8A-A2D3-D04A06235733}.Release|Any CPU.ActiveCfg = Release|Any CPU
		{54DB0CCB-5D2F-4B8A-A2D3-D04A06235733}.Release|Any CPU.Build.0 = Release|Any CPU
		{54DB0CCB-5D2F-4B8A-A2D3-D04A06235733}.Release|ARM.ActiveCfg = Release|Any CPU
		{54DB0CCB-5D2F-4B8A-A2D3-D04A06235733}.Release|ARM.Build.0 = Release|Any CPU
		{54DB0CCB-5D2F-4B8A-A2D3-D04A06235733}.Release|iPhone.ActiveCfg = Release|Any CPU
		{54DB0CCB-5D2F-4B8A-A2D3-D04A06235733}.Release|iPhone.Build.0 = Release|Any CPU
		{54DB0CCB-5D2F-4B8A-A2D3-D04A06235733}.Release|iPhoneSimulator.ActiveCfg = Release|Any CPU
		{54DB0CCB-5D2F-4B8A-A2D3-D04A06235733}.Release|iPhoneSimulator.Build.0 = Release|Any CPU
		{54DB0CCB-5D2F-4B8A-A2D3-D04A06235733}.Release|x64.ActiveCfg = Release|Any CPU
		{54DB0CCB-5D2F-4B8A-A2D3-D04A06235733}.Release|x64.Build.0 = Release|Any CPU
		{54DB0CCB-5D2F-4B8A-A2D3-D04A06235733}.Release|x86.ActiveCfg = Release|Any CPU
		{54DB0CCB-5D2F-4B8A-A2D3-D04A06235733}.Release|x86.Build.0 = Release|Any CPU
		{35674F8D-C3D5-43D7-8E74-DCC523483467}.Ad-Hoc|Any CPU.ActiveCfg = Release|Any CPU
		{35674F8D-C3D5-43D7-8E74-DCC523483467}.Ad-Hoc|Any CPU.Build.0 = Release|Any CPU
		{35674F8D-C3D5-43D7-8E74-DCC523483467}.Ad-Hoc|ARM.ActiveCfg = Release|Any CPU
		{35674F8D-C3D5-43D7-8E74-DCC523483467}.Ad-Hoc|ARM.Build.0 = Release|Any CPU
		{35674F8D-C3D5-43D7-8E74-DCC523483467}.Ad-Hoc|iPhone.ActiveCfg = Release|Any CPU
		{35674F8D-C3D5-43D7-8E74-DCC523483467}.Ad-Hoc|iPhone.Build.0 = Release|Any CPU
		{35674F8D-C3D5-43D7-8E74-DCC523483467}.Ad-Hoc|iPhoneSimulator.ActiveCfg = Release|Any CPU
		{35674F8D-C3D5-43D7-8E74-DCC523483467}.Ad-Hoc|iPhoneSimulator.Build.0 = Release|Any CPU
		{35674F8D-C3D5-43D7-8E74-DCC523483467}.Ad-Hoc|x64.ActiveCfg = Release|Any CPU
		{35674F8D-C3D5-43D7-8E74-DCC523483467}.Ad-Hoc|x64.Build.0 = Release|Any CPU
		{35674F8D-C3D5-43D7-8E74-DCC523483467}.Ad-Hoc|x86.ActiveCfg = Release|Any CPU
		{35674F8D-C3D5-43D7-8E74-DCC523483467}.Ad-Hoc|x86.Build.0 = Release|Any CPU
		{35674F8D-C3D5-43D7-8E74-DCC523483467}.AppStore|Any CPU.ActiveCfg = Release|Any CPU
		{35674F8D-C3D5-43D7-8E74-DCC523483467}.AppStore|Any CPU.Build.0 = Release|Any CPU
		{35674F8D-C3D5-43D7-8E74-DCC523483467}.AppStore|ARM.ActiveCfg = Release|Any CPU
		{35674F8D-C3D5-43D7-8E74-DCC523483467}.AppStore|ARM.Build.0 = Release|Any CPU
		{35674F8D-C3D5-43D7-8E74-DCC523483467}.AppStore|iPhone.ActiveCfg = Release|Any CPU
		{35674F8D-C3D5-43D7-8E74-DCC523483467}.AppStore|iPhone.Build.0 = Release|Any CPU
		{35674F8D-C3D5-43D7-8E74-DCC523483467}.AppStore|iPhoneSimulator.ActiveCfg = Release|Any CPU
		{35674F8D-C3D5-43D7-8E74-DCC523483467}.AppStore|iPhoneSimulator.Build.0 = Release|Any CPU
		{35674F8D-C3D5-43D7-8E74-DCC523483467}.AppStore|x64.ActiveCfg = Release|Any CPU
		{35674F8D-C3D5-43D7-8E74-DCC523483467}.AppStore|x64.Build.0 = Release|Any CPU
		{35674F8D-C3D5-43D7-8E74-DCC523483467}.AppStore|x86.ActiveCfg = Release|Any CPU
		{35674F8D-C3D5-43D7-8E74-DCC523483467}.AppStore|x86.Build.0 = Release|Any CPU
		{35674F8D-C3D5-43D7-8E74-DCC523483467}.Debug|Any CPU.ActiveCfg = Debug|Any CPU
		{35674F8D-C3D5-43D7-8E74-DCC523483467}.Debug|Any CPU.Build.0 = Debug|Any CPU
		{35674F8D-C3D5-43D7-8E74-DCC523483467}.Debug|ARM.ActiveCfg = Debug|Any CPU
		{35674F8D-C3D5-43D7-8E74-DCC523483467}.Debug|ARM.Build.0 = Debug|Any CPU
		{35674F8D-C3D5-43D7-8E74-DCC523483467}.Debug|iPhone.ActiveCfg = Debug|Any CPU
		{35674F8D-C3D5-43D7-8E74-DCC523483467}.Debug|iPhone.Build.0 = Debug|Any CPU
		{35674F8D-C3D5-43D7-8E74-DCC523483467}.Debug|iPhoneSimulator.ActiveCfg = Debug|Any CPU
		{35674F8D-C3D5-43D7-8E74-DCC523483467}.Debug|iPhoneSimulator.Build.0 = Debug|Any CPU
		{35674F8D-C3D5-43D7-8E74-DCC523483467}.Debug|x64.ActiveCfg = Debug|Any CPU
		{35674F8D-C3D5-43D7-8E74-DCC523483467}.Debug|x64.Build.0 = Debug|Any CPU
		{35674F8D-C3D5-43D7-8E74-DCC523483467}.Debug|x86.ActiveCfg = Debug|Any CPU
		{35674F8D-C3D5-43D7-8E74-DCC523483467}.Debug|x86.Build.0 = Debug|Any CPU
		{35674F8D-C3D5-43D7-8E74-DCC523483467}.Release|Any CPU.ActiveCfg = Release|Any CPU
		{35674F8D-C3D5-43D7-8E74-DCC523483467}.Release|Any CPU.Build.0 = Release|Any CPU
		{35674F8D-C3D5-43D7-8E74-DCC523483467}.Release|ARM.ActiveCfg = Release|Any CPU
		{35674F8D-C3D5-43D7-8E74-DCC523483467}.Release|ARM.Build.0 = Release|Any CPU
		{35674F8D-C3D5-43D7-8E74-DCC523483467}.Release|iPhone.ActiveCfg = Release|Any CPU
		{35674F8D-C3D5-43D7-8E74-DCC523483467}.Release|iPhone.Build.0 = Release|Any CPU
		{35674F8D-C3D5-43D7-8E74-DCC523483467}.Release|iPhoneSimulator.ActiveCfg = Release|Any CPU
		{35674F8D-C3D5-43D7-8E74-DCC523483467}.Release|iPhoneSimulator.Build.0 = Release|Any CPU
		{35674F8D-C3D5-43D7-8E74-DCC523483467}.Release|x64.ActiveCfg = Release|Any CPU
		{35674F8D-C3D5-43D7-8E74-DCC523483467}.Release|x64.Build.0 = Release|Any CPU
		{35674F8D-C3D5-43D7-8E74-DCC523483467}.Release|x86.ActiveCfg = Release|Any CPU
		{35674F8D-C3D5-43D7-8E74-DCC523483467}.Release|x86.Build.0 = Release|Any CPU
		{7026A575-41A9-43FD-B4CE-73FDD1A81B1E}.Ad-Hoc|Any CPU.ActiveCfg = Release|Any CPU
		{7026A575-41A9-43FD-B4CE-73FDD1A81B1E}.Ad-Hoc|Any CPU.Build.0 = Release|Any CPU
		{7026A575-41A9-43FD-B4CE-73FDD1A81B1E}.Ad-Hoc|ARM.ActiveCfg = Release|Any CPU
		{7026A575-41A9-43FD-B4CE-73FDD1A81B1E}.Ad-Hoc|ARM.Build.0 = Release|Any CPU
		{7026A575-41A9-43FD-B4CE-73FDD1A81B1E}.Ad-Hoc|iPhone.ActiveCfg = Release|Any CPU
		{7026A575-41A9-43FD-B4CE-73FDD1A81B1E}.Ad-Hoc|iPhone.Build.0 = Release|Any CPU
		{7026A575-41A9-43FD-B4CE-73FDD1A81B1E}.Ad-Hoc|iPhoneSimulator.ActiveCfg = Release|Any CPU
		{7026A575-41A9-43FD-B4CE-73FDD1A81B1E}.Ad-Hoc|iPhoneSimulator.Build.0 = Release|Any CPU
		{7026A575-41A9-43FD-B4CE-73FDD1A81B1E}.Ad-Hoc|x64.ActiveCfg = Release|Any CPU
		{7026A575-41A9-43FD-B4CE-73FDD1A81B1E}.Ad-Hoc|x64.Build.0 = Release|Any CPU
		{7026A575-41A9-43FD-B4CE-73FDD1A81B1E}.Ad-Hoc|x86.ActiveCfg = Release|Any CPU
		{7026A575-41A9-43FD-B4CE-73FDD1A81B1E}.Ad-Hoc|x86.Build.0 = Release|Any CPU
		{7026A575-41A9-43FD-B4CE-73FDD1A81B1E}.AppStore|Any CPU.ActiveCfg = Release|Any CPU
		{7026A575-41A9-43FD-B4CE-73FDD1A81B1E}.AppStore|Any CPU.Build.0 = Release|Any CPU
		{7026A575-41A9-43FD-B4CE-73FDD1A81B1E}.AppStore|ARM.ActiveCfg = Release|Any CPU
		{7026A575-41A9-43FD-B4CE-73FDD1A81B1E}.AppStore|ARM.Build.0 = Release|Any CPU
		{7026A575-41A9-43FD-B4CE-73FDD1A81B1E}.AppStore|iPhone.ActiveCfg = Release|Any CPU
		{7026A575-41A9-43FD-B4CE-73FDD1A81B1E}.AppStore|iPhone.Build.0 = Release|Any CPU
		{7026A575-41A9-43FD-B4CE-73FDD1A81B1E}.AppStore|iPhoneSimulator.ActiveCfg = Release|Any CPU
		{7026A575-41A9-43FD-B4CE-73FDD1A81B1E}.AppStore|iPhoneSimulator.Build.0 = Release|Any CPU
		{7026A575-41A9-43FD-B4CE-73FDD1A81B1E}.AppStore|x64.ActiveCfg = Release|Any CPU
		{7026A575-41A9-43FD-B4CE-73FDD1A81B1E}.AppStore|x64.Build.0 = Release|Any CPU
		{7026A575-41A9-43FD-B4CE-73FDD1A81B1E}.AppStore|x86.ActiveCfg = Release|Any CPU
		{7026A575-41A9-43FD-B4CE-73FDD1A81B1E}.AppStore|x86.Build.0 = Release|Any CPU
		{7026A575-41A9-43FD-B4CE-73FDD1A81B1E}.Debug|Any CPU.ActiveCfg = Debug|Any CPU
		{7026A575-41A9-43FD-B4CE-73FDD1A81B1E}.Debug|Any CPU.Build.0 = Debug|Any CPU
		{7026A575-41A9-43FD-B4CE-73FDD1A81B1E}.Debug|ARM.ActiveCfg = Debug|Any CPU
		{7026A575-41A9-43FD-B4CE-73FDD1A81B1E}.Debug|ARM.Build.0 = Debug|Any CPU
		{7026A575-41A9-43FD-B4CE-73FDD1A81B1E}.Debug|iPhone.ActiveCfg = Debug|Any CPU
		{7026A575-41A9-43FD-B4CE-73FDD1A81B1E}.Debug|iPhone.Build.0 = Debug|Any CPU
		{7026A575-41A9-43FD-B4CE-73FDD1A81B1E}.Debug|iPhoneSimulator.ActiveCfg = Debug|Any CPU
		{7026A575-41A9-43FD-B4CE-73FDD1A81B1E}.Debug|iPhoneSimulator.Build.0 = Debug|Any CPU
		{7026A575-41A9-43FD-B4CE-73FDD1A81B1E}.Debug|x64.ActiveCfg = Debug|Any CPU
		{7026A575-41A9-43FD-B4CE-73FDD1A81B1E}.Debug|x64.Build.0 = Debug|Any CPU
		{7026A575-41A9-43FD-B4CE-73FDD1A81B1E}.Debug|x86.ActiveCfg = Debug|Any CPU
		{7026A575-41A9-43FD-B4CE-73FDD1A81B1E}.Debug|x86.Build.0 = Debug|Any CPU
		{7026A575-41A9-43FD-B4CE-73FDD1A81B1E}.Release|Any CPU.ActiveCfg = Release|Any CPU
		{7026A575-41A9-43FD-B4CE-73FDD1A81B1E}.Release|Any CPU.Build.0 = Release|Any CPU
		{7026A575-41A9-43FD-B4CE-73FDD1A81B1E}.Release|ARM.ActiveCfg = Release|Any CPU
		{7026A575-41A9-43FD-B4CE-73FDD1A81B1E}.Release|ARM.Build.0 = Release|Any CPU
		{7026A575-41A9-43FD-B4CE-73FDD1A81B1E}.Release|iPhone.ActiveCfg = Release|Any CPU
		{7026A575-41A9-43FD-B4CE-73FDD1A81B1E}.Release|iPhone.Build.0 = Release|Any CPU
		{7026A575-41A9-43FD-B4CE-73FDD1A81B1E}.Release|iPhoneSimulator.ActiveCfg = Release|Any CPU
		{7026A575-41A9-43FD-B4CE-73FDD1A81B1E}.Release|iPhoneSimulator.Build.0 = Release|Any CPU
		{7026A575-41A9-43FD-B4CE-73FDD1A81B1E}.Release|x64.ActiveCfg = Release|Any CPU
		{7026A575-41A9-43FD-B4CE-73FDD1A81B1E}.Release|x64.Build.0 = Release|Any CPU
		{7026A575-41A9-43FD-B4CE-73FDD1A81B1E}.Release|x86.ActiveCfg = Release|Any CPU
		{7026A575-41A9-43FD-B4CE-73FDD1A81B1E}.Release|x86.Build.0 = Release|Any CPU
		{F732DD02-1D6F-42BC-BA2B-D5A3B61261FA}.Ad-Hoc|Any CPU.ActiveCfg = Release|Any CPU
		{F732DD02-1D6F-42BC-BA2B-D5A3B61261FA}.Ad-Hoc|Any CPU.Build.0 = Release|Any CPU
		{F732DD02-1D6F-42BC-BA2B-D5A3B61261FA}.Ad-Hoc|ARM.ActiveCfg = Release|Any CPU
		{F732DD02-1D6F-42BC-BA2B-D5A3B61261FA}.Ad-Hoc|ARM.Build.0 = Release|Any CPU
		{F732DD02-1D6F-42BC-BA2B-D5A3B61261FA}.Ad-Hoc|iPhone.ActiveCfg = Release|Any CPU
		{F732DD02-1D6F-42BC-BA2B-D5A3B61261FA}.Ad-Hoc|iPhone.Build.0 = Release|Any CPU
		{F732DD02-1D6F-42BC-BA2B-D5A3B61261FA}.Ad-Hoc|iPhoneSimulator.ActiveCfg = Release|Any CPU
		{F732DD02-1D6F-42BC-BA2B-D5A3B61261FA}.Ad-Hoc|iPhoneSimulator.Build.0 = Release|Any CPU
		{F732DD02-1D6F-42BC-BA2B-D5A3B61261FA}.Ad-Hoc|x64.ActiveCfg = Release|Any CPU
		{F732DD02-1D6F-42BC-BA2B-D5A3B61261FA}.Ad-Hoc|x64.Build.0 = Release|Any CPU
		{F732DD02-1D6F-42BC-BA2B-D5A3B61261FA}.Ad-Hoc|x86.ActiveCfg = Release|Any CPU
		{F732DD02-1D6F-42BC-BA2B-D5A3B61261FA}.Ad-Hoc|x86.Build.0 = Release|Any CPU
		{F732DD02-1D6F-42BC-BA2B-D5A3B61261FA}.AppStore|Any CPU.ActiveCfg = Release|Any CPU
		{F732DD02-1D6F-42BC-BA2B-D5A3B61261FA}.AppStore|Any CPU.Build.0 = Release|Any CPU
		{F732DD02-1D6F-42BC-BA2B-D5A3B61261FA}.AppStore|ARM.ActiveCfg = Release|Any CPU
		{F732DD02-1D6F-42BC-BA2B-D5A3B61261FA}.AppStore|ARM.Build.0 = Release|Any CPU
		{F732DD02-1D6F-42BC-BA2B-D5A3B61261FA}.AppStore|iPhone.ActiveCfg = Release|Any CPU
		{F732DD02-1D6F-42BC-BA2B-D5A3B61261FA}.AppStore|iPhone.Build.0 = Release|Any CPU
		{F732DD02-1D6F-42BC-BA2B-D5A3B61261FA}.AppStore|iPhoneSimulator.ActiveCfg = Release|Any CPU
		{F732DD02-1D6F-42BC-BA2B-D5A3B61261FA}.AppStore|iPhoneSimulator.Build.0 = Release|Any CPU
		{F732DD02-1D6F-42BC-BA2B-D5A3B61261FA}.AppStore|x64.ActiveCfg = Release|Any CPU
		{F732DD02-1D6F-42BC-BA2B-D5A3B61261FA}.AppStore|x64.Build.0 = Release|Any CPU
		{F732DD02-1D6F-42BC-BA2B-D5A3B61261FA}.AppStore|x86.ActiveCfg = Release|Any CPU
		{F732DD02-1D6F-42BC-BA2B-D5A3B61261FA}.AppStore|x86.Build.0 = Release|Any CPU
		{F732DD02-1D6F-42BC-BA2B-D5A3B61261FA}.Debug|Any CPU.ActiveCfg = Debug|Any CPU
		{F732DD02-1D6F-42BC-BA2B-D5A3B61261FA}.Debug|Any CPU.Build.0 = Debug|Any CPU
		{F732DD02-1D6F-42BC-BA2B-D5A3B61261FA}.Debug|ARM.ActiveCfg = Debug|Any CPU
		{F732DD02-1D6F-42BC-BA2B-D5A3B61261FA}.Debug|ARM.Build.0 = Debug|Any CPU
		{F732DD02-1D6F-42BC-BA2B-D5A3B61261FA}.Debug|iPhone.ActiveCfg = Debug|Any CPU
		{F732DD02-1D6F-42BC-BA2B-D5A3B61261FA}.Debug|iPhone.Build.0 = Debug|Any CPU
		{F732DD02-1D6F-42BC-BA2B-D5A3B61261FA}.Debug|iPhoneSimulator.ActiveCfg = Debug|Any CPU
		{F732DD02-1D6F-42BC-BA2B-D5A3B61261FA}.Debug|iPhoneSimulator.Build.0 = Debug|Any CPU
		{F732DD02-1D6F-42BC-BA2B-D5A3B61261FA}.Debug|x64.ActiveCfg = Debug|Any CPU
		{F732DD02-1D6F-42BC-BA2B-D5A3B61261FA}.Debug|x64.Build.0 = Debug|Any CPU
		{F732DD02-1D6F-42BC-BA2B-D5A3B61261FA}.Debug|x86.ActiveCfg = Debug|Any CPU
		{F732DD02-1D6F-42BC-BA2B-D5A3B61261FA}.Debug|x86.Build.0 = Debug|Any CPU
		{F732DD02-1D6F-42BC-BA2B-D5A3B61261FA}.Release|Any CPU.ActiveCfg = Release|Any CPU
		{F732DD02-1D6F-42BC-BA2B-D5A3B61261FA}.Release|Any CPU.Build.0 = Release|Any CPU
		{F732DD02-1D6F-42BC-BA2B-D5A3B61261FA}.Release|ARM.ActiveCfg = Release|Any CPU
		{F732DD02-1D6F-42BC-BA2B-D5A3B61261FA}.Release|ARM.Build.0 = Release|Any CPU
		{F732DD02-1D6F-42BC-BA2B-D5A3B61261FA}.Release|iPhone.ActiveCfg = Release|Any CPU
		{F732DD02-1D6F-42BC-BA2B-D5A3B61261FA}.Release|iPhone.Build.0 = Release|Any CPU
		{F732DD02-1D6F-42BC-BA2B-D5A3B61261FA}.Release|iPhoneSimulator.ActiveCfg = Release|Any CPU
		{F732DD02-1D6F-42BC-BA2B-D5A3B61261FA}.Release|iPhoneSimulator.Build.0 = Release|Any CPU
		{F732DD02-1D6F-42BC-BA2B-D5A3B61261FA}.Release|x64.ActiveCfg = Release|Any CPU
		{F732DD02-1D6F-42BC-BA2B-D5A3B61261FA}.Release|x64.Build.0 = Release|Any CPU
		{F732DD02-1D6F-42BC-BA2B-D5A3B61261FA}.Release|x86.ActiveCfg = Release|Any CPU
		{F732DD02-1D6F-42BC-BA2B-D5A3B61261FA}.Release|x86.Build.0 = Release|Any CPU
		{145990AF-58E6-49F8-AB7D-A170B77F3643}.Ad-Hoc|Any CPU.ActiveCfg = Release|Any CPU
		{145990AF-58E6-49F8-AB7D-A170B77F3643}.Ad-Hoc|Any CPU.Build.0 = Release|Any CPU
		{145990AF-58E6-49F8-AB7D-A170B77F3643}.Ad-Hoc|ARM.ActiveCfg = Release|Any CPU
		{145990AF-58E6-49F8-AB7D-A170B77F3643}.Ad-Hoc|ARM.Build.0 = Release|Any CPU
		{145990AF-58E6-49F8-AB7D-A170B77F3643}.Ad-Hoc|iPhone.ActiveCfg = Release|Any CPU
		{145990AF-58E6-49F8-AB7D-A170B77F3643}.Ad-Hoc|iPhone.Build.0 = Release|Any CPU
		{145990AF-58E6-49F8-AB7D-A170B77F3643}.Ad-Hoc|iPhoneSimulator.ActiveCfg = Release|Any CPU
		{145990AF-58E6-49F8-AB7D-A170B77F3643}.Ad-Hoc|iPhoneSimulator.Build.0 = Release|Any CPU
		{145990AF-58E6-49F8-AB7D-A170B77F3643}.Ad-Hoc|x64.ActiveCfg = Release|Any CPU
		{145990AF-58E6-49F8-AB7D-A170B77F3643}.Ad-Hoc|x64.Build.0 = Release|Any CPU
		{145990AF-58E6-49F8-AB7D-A170B77F3643}.Ad-Hoc|x86.ActiveCfg = Release|Any CPU
		{145990AF-58E6-49F8-AB7D-A170B77F3643}.Ad-Hoc|x86.Build.0 = Release|Any CPU
		{145990AF-58E6-49F8-AB7D-A170B77F3643}.AppStore|Any CPU.ActiveCfg = Release|Any CPU
		{145990AF-58E6-49F8-AB7D-A170B77F3643}.AppStore|Any CPU.Build.0 = Release|Any CPU
		{145990AF-58E6-49F8-AB7D-A170B77F3643}.AppStore|ARM.ActiveCfg = Release|Any CPU
		{145990AF-58E6-49F8-AB7D-A170B77F3643}.AppStore|ARM.Build.0 = Release|Any CPU
		{145990AF-58E6-49F8-AB7D-A170B77F3643}.AppStore|iPhone.ActiveCfg = Release|Any CPU
		{145990AF-58E6-49F8-AB7D-A170B77F3643}.AppStore|iPhone.Build.0 = Release|Any CPU
		{145990AF-58E6-49F8-AB7D-A170B77F3643}.AppStore|iPhoneSimulator.ActiveCfg = Release|Any CPU
		{145990AF-58E6-49F8-AB7D-A170B77F3643}.AppStore|iPhoneSimulator.Build.0 = Release|Any CPU
		{145990AF-58E6-49F8-AB7D-A170B77F3643}.AppStore|x64.ActiveCfg = Release|Any CPU
		{145990AF-58E6-49F8-AB7D-A170B77F3643}.AppStore|x64.Build.0 = Release|Any CPU
		{145990AF-58E6-49F8-AB7D-A170B77F3643}.AppStore|x86.ActiveCfg = Release|Any CPU
		{145990AF-58E6-49F8-AB7D-A170B77F3643}.AppStore|x86.Build.0 = Release|Any CPU
		{145990AF-58E6-49F8-AB7D-A170B77F3643}.Debug|Any CPU.ActiveCfg = Debug|Any CPU
		{145990AF-58E6-49F8-AB7D-A170B77F3643}.Debug|Any CPU.Build.0 = Debug|Any CPU
		{145990AF-58E6-49F8-AB7D-A170B77F3643}.Debug|ARM.ActiveCfg = Debug|Any CPU
		{145990AF-58E6-49F8-AB7D-A170B77F3643}.Debug|ARM.Build.0 = Debug|Any CPU
		{145990AF-58E6-49F8-AB7D-A170B77F3643}.Debug|iPhone.ActiveCfg = Debug|Any CPU
		{145990AF-58E6-49F8-AB7D-A170B77F3643}.Debug|iPhone.Build.0 = Debug|Any CPU
		{145990AF-58E6-49F8-AB7D-A170B77F3643}.Debug|iPhoneSimulator.ActiveCfg = Debug|Any CPU
		{145990AF-58E6-49F8-AB7D-A170B77F3643}.Debug|iPhoneSimulator.Build.0 = Debug|Any CPU
		{145990AF-58E6-49F8-AB7D-A170B77F3643}.Debug|x64.ActiveCfg = Debug|Any CPU
		{145990AF-58E6-49F8-AB7D-A170B77F3643}.Debug|x64.Build.0 = Debug|Any CPU
		{145990AF-58E6-49F8-AB7D-A170B77F3643}.Debug|x86.ActiveCfg = Debug|Any CPU
		{145990AF-58E6-49F8-AB7D-A170B77F3643}.Debug|x86.Build.0 = Debug|Any CPU
		{145990AF-58E6-49F8-AB7D-A170B77F3643}.Release|Any CPU.ActiveCfg = Release|Any CPU
		{145990AF-58E6-49F8-AB7D-A170B77F3643}.Release|Any CPU.Build.0 = Release|Any CPU
		{145990AF-58E6-49F8-AB7D-A170B77F3643}.Release|ARM.ActiveCfg = Release|Any CPU
		{145990AF-58E6-49F8-AB7D-A170B77F3643}.Release|ARM.Build.0 = Release|Any CPU
		{145990AF-58E6-49F8-AB7D-A170B77F3643}.Release|iPhone.ActiveCfg = Release|Any CPU
		{145990AF-58E6-49F8-AB7D-A170B77F3643}.Release|iPhone.Build.0 = Release|Any CPU
		{145990AF-58E6-49F8-AB7D-A170B77F3643}.Release|iPhoneSimulator.ActiveCfg = Release|Any CPU
		{145990AF-58E6-49F8-AB7D-A170B77F3643}.Release|iPhoneSimulator.Build.0 = Release|Any CPU
		{145990AF-58E6-49F8-AB7D-A170B77F3643}.Release|x64.ActiveCfg = Release|Any CPU
		{145990AF-58E6-49F8-AB7D-A170B77F3643}.Release|x64.Build.0 = Release|Any CPU
		{145990AF-58E6-49F8-AB7D-A170B77F3643}.Release|x86.ActiveCfg = Release|Any CPU
		{145990AF-58E6-49F8-AB7D-A170B77F3643}.Release|x86.Build.0 = Release|Any CPU
		{49FD772D-B804-4298-BB78-F6A777DC4036}.Ad-Hoc|Any CPU.ActiveCfg = Release|Any CPU
		{49FD772D-B804-4298-BB78-F6A777DC4036}.Ad-Hoc|Any CPU.Build.0 = Release|Any CPU
		{49FD772D-B804-4298-BB78-F6A777DC4036}.Ad-Hoc|Any CPU.Deploy.0 = Release|Any CPU
		{49FD772D-B804-4298-BB78-F6A777DC4036}.Ad-Hoc|ARM.ActiveCfg = Release|Any CPU
		{49FD772D-B804-4298-BB78-F6A777DC4036}.Ad-Hoc|ARM.Build.0 = Release|Any CPU
		{49FD772D-B804-4298-BB78-F6A777DC4036}.Ad-Hoc|ARM.Deploy.0 = Release|Any CPU
		{49FD772D-B804-4298-BB78-F6A777DC4036}.Ad-Hoc|iPhone.ActiveCfg = Release|Any CPU
		{49FD772D-B804-4298-BB78-F6A777DC4036}.Ad-Hoc|iPhone.Build.0 = Release|Any CPU
		{49FD772D-B804-4298-BB78-F6A777DC4036}.Ad-Hoc|iPhone.Deploy.0 = Release|Any CPU
		{49FD772D-B804-4298-BB78-F6A777DC4036}.Ad-Hoc|iPhoneSimulator.ActiveCfg = Release|Any CPU
		{49FD772D-B804-4298-BB78-F6A777DC4036}.Ad-Hoc|iPhoneSimulator.Build.0 = Release|Any CPU
		{49FD772D-B804-4298-BB78-F6A777DC4036}.Ad-Hoc|iPhoneSimulator.Deploy.0 = Release|Any CPU
		{49FD772D-B804-4298-BB78-F6A777DC4036}.Ad-Hoc|x64.ActiveCfg = Release|Any CPU
		{49FD772D-B804-4298-BB78-F6A777DC4036}.Ad-Hoc|x64.Build.0 = Release|Any CPU
		{49FD772D-B804-4298-BB78-F6A777DC4036}.Ad-Hoc|x64.Deploy.0 = Release|Any CPU
		{49FD772D-B804-4298-BB78-F6A777DC4036}.Ad-Hoc|x86.ActiveCfg = Release|Any CPU
		{49FD772D-B804-4298-BB78-F6A777DC4036}.Ad-Hoc|x86.Build.0 = Release|Any CPU
		{49FD772D-B804-4298-BB78-F6A777DC4036}.Ad-Hoc|x86.Deploy.0 = Release|Any CPU
		{49FD772D-B804-4298-BB78-F6A777DC4036}.AppStore|Any CPU.ActiveCfg = Release|Any CPU
		{49FD772D-B804-4298-BB78-F6A777DC4036}.AppStore|Any CPU.Build.0 = Release|Any CPU
		{49FD772D-B804-4298-BB78-F6A777DC4036}.AppStore|Any CPU.Deploy.0 = Release|Any CPU
		{49FD772D-B804-4298-BB78-F6A777DC4036}.AppStore|ARM.ActiveCfg = Release|Any CPU
		{49FD772D-B804-4298-BB78-F6A777DC4036}.AppStore|ARM.Build.0 = Release|Any CPU
		{49FD772D-B804-4298-BB78-F6A777DC4036}.AppStore|ARM.Deploy.0 = Release|Any CPU
		{49FD772D-B804-4298-BB78-F6A777DC4036}.AppStore|iPhone.ActiveCfg = Release|Any CPU
		{49FD772D-B804-4298-BB78-F6A777DC4036}.AppStore|iPhone.Build.0 = Release|Any CPU
		{49FD772D-B804-4298-BB78-F6A777DC4036}.AppStore|iPhone.Deploy.0 = Release|Any CPU
		{49FD772D-B804-4298-BB78-F6A777DC4036}.AppStore|iPhoneSimulator.ActiveCfg = Release|Any CPU
		{49FD772D-B804-4298-BB78-F6A777DC4036}.AppStore|iPhoneSimulator.Build.0 = Release|Any CPU
		{49FD772D-B804-4298-BB78-F6A777DC4036}.AppStore|iPhoneSimulator.Deploy.0 = Release|Any CPU
		{49FD772D-B804-4298-BB78-F6A777DC4036}.AppStore|x64.ActiveCfg = Release|Any CPU
		{49FD772D-B804-4298-BB78-F6A777DC4036}.AppStore|x64.Build.0 = Release|Any CPU
		{49FD772D-B804-4298-BB78-F6A777DC4036}.AppStore|x64.Deploy.0 = Release|Any CPU
		{49FD772D-B804-4298-BB78-F6A777DC4036}.AppStore|x86.ActiveCfg = Release|Any CPU
		{49FD772D-B804-4298-BB78-F6A777DC4036}.AppStore|x86.Build.0 = Release|Any CPU
		{49FD772D-B804-4298-BB78-F6A777DC4036}.AppStore|x86.Deploy.0 = Release|Any CPU
		{49FD772D-B804-4298-BB78-F6A777DC4036}.Debug|Any CPU.ActiveCfg = Debug|Any CPU
		{49FD772D-B804-4298-BB78-F6A777DC4036}.Debug|Any CPU.Build.0 = Debug|Any CPU
		{49FD772D-B804-4298-BB78-F6A777DC4036}.Debug|Any CPU.Deploy.0 = Debug|Any CPU
		{49FD772D-B804-4298-BB78-F6A777DC4036}.Debug|ARM.ActiveCfg = Debug|Any CPU
		{49FD772D-B804-4298-BB78-F6A777DC4036}.Debug|ARM.Build.0 = Debug|Any CPU
		{49FD772D-B804-4298-BB78-F6A777DC4036}.Debug|ARM.Deploy.0 = Debug|Any CPU
		{49FD772D-B804-4298-BB78-F6A777DC4036}.Debug|iPhone.ActiveCfg = Debug|Any CPU
		{49FD772D-B804-4298-BB78-F6A777DC4036}.Debug|iPhone.Build.0 = Debug|Any CPU
		{49FD772D-B804-4298-BB78-F6A777DC4036}.Debug|iPhone.Deploy.0 = Debug|Any CPU
		{49FD772D-B804-4298-BB78-F6A777DC4036}.Debug|iPhoneSimulator.ActiveCfg = Debug|Any CPU
		{49FD772D-B804-4298-BB78-F6A777DC4036}.Debug|iPhoneSimulator.Build.0 = Debug|Any CPU
		{49FD772D-B804-4298-BB78-F6A777DC4036}.Debug|iPhoneSimulator.Deploy.0 = Debug|Any CPU
		{49FD772D-B804-4298-BB78-F6A777DC4036}.Debug|x64.ActiveCfg = Debug|Any CPU
		{49FD772D-B804-4298-BB78-F6A777DC4036}.Debug|x64.Build.0 = Debug|Any CPU
		{49FD772D-B804-4298-BB78-F6A777DC4036}.Debug|x64.Deploy.0 = Debug|Any CPU
		{49FD772D-B804-4298-BB78-F6A777DC4036}.Debug|x86.ActiveCfg = Debug|Any CPU
		{49FD772D-B804-4298-BB78-F6A777DC4036}.Debug|x86.Build.0 = Debug|Any CPU
		{49FD772D-B804-4298-BB78-F6A777DC4036}.Debug|x86.Deploy.0 = Debug|Any CPU
		{49FD772D-B804-4298-BB78-F6A777DC4036}.Release|Any CPU.ActiveCfg = Release|Any CPU
		{49FD772D-B804-4298-BB78-F6A777DC4036}.Release|Any CPU.Build.0 = Release|Any CPU
		{49FD772D-B804-4298-BB78-F6A777DC4036}.Release|Any CPU.Deploy.0 = Release|Any CPU
		{49FD772D-B804-4298-BB78-F6A777DC4036}.Release|ARM.ActiveCfg = Release|Any CPU
		{49FD772D-B804-4298-BB78-F6A777DC4036}.Release|ARM.Build.0 = Release|Any CPU
		{49FD772D-B804-4298-BB78-F6A777DC4036}.Release|ARM.Deploy.0 = Release|Any CPU
		{49FD772D-B804-4298-BB78-F6A777DC4036}.Release|iPhone.ActiveCfg = Release|Any CPU
		{49FD772D-B804-4298-BB78-F6A777DC4036}.Release|iPhone.Build.0 = Release|Any CPU
		{49FD772D-B804-4298-BB78-F6A777DC4036}.Release|iPhone.Deploy.0 = Release|Any CPU
		{49FD772D-B804-4298-BB78-F6A777DC4036}.Release|iPhoneSimulator.ActiveCfg = Release|Any CPU
		{49FD772D-B804-4298-BB78-F6A777DC4036}.Release|iPhoneSimulator.Build.0 = Release|Any CPU
		{49FD772D-B804-4298-BB78-F6A777DC4036}.Release|iPhoneSimulator.Deploy.0 = Release|Any CPU
		{49FD772D-B804-4298-BB78-F6A777DC4036}.Release|x64.ActiveCfg = Release|Any CPU
		{49FD772D-B804-4298-BB78-F6A777DC4036}.Release|x64.Build.0 = Release|Any CPU
		{49FD772D-B804-4298-BB78-F6A777DC4036}.Release|x64.Deploy.0 = Release|Any CPU
		{49FD772D-B804-4298-BB78-F6A777DC4036}.Release|x86.ActiveCfg = Release|Any CPU
		{49FD772D-B804-4298-BB78-F6A777DC4036}.Release|x86.Build.0 = Release|Any CPU
		{49FD772D-B804-4298-BB78-F6A777DC4036}.Release|x86.Deploy.0 = Release|Any CPU
		{81E4A62A-B6DF-4261-A8E0-C7AEF2DDB0EF}.Ad-Hoc|Any CPU.ActiveCfg = Ad-Hoc|iPhone
		{81E4A62A-B6DF-4261-A8E0-C7AEF2DDB0EF}.Ad-Hoc|ARM.ActiveCfg = Ad-Hoc|iPhone
		{81E4A62A-B6DF-4261-A8E0-C7AEF2DDB0EF}.Ad-Hoc|iPhone.ActiveCfg = Ad-Hoc|iPhone
		{81E4A62A-B6DF-4261-A8E0-C7AEF2DDB0EF}.Ad-Hoc|iPhone.Build.0 = Ad-Hoc|iPhone
		{81E4A62A-B6DF-4261-A8E0-C7AEF2DDB0EF}.Ad-Hoc|iPhoneSimulator.ActiveCfg = Ad-Hoc|iPhoneSimulator
		{81E4A62A-B6DF-4261-A8E0-C7AEF2DDB0EF}.Ad-Hoc|iPhoneSimulator.Build.0 = Ad-Hoc|iPhoneSimulator
		{81E4A62A-B6DF-4261-A8E0-C7AEF2DDB0EF}.Ad-Hoc|x64.ActiveCfg = Ad-Hoc|iPhone
		{81E4A62A-B6DF-4261-A8E0-C7AEF2DDB0EF}.Ad-Hoc|x86.ActiveCfg = Ad-Hoc|iPhone
		{81E4A62A-B6DF-4261-A8E0-C7AEF2DDB0EF}.AppStore|Any CPU.ActiveCfg = AppStore|iPhone
		{81E4A62A-B6DF-4261-A8E0-C7AEF2DDB0EF}.AppStore|ARM.ActiveCfg = AppStore|iPhone
		{81E4A62A-B6DF-4261-A8E0-C7AEF2DDB0EF}.AppStore|iPhone.ActiveCfg = AppStore|iPhone
		{81E4A62A-B6DF-4261-A8E0-C7AEF2DDB0EF}.AppStore|iPhone.Build.0 = AppStore|iPhone
		{81E4A62A-B6DF-4261-A8E0-C7AEF2DDB0EF}.AppStore|iPhoneSimulator.ActiveCfg = AppStore|iPhoneSimulator
		{81E4A62A-B6DF-4261-A8E0-C7AEF2DDB0EF}.AppStore|iPhoneSimulator.Build.0 = AppStore|iPhoneSimulator
		{81E4A62A-B6DF-4261-A8E0-C7AEF2DDB0EF}.AppStore|x64.ActiveCfg = AppStore|iPhone
		{81E4A62A-B6DF-4261-A8E0-C7AEF2DDB0EF}.AppStore|x86.ActiveCfg = AppStore|iPhone
		{81E4A62A-B6DF-4261-A8E0-C7AEF2DDB0EF}.Debug|Any CPU.ActiveCfg = Debug|iPhone
		{81E4A62A-B6DF-4261-A8E0-C7AEF2DDB0EF}.Debug|ARM.ActiveCfg = Debug|iPhone
		{81E4A62A-B6DF-4261-A8E0-C7AEF2DDB0EF}.Debug|iPhone.ActiveCfg = Debug|iPhone
		{81E4A62A-B6DF-4261-A8E0-C7AEF2DDB0EF}.Debug|iPhone.Build.0 = Debug|iPhone
		{81E4A62A-B6DF-4261-A8E0-C7AEF2DDB0EF}.Debug|iPhoneSimulator.ActiveCfg = Debug|iPhoneSimulator
		{81E4A62A-B6DF-4261-A8E0-C7AEF2DDB0EF}.Debug|iPhoneSimulator.Build.0 = Debug|iPhoneSimulator
		{81E4A62A-B6DF-4261-A8E0-C7AEF2DDB0EF}.Debug|x64.ActiveCfg = Debug|iPhone
		{81E4A62A-B6DF-4261-A8E0-C7AEF2DDB0EF}.Debug|x86.ActiveCfg = Debug|iPhone
		{81E4A62A-B6DF-4261-A8E0-C7AEF2DDB0EF}.Release|Any CPU.ActiveCfg = Release|iPhone
		{81E4A62A-B6DF-4261-A8E0-C7AEF2DDB0EF}.Release|ARM.ActiveCfg = Release|iPhone
		{81E4A62A-B6DF-4261-A8E0-C7AEF2DDB0EF}.Release|iPhone.ActiveCfg = Release|iPhone
		{81E4A62A-B6DF-4261-A8E0-C7AEF2DDB0EF}.Release|iPhone.Build.0 = Release|iPhone
		{81E4A62A-B6DF-4261-A8E0-C7AEF2DDB0EF}.Release|iPhoneSimulator.ActiveCfg = Release|iPhoneSimulator
		{81E4A62A-B6DF-4261-A8E0-C7AEF2DDB0EF}.Release|iPhoneSimulator.Build.0 = Release|iPhoneSimulator
		{81E4A62A-B6DF-4261-A8E0-C7AEF2DDB0EF}.Release|x64.ActiveCfg = Release|iPhone
		{81E4A62A-B6DF-4261-A8E0-C7AEF2DDB0EF}.Release|x86.ActiveCfg = Release|iPhone
		{B2418ACB-35E7-4085-835C-05A700CC3AF0}.Ad-Hoc|Any CPU.ActiveCfg = Release|Any CPU
		{B2418ACB-35E7-4085-835C-05A700CC3AF0}.Ad-Hoc|Any CPU.Build.0 = Release|Any CPU
		{B2418ACB-35E7-4085-835C-05A700CC3AF0}.Ad-Hoc|Any CPU.Deploy.0 = Release|Any CPU
		{B2418ACB-35E7-4085-835C-05A700CC3AF0}.Ad-Hoc|ARM.ActiveCfg = Release|ARM
		{B2418ACB-35E7-4085-835C-05A700CC3AF0}.Ad-Hoc|ARM.Build.0 = Release|ARM
		{B2418ACB-35E7-4085-835C-05A700CC3AF0}.Ad-Hoc|ARM.Deploy.0 = Release|ARM
		{B2418ACB-35E7-4085-835C-05A700CC3AF0}.Ad-Hoc|iPhone.ActiveCfg = Release|Any CPU
		{B2418ACB-35E7-4085-835C-05A700CC3AF0}.Ad-Hoc|iPhone.Build.0 = Release|Any CPU
		{B2418ACB-35E7-4085-835C-05A700CC3AF0}.Ad-Hoc|iPhone.Deploy.0 = Release|Any CPU
		{B2418ACB-35E7-4085-835C-05A700CC3AF0}.Ad-Hoc|iPhoneSimulator.ActiveCfg = Release|Any CPU
		{B2418ACB-35E7-4085-835C-05A700CC3AF0}.Ad-Hoc|iPhoneSimulator.Build.0 = Release|Any CPU
		{B2418ACB-35E7-4085-835C-05A700CC3AF0}.Ad-Hoc|iPhoneSimulator.Deploy.0 = Release|Any CPU
		{B2418ACB-35E7-4085-835C-05A700CC3AF0}.Ad-Hoc|x64.ActiveCfg = Release|Any CPU
		{B2418ACB-35E7-4085-835C-05A700CC3AF0}.Ad-Hoc|x64.Build.0 = Release|Any CPU
		{B2418ACB-35E7-4085-835C-05A700CC3AF0}.Ad-Hoc|x64.Deploy.0 = Release|Any CPU
		{B2418ACB-35E7-4085-835C-05A700CC3AF0}.Ad-Hoc|x86.ActiveCfg = Release|x86
		{B2418ACB-35E7-4085-835C-05A700CC3AF0}.Ad-Hoc|x86.Build.0 = Release|x86
		{B2418ACB-35E7-4085-835C-05A700CC3AF0}.Ad-Hoc|x86.Deploy.0 = Release|x86
		{B2418ACB-35E7-4085-835C-05A700CC3AF0}.AppStore|Any CPU.ActiveCfg = Release|Any CPU
		{B2418ACB-35E7-4085-835C-05A700CC3AF0}.AppStore|Any CPU.Build.0 = Release|Any CPU
		{B2418ACB-35E7-4085-835C-05A700CC3AF0}.AppStore|Any CPU.Deploy.0 = Release|Any CPU
		{B2418ACB-35E7-4085-835C-05A700CC3AF0}.AppStore|ARM.ActiveCfg = Release|ARM
		{B2418ACB-35E7-4085-835C-05A700CC3AF0}.AppStore|ARM.Build.0 = Release|ARM
		{B2418ACB-35E7-4085-835C-05A700CC3AF0}.AppStore|ARM.Deploy.0 = Release|ARM
		{B2418ACB-35E7-4085-835C-05A700CC3AF0}.AppStore|iPhone.ActiveCfg = Release|Any CPU
		{B2418ACB-35E7-4085-835C-05A700CC3AF0}.AppStore|iPhone.Build.0 = Release|Any CPU
		{B2418ACB-35E7-4085-835C-05A700CC3AF0}.AppStore|iPhone.Deploy.0 = Release|Any CPU
		{B2418ACB-35E7-4085-835C-05A700CC3AF0}.AppStore|iPhoneSimulator.ActiveCfg = Release|Any CPU
		{B2418ACB-35E7-4085-835C-05A700CC3AF0}.AppStore|iPhoneSimulator.Build.0 = Release|Any CPU
		{B2418ACB-35E7-4085-835C-05A700CC3AF0}.AppStore|iPhoneSimulator.Deploy.0 = Release|Any CPU
		{B2418ACB-35E7-4085-835C-05A700CC3AF0}.AppStore|x64.ActiveCfg = Release|Any CPU
		{B2418ACB-35E7-4085-835C-05A700CC3AF0}.AppStore|x64.Build.0 = Release|Any CPU
		{B2418ACB-35E7-4085-835C-05A700CC3AF0}.AppStore|x64.Deploy.0 = Release|Any CPU
		{B2418ACB-35E7-4085-835C-05A700CC3AF0}.AppStore|x86.ActiveCfg = Release|x86
		{B2418ACB-35E7-4085-835C-05A700CC3AF0}.AppStore|x86.Build.0 = Release|x86
		{B2418ACB-35E7-4085-835C-05A700CC3AF0}.AppStore|x86.Deploy.0 = Release|x86
		{B2418ACB-35E7-4085-835C-05A700CC3AF0}.Debug|Any CPU.ActiveCfg = Debug|Any CPU
		{B2418ACB-35E7-4085-835C-05A700CC3AF0}.Debug|Any CPU.Build.0 = Debug|Any CPU
		{B2418ACB-35E7-4085-835C-05A700CC3AF0}.Debug|Any CPU.Deploy.0 = Debug|Any CPU
		{B2418ACB-35E7-4085-835C-05A700CC3AF0}.Debug|ARM.ActiveCfg = Debug|ARM
		{B2418ACB-35E7-4085-835C-05A700CC3AF0}.Debug|ARM.Build.0 = Debug|ARM
		{B2418ACB-35E7-4085-835C-05A700CC3AF0}.Debug|ARM.Deploy.0 = Debug|ARM
		{B2418ACB-35E7-4085-835C-05A700CC3AF0}.Debug|iPhone.ActiveCfg = Debug|Any CPU
		{B2418ACB-35E7-4085-835C-05A700CC3AF0}.Debug|iPhone.Build.0 = Debug|Any CPU
		{B2418ACB-35E7-4085-835C-05A700CC3AF0}.Debug|iPhone.Deploy.0 = Debug|Any CPU
		{B2418ACB-35E7-4085-835C-05A700CC3AF0}.Debug|iPhoneSimulator.ActiveCfg = Debug|Any CPU
		{B2418ACB-35E7-4085-835C-05A700CC3AF0}.Debug|iPhoneSimulator.Build.0 = Debug|Any CPU
		{B2418ACB-35E7-4085-835C-05A700CC3AF0}.Debug|iPhoneSimulator.Deploy.0 = Debug|Any CPU
		{B2418ACB-35E7-4085-835C-05A700CC3AF0}.Debug|x64.ActiveCfg = Debug|Any CPU
		{B2418ACB-35E7-4085-835C-05A700CC3AF0}.Debug|x64.Build.0 = Debug|Any CPU
		{B2418ACB-35E7-4085-835C-05A700CC3AF0}.Debug|x64.Deploy.0 = Debug|Any CPU
		{B2418ACB-35E7-4085-835C-05A700CC3AF0}.Debug|x86.ActiveCfg = Debug|x86
		{B2418ACB-35E7-4085-835C-05A700CC3AF0}.Debug|x86.Build.0 = Debug|x86
		{B2418ACB-35E7-4085-835C-05A700CC3AF0}.Debug|x86.Deploy.0 = Debug|x86
		{B2418ACB-35E7-4085-835C-05A700CC3AF0}.Release|Any CPU.ActiveCfg = Release|Any CPU
		{B2418ACB-35E7-4085-835C-05A700CC3AF0}.Release|Any CPU.Build.0 = Release|Any CPU
		{B2418ACB-35E7-4085-835C-05A700CC3AF0}.Release|Any CPU.Deploy.0 = Release|Any CPU
		{B2418ACB-35E7-4085-835C-05A700CC3AF0}.Release|ARM.ActiveCfg = Release|ARM
		{B2418ACB-35E7-4085-835C-05A700CC3AF0}.Release|ARM.Build.0 = Release|ARM
		{B2418ACB-35E7-4085-835C-05A700CC3AF0}.Release|ARM.Deploy.0 = Release|ARM
		{B2418ACB-35E7-4085-835C-05A700CC3AF0}.Release|iPhone.ActiveCfg = Release|Any CPU
		{B2418ACB-35E7-4085-835C-05A700CC3AF0}.Release|iPhone.Build.0 = Release|Any CPU
		{B2418ACB-35E7-4085-835C-05A700CC3AF0}.Release|iPhone.Deploy.0 = Release|Any CPU
		{B2418ACB-35E7-4085-835C-05A700CC3AF0}.Release|iPhoneSimulator.ActiveCfg = Release|Any CPU
		{B2418ACB-35E7-4085-835C-05A700CC3AF0}.Release|iPhoneSimulator.Build.0 = Release|Any CPU
		{B2418ACB-35E7-4085-835C-05A700CC3AF0}.Release|iPhoneSimulator.Deploy.0 = Release|Any CPU
		{B2418ACB-35E7-4085-835C-05A700CC3AF0}.Release|x64.ActiveCfg = Release|Any CPU
		{B2418ACB-35E7-4085-835C-05A700CC3AF0}.Release|x64.Build.0 = Release|Any CPU
		{B2418ACB-35E7-4085-835C-05A700CC3AF0}.Release|x64.Deploy.0 = Release|Any CPU
		{B2418ACB-35E7-4085-835C-05A700CC3AF0}.Release|x86.ActiveCfg = Release|x86
		{B2418ACB-35E7-4085-835C-05A700CC3AF0}.Release|x86.Build.0 = Release|x86
		{B2418ACB-35E7-4085-835C-05A700CC3AF0}.Release|x86.Deploy.0 = Release|x86
		{0995EA69-B0C5-4731-A129-42919658FB7B}.Ad-Hoc|Any CPU.ActiveCfg = Release|Any CPU
		{0995EA69-B0C5-4731-A129-42919658FB7B}.Ad-Hoc|Any CPU.Build.0 = Release|Any CPU
		{0995EA69-B0C5-4731-A129-42919658FB7B}.Ad-Hoc|Any CPU.Deploy.0 = Release|Any CPU
		{0995EA69-B0C5-4731-A129-42919658FB7B}.Ad-Hoc|ARM.ActiveCfg = Release|ARM
		{0995EA69-B0C5-4731-A129-42919658FB7B}.Ad-Hoc|ARM.Build.0 = Release|ARM
		{0995EA69-B0C5-4731-A129-42919658FB7B}.Ad-Hoc|ARM.Deploy.0 = Release|ARM
		{0995EA69-B0C5-4731-A129-42919658FB7B}.Ad-Hoc|iPhone.ActiveCfg = Release|Any CPU
		{0995EA69-B0C5-4731-A129-42919658FB7B}.Ad-Hoc|iPhone.Build.0 = Release|Any CPU
		{0995EA69-B0C5-4731-A129-42919658FB7B}.Ad-Hoc|iPhone.Deploy.0 = Release|Any CPU
		{0995EA69-B0C5-4731-A129-42919658FB7B}.Ad-Hoc|iPhoneSimulator.ActiveCfg = Release|Any CPU
		{0995EA69-B0C5-4731-A129-42919658FB7B}.Ad-Hoc|iPhoneSimulator.Build.0 = Release|Any CPU
		{0995EA69-B0C5-4731-A129-42919658FB7B}.Ad-Hoc|iPhoneSimulator.Deploy.0 = Release|Any CPU
		{0995EA69-B0C5-4731-A129-42919658FB7B}.Ad-Hoc|x64.ActiveCfg = Release|x64
		{0995EA69-B0C5-4731-A129-42919658FB7B}.Ad-Hoc|x64.Build.0 = Release|x64
		{0995EA69-B0C5-4731-A129-42919658FB7B}.Ad-Hoc|x64.Deploy.0 = Release|x64
		{0995EA69-B0C5-4731-A129-42919658FB7B}.Ad-Hoc|x86.ActiveCfg = Release|x86
		{0995EA69-B0C5-4731-A129-42919658FB7B}.Ad-Hoc|x86.Build.0 = Release|x86
		{0995EA69-B0C5-4731-A129-42919658FB7B}.Ad-Hoc|x86.Deploy.0 = Release|x86
		{0995EA69-B0C5-4731-A129-42919658FB7B}.AppStore|Any CPU.ActiveCfg = Release|Any CPU
		{0995EA69-B0C5-4731-A129-42919658FB7B}.AppStore|Any CPU.Build.0 = Release|Any CPU
		{0995EA69-B0C5-4731-A129-42919658FB7B}.AppStore|Any CPU.Deploy.0 = Release|Any CPU
		{0995EA69-B0C5-4731-A129-42919658FB7B}.AppStore|ARM.ActiveCfg = Release|ARM
		{0995EA69-B0C5-4731-A129-42919658FB7B}.AppStore|ARM.Build.0 = Release|ARM
		{0995EA69-B0C5-4731-A129-42919658FB7B}.AppStore|ARM.Deploy.0 = Release|ARM
		{0995EA69-B0C5-4731-A129-42919658FB7B}.AppStore|iPhone.ActiveCfg = Release|Any CPU
		{0995EA69-B0C5-4731-A129-42919658FB7B}.AppStore|iPhone.Build.0 = Release|Any CPU
		{0995EA69-B0C5-4731-A129-42919658FB7B}.AppStore|iPhone.Deploy.0 = Release|Any CPU
		{0995EA69-B0C5-4731-A129-42919658FB7B}.AppStore|iPhoneSimulator.ActiveCfg = Release|Any CPU
		{0995EA69-B0C5-4731-A129-42919658FB7B}.AppStore|iPhoneSimulator.Build.0 = Release|Any CPU
		{0995EA69-B0C5-4731-A129-42919658FB7B}.AppStore|iPhoneSimulator.Deploy.0 = Release|Any CPU
		{0995EA69-B0C5-4731-A129-42919658FB7B}.AppStore|x64.ActiveCfg = Release|x64
		{0995EA69-B0C5-4731-A129-42919658FB7B}.AppStore|x64.Build.0 = Release|x64
		{0995EA69-B0C5-4731-A129-42919658FB7B}.AppStore|x64.Deploy.0 = Release|x64
		{0995EA69-B0C5-4731-A129-42919658FB7B}.AppStore|x86.ActiveCfg = Release|x86
		{0995EA69-B0C5-4731-A129-42919658FB7B}.AppStore|x86.Build.0 = Release|x86
		{0995EA69-B0C5-4731-A129-42919658FB7B}.AppStore|x86.Deploy.0 = Release|x86
		{0995EA69-B0C5-4731-A129-42919658FB7B}.Debug|Any CPU.ActiveCfg = Debug|Any CPU
		{0995EA69-B0C5-4731-A129-42919658FB7B}.Debug|Any CPU.Build.0 = Debug|Any CPU
		{0995EA69-B0C5-4731-A129-42919658FB7B}.Debug|Any CPU.Deploy.0 = Debug|Any CPU
		{0995EA69-B0C5-4731-A129-42919658FB7B}.Debug|ARM.ActiveCfg = Debug|ARM
		{0995EA69-B0C5-4731-A129-42919658FB7B}.Debug|ARM.Build.0 = Debug|ARM
		{0995EA69-B0C5-4731-A129-42919658FB7B}.Debug|ARM.Deploy.0 = Debug|ARM
		{0995EA69-B0C5-4731-A129-42919658FB7B}.Debug|iPhone.ActiveCfg = Debug|Any CPU
		{0995EA69-B0C5-4731-A129-42919658FB7B}.Debug|iPhone.Build.0 = Debug|Any CPU
		{0995EA69-B0C5-4731-A129-42919658FB7B}.Debug|iPhone.Deploy.0 = Debug|Any CPU
		{0995EA69-B0C5-4731-A129-42919658FB7B}.Debug|iPhoneSimulator.ActiveCfg = Debug|Any CPU
		{0995EA69-B0C5-4731-A129-42919658FB7B}.Debug|iPhoneSimulator.Build.0 = Debug|Any CPU
		{0995EA69-B0C5-4731-A129-42919658FB7B}.Debug|iPhoneSimulator.Deploy.0 = Debug|Any CPU
		{0995EA69-B0C5-4731-A129-42919658FB7B}.Debug|x64.ActiveCfg = Debug|x64
		{0995EA69-B0C5-4731-A129-42919658FB7B}.Debug|x64.Build.0 = Debug|x64
		{0995EA69-B0C5-4731-A129-42919658FB7B}.Debug|x64.Deploy.0 = Debug|x64
		{0995EA69-B0C5-4731-A129-42919658FB7B}.Debug|x86.ActiveCfg = Debug|x86
		{0995EA69-B0C5-4731-A129-42919658FB7B}.Debug|x86.Build.0 = Debug|x86
		{0995EA69-B0C5-4731-A129-42919658FB7B}.Debug|x86.Deploy.0 = Debug|x86
		{0995EA69-B0C5-4731-A129-42919658FB7B}.Release|Any CPU.ActiveCfg = Release|Any CPU
		{0995EA69-B0C5-4731-A129-42919658FB7B}.Release|Any CPU.Build.0 = Release|Any CPU
		{0995EA69-B0C5-4731-A129-42919658FB7B}.Release|Any CPU.Deploy.0 = Release|Any CPU
		{0995EA69-B0C5-4731-A129-42919658FB7B}.Release|ARM.ActiveCfg = Release|ARM
		{0995EA69-B0C5-4731-A129-42919658FB7B}.Release|ARM.Build.0 = Release|ARM
		{0995EA69-B0C5-4731-A129-42919658FB7B}.Release|ARM.Deploy.0 = Release|ARM
		{0995EA69-B0C5-4731-A129-42919658FB7B}.Release|iPhone.ActiveCfg = Release|Any CPU
		{0995EA69-B0C5-4731-A129-42919658FB7B}.Release|iPhone.Build.0 = Release|Any CPU
		{0995EA69-B0C5-4731-A129-42919658FB7B}.Release|iPhone.Deploy.0 = Release|Any CPU
		{0995EA69-B0C5-4731-A129-42919658FB7B}.Release|iPhoneSimulator.ActiveCfg = Release|Any CPU
		{0995EA69-B0C5-4731-A129-42919658FB7B}.Release|iPhoneSimulator.Build.0 = Release|Any CPU
		{0995EA69-B0C5-4731-A129-42919658FB7B}.Release|iPhoneSimulator.Deploy.0 = Release|Any CPU
		{0995EA69-B0C5-4731-A129-42919658FB7B}.Release|x64.ActiveCfg = Release|x64
		{0995EA69-B0C5-4731-A129-42919658FB7B}.Release|x64.Build.0 = Release|x64
		{0995EA69-B0C5-4731-A129-42919658FB7B}.Release|x64.Deploy.0 = Release|x64
		{0995EA69-B0C5-4731-A129-42919658FB7B}.Release|x86.ActiveCfg = Release|x86
		{0995EA69-B0C5-4731-A129-42919658FB7B}.Release|x86.Build.0 = Release|x86
		{0995EA69-B0C5-4731-A129-42919658FB7B}.Release|x86.Deploy.0 = Release|x86
		{17ADBD9D-3F88-4B18-8E66-1723901CD73B}.Ad-Hoc|Any CPU.ActiveCfg = Release|Any CPU
		{17ADBD9D-3F88-4B18-8E66-1723901CD73B}.Ad-Hoc|Any CPU.Build.0 = Release|Any CPU
		{17ADBD9D-3F88-4B18-8E66-1723901CD73B}.Ad-Hoc|ARM.ActiveCfg = Release|Any CPU
		{17ADBD9D-3F88-4B18-8E66-1723901CD73B}.Ad-Hoc|ARM.Build.0 = Release|Any CPU
		{17ADBD9D-3F88-4B18-8E66-1723901CD73B}.Ad-Hoc|iPhone.ActiveCfg = Release|Any CPU
		{17ADBD9D-3F88-4B18-8E66-1723901CD73B}.Ad-Hoc|iPhone.Build.0 = Release|Any CPU
		{17ADBD9D-3F88-4B18-8E66-1723901CD73B}.Ad-Hoc|iPhoneSimulator.ActiveCfg = Release|Any CPU
		{17ADBD9D-3F88-4B18-8E66-1723901CD73B}.Ad-Hoc|iPhoneSimulator.Build.0 = Release|Any CPU
		{17ADBD9D-3F88-4B18-8E66-1723901CD73B}.Ad-Hoc|x64.ActiveCfg = Release|Any CPU
		{17ADBD9D-3F88-4B18-8E66-1723901CD73B}.Ad-Hoc|x64.Build.0 = Release|Any CPU
		{17ADBD9D-3F88-4B18-8E66-1723901CD73B}.Ad-Hoc|x86.ActiveCfg = Release|Any CPU
		{17ADBD9D-3F88-4B18-8E66-1723901CD73B}.Ad-Hoc|x86.Build.0 = Release|Any CPU
		{17ADBD9D-3F88-4B18-8E66-1723901CD73B}.AppStore|Any CPU.ActiveCfg = Release|Any CPU
		{17ADBD9D-3F88-4B18-8E66-1723901CD73B}.AppStore|Any CPU.Build.0 = Release|Any CPU
		{17ADBD9D-3F88-4B18-8E66-1723901CD73B}.AppStore|ARM.ActiveCfg = Release|Any CPU
		{17ADBD9D-3F88-4B18-8E66-1723901CD73B}.AppStore|ARM.Build.0 = Release|Any CPU
		{17ADBD9D-3F88-4B18-8E66-1723901CD73B}.AppStore|iPhone.ActiveCfg = Release|Any CPU
		{17ADBD9D-3F88-4B18-8E66-1723901CD73B}.AppStore|iPhone.Build.0 = Release|Any CPU
		{17ADBD9D-3F88-4B18-8E66-1723901CD73B}.AppStore|iPhoneSimulator.ActiveCfg = Release|Any CPU
		{17ADBD9D-3F88-4B18-8E66-1723901CD73B}.AppStore|iPhoneSimulator.Build.0 = Release|Any CPU
		{17ADBD9D-3F88-4B18-8E66-1723901CD73B}.AppStore|x64.ActiveCfg = Release|Any CPU
		{17ADBD9D-3F88-4B18-8E66-1723901CD73B}.AppStore|x64.Build.0 = Release|Any CPU
		{17ADBD9D-3F88-4B18-8E66-1723901CD73B}.AppStore|x86.ActiveCfg = Release|Any CPU
		{17ADBD9D-3F88-4B18-8E66-1723901CD73B}.AppStore|x86.Build.0 = Release|Any CPU
		{17ADBD9D-3F88-4B18-8E66-1723901CD73B}.Debug|Any CPU.ActiveCfg = Debug|Any CPU
		{17ADBD9D-3F88-4B18-8E66-1723901CD73B}.Debug|Any CPU.Build.0 = Debug|Any CPU
		{17ADBD9D-3F88-4B18-8E66-1723901CD73B}.Debug|ARM.ActiveCfg = Debug|Any CPU
		{17ADBD9D-3F88-4B18-8E66-1723901CD73B}.Debug|ARM.Build.0 = Debug|Any CPU
		{17ADBD9D-3F88-4B18-8E66-1723901CD73B}.Debug|iPhone.ActiveCfg = Debug|Any CPU
		{17ADBD9D-3F88-4B18-8E66-1723901CD73B}.Debug|iPhone.Build.0 = Debug|Any CPU
		{17ADBD9D-3F88-4B18-8E66-1723901CD73B}.Debug|iPhoneSimulator.ActiveCfg = Debug|Any CPU
		{17ADBD9D-3F88-4B18-8E66-1723901CD73B}.Debug|iPhoneSimulator.Build.0 = Debug|Any CPU
		{17ADBD9D-3F88-4B18-8E66-1723901CD73B}.Debug|x64.ActiveCfg = Debug|Any CPU
		{17ADBD9D-3F88-4B18-8E66-1723901CD73B}.Debug|x64.Build.0 = Debug|Any CPU
		{17ADBD9D-3F88-4B18-8E66-1723901CD73B}.Debug|x86.ActiveCfg = Debug|Any CPU
		{17ADBD9D-3F88-4B18-8E66-1723901CD73B}.Debug|x86.Build.0 = Debug|Any CPU
		{17ADBD9D-3F88-4B18-8E66-1723901CD73B}.Release|Any CPU.ActiveCfg = Release|Any CPU
		{17ADBD9D-3F88-4B18-8E66-1723901CD73B}.Release|Any CPU.Build.0 = Release|Any CPU
		{17ADBD9D-3F88-4B18-8E66-1723901CD73B}.Release|ARM.ActiveCfg = Release|Any CPU
		{17ADBD9D-3F88-4B18-8E66-1723901CD73B}.Release|ARM.Build.0 = Release|Any CPU
		{17ADBD9D-3F88-4B18-8E66-1723901CD73B}.Release|iPhone.ActiveCfg = Release|Any CPU
		{17ADBD9D-3F88-4B18-8E66-1723901CD73B}.Release|iPhone.Build.0 = Release|Any CPU
		{17ADBD9D-3F88-4B18-8E66-1723901CD73B}.Release|iPhoneSimulator.ActiveCfg = Release|Any CPU
		{17ADBD9D-3F88-4B18-8E66-1723901CD73B}.Release|iPhoneSimulator.Build.0 = Release|Any CPU
		{17ADBD9D-3F88-4B18-8E66-1723901CD73B}.Release|x64.ActiveCfg = Release|Any CPU
		{17ADBD9D-3F88-4B18-8E66-1723901CD73B}.Release|x64.Build.0 = Release|Any CPU
		{17ADBD9D-3F88-4B18-8E66-1723901CD73B}.Release|x86.ActiveCfg = Release|Any CPU
		{17ADBD9D-3F88-4B18-8E66-1723901CD73B}.Release|x86.Build.0 = Release|Any CPU
	EndGlobalSection
	GlobalSection(SolutionProperties) = preSolution
		HideSolutionNode = FALSE
	EndGlobalSection
	GlobalSection(NestedProjects) = preSolution
		{B3E6B2A6-4CF8-4A3D-B4E2-1E466DE6243A} = {D28AC3B4-1D7E-4259-8C0A-120B9D1D18D3}
		{D0CB5EB4-160D-4FD7-A409-CF0AF9D39E8B} = {D28AC3B4-1D7E-4259-8C0A-120B9D1D18D3}
		{F397643E-D0CA-4D60-8C77-284D0812B741} = {355117E2-19BF-4E8C-A435-663DFD369A70}
		{F1378AD1-F25B-4C70-9D43-4C4A847ABA4A} = {68298A3C-A39C-4C32-BB31-9C99ACDE6054}
		{06DDDFC2-8F19-4130-996A-B57862DCBE07} = {0E635241-9986-40BF-8C21-3A4977CE56BB}
		{04996155-33B8-4496-BE9E-FB8BCF8D79FF} = {355117E2-19BF-4E8C-A435-663DFD369A70}
		{54DB0CCB-5D2F-4B8A-A2D3-D04A06235733} = {355117E2-19BF-4E8C-A435-663DFD369A70}
		{35674F8D-C3D5-43D7-8E74-DCC523483467} = {290721ED-7409-4D4D-88C5-E81F2AF7D673}
		{7026A575-41A9-43FD-B4CE-73FDD1A81B1E} = {290721ED-7409-4D4D-88C5-E81F2AF7D673}
		{F732DD02-1D6F-42BC-BA2B-D5A3B61261FA} = {F397643E-D0CA-4D60-8C77-284D0812B741}
		{145990AF-58E6-49F8-AB7D-A170B77F3643} = {B3E6B2A6-4CF8-4A3D-B4E2-1E466DE6243A}
		{4409D634-86A9-49A9-9739-D11070511DAB} = {D0CB5EB4-160D-4FD7-A409-CF0AF9D39E8B}
		{49FD772D-B804-4298-BB78-F6A777DC4036} = {D0CB5EB4-160D-4FD7-A409-CF0AF9D39E8B}
		{81E4A62A-B6DF-4261-A8E0-C7AEF2DDB0EF} = {D0CB5EB4-160D-4FD7-A409-CF0AF9D39E8B}
		{B2418ACB-35E7-4085-835C-05A700CC3AF0} = {D0CB5EB4-160D-4FD7-A409-CF0AF9D39E8B}
		{0995EA69-B0C5-4731-A129-42919658FB7B} = {D0CB5EB4-160D-4FD7-A409-CF0AF9D39E8B}
		{17ADBD9D-3F88-4B18-8E66-1723901CD73B} = {290721ED-7409-4D4D-88C5-E81F2AF7D673}
	EndGlobalSection
EndGlobal
