
Microsoft Visual Studio Solution File, Format Version 12.00
# Visual Studio 14
VisualStudioVersion = 14.0.25420.1
MinimumVisualStudioVersion = 10.0.40219.1
Project("{2150E333-8FDC-42A3-9474-1A3956D46DE8}") = "BAL", "BAL", "{355117E2-19BF-4E8C-A435-663DFD369A70}"
EndProject
Project("{2150E333-8FDC-42A3-9474-1A3956D46DE8}") = "Common", "Common", "{290721ED-7409-4D4D-88C5-E81F2AF7D673}"
EndProject
Project("{2150E333-8FDC-42A3-9474-1A3956D46DE8}") = "DAL", "DAL", "{68298A3C-A39C-4C32-BB31-9C99ACDE6054}"
EndProject
Project("{2150E333-8FDC-42A3-9474-1A3956D46DE8}") = "SERVICE LAYER", "SERVICE LAYER", "{0E635241-9986-40BF-8C21-3A4977CE56BB}"
EndProject
Project("{2150E333-8FDC-42A3-9474-1A3956D46DE8}") = "PRESENTATION LAYER", "PRESENTATION LAYER", "{D28AC3B4-1D7E-4259-8C0A-120B9D1D18D3}"
EndProject
Project("{2150E333-8FDC-42A3-9474-1A3956D46DE8}") = "OCineManagerApps", "OCineManagerApps", "{B3E6B2A6-4CF8-4A3D-B4E2-1E466DE6243A}"
EndProject
Project("{2150E333-8FDC-42A3-9474-1A3956D46DE8}") = "BALServices", "BALServices", "{F397643E-D0CA-4D60-8C77-284D0812B741}"
EndProject
Project("{FAE04EC0-301F-11D3-BF4B-00C04F79EFBC}") = "Repository", "DAL\Repository\Repository.csproj", "{F1378AD1-F25B-4C70-9D43-4C4A847ABA4A}"
EndProject
Project("{FAE04EC0-301F-11D3-BF4B-00C04F79EFBC}") = "OcineWebApi", "OcineWebApi\OcineWebApi.csproj", "{06DDDFC2-8F19-4130-996A-B57862DCBE07}"
EndProject
Project("{FAE04EC0-301F-11D3-BF4B-00C04F79EFBC}") = "Entity", "Buisness Acces Layer\Entity\Entity.csproj", "{54DB0CCB-5D2F-4B8A-A2D3-D04A06235733}"
EndProject
Project("{FAE04EC0-301F-11D3-BF4B-00C04F79EFBC}") = "CommonRepository", "Common\CommonRepository\CommonRepository.csproj", "{35674F8D-C3D5-43D7-8E74-DCC523483467}"
EndProject
Project("{FAE04EC0-301F-11D3-BF4B-00C04F79EFBC}") = "CommonService", "Common\CommonService\CommonService.csproj", "{7026A575-41A9-43FD-B4CE-73FDD1A81B1E}"
EndProject
Project("{FAE04EC0-301F-11D3-BF4B-00C04F79EFBC}") = "Services", "Services\Services.csproj", "{F732DD02-1D6F-42BC-BA2B-D5A3B61261FA}"
EndProject
Project("{FAE04EC0-301F-11D3-BF4B-00C04F79EFBC}") = "OcineManager", "Presentation Layer\OCineManagerApp\OcineManager\OcineManager.csproj", "{145990AF-58E6-49F8-AB7D-A170B77F3643}"
EndProject
Project("{FAE04EC0-301F-11D3-BF4B-00C04F79EFBC}") = "CommonComponent", "Common\CommonComponent\CommonComponent.csproj", "{17ADBD9D-3F88-4B18-8E66-1723901CD73B}"
EndProject
Project("{FAE04EC0-301F-11D3-BF4B-00C04F79EFBC}") = "DTO", "Buisness Acces Layer\DTO\DTO.csproj", "{CFEC96BC-56DE-407D-BDBC-45294537879A}"
EndProject
Project("{2150E333-8FDC-42A3-9474-1A3956D46DE8}") = "Test", "Test", "{AC9DA336-781D-48CE-ADDE-ACCD023447AC}"
EndProject
Project("{2150E333-8FDC-42A3-9474-1A3956D46DE8}") = "APItest", "APItest", "{3D1F30B9-C4E3-42E9-B590-A1DC651E3571}"
EndProject
Project("{FAE04EC0-301F-11D3-BF4B-00C04F79EFBC}") = "OcineWebAPITest", "Test\WebAPITest\OcineWebAPITest\OcineWebAPITest.csproj", "{BD9EE774-8224-4DCA-B4BC-32D48D837908}"
EndProject
Project("{FAE04EC0-301F-11D3-BF4B-00C04F79EFBC}") = "ManagerDataHttpTest", "ManagerDataHttpTest\ManagerDataHttpTest.csproj", "{0EE7BB4B-0EFE-4638-8AED-B1D40F98EDE3}"
EndProject
Project("{2150E333-8FDC-42A3-9474-1A3956D46DE8}") = "OcineXamarinForms", "OcineXamarinForms", "{62A00903-360B-4004-A846-5C420EA414D4}"
EndProject
Project("{FAE04EC0-301F-11D3-BF4B-00C04F79EFBC}") = "OCineApps", "OCineApps\OCineApps\OCineApps.csproj", "{8F03ACB4-12BD-4C50-A6F4-078658973077}"
EndProject
Project("{FAE04EC0-301F-11D3-BF4B-00C04F79EFBC}") = "OCineApps.Droid", "OCineApps\OCineApps.Droid\OCineApps.Droid.csproj", "{1D6DFF83-575F-4BE3-A51E-919F2D8DD71E}"
EndProject
Project("{FAE04EC0-301F-11D3-BF4B-00C04F79EFBC}") = "OCineApps.iOS", "OCineApps\OCineApps.iOS\OCineApps.iOS.csproj", "{E57E5DC9-993C-4EBF-B2B7-346B99B03663}"
EndProject
Project("{FAE04EC0-301F-11D3-BF4B-00C04F79EFBC}") = "OCineApps.WinPhone", "OCineApps\OCineApps.WinPhone\OCineApps.WinPhone.csproj", "{4E8D19E6-9DED-4E84-9AD2-838EF1A91867}"
EndProject
Project("{FAE04EC0-301F-11D3-BF4B-00C04F79EFBC}") = "OCineApps.Windows", "OCineApps\OCineApps.Windows\OCineApps.Windows.csproj", "{58A8DDEF-6845-441D-9AB8-BE504E6171EE}"
EndProject
Global
	GlobalSection(SolutionConfigurationPlatforms) = preSolution
		Ad-Hoc|Any CPU = Ad-Hoc|Any CPU
		Ad-Hoc|ARM = Ad-Hoc|ARM
		Ad-Hoc|iPhone = Ad-Hoc|iPhone
		Ad-Hoc|iPhoneSimulator = Ad-Hoc|iPhoneSimulator
		Ad-Hoc|x64 = Ad-Hoc|x64
		Ad-Hoc|x86 = Ad-Hoc|x86
		AppStore|Any CPU = AppStore|Any CPU
		AppStore|ARM = AppStore|ARM
		AppStore|iPhone = AppStore|iPhone
		AppStore|iPhoneSimulator = AppStore|iPhoneSimulator
		AppStore|x64 = AppStore|x64
		AppStore|x86 = AppStore|x86
		Debug|Any CPU = Debug|Any CPU
		Debug|ARM = Debug|ARM
		Debug|iPhone = Debug|iPhone
		Debug|iPhoneSimulator = Debug|iPhoneSimulator
		Debug|x64 = Debug|x64
		Debug|x86 = Debug|x86
		Release|Any CPU = Release|Any CPU
		Release|ARM = Release|ARM
		Release|iPhone = Release|iPhone
		Release|iPhoneSimulator = Release|iPhoneSimulator
		Release|x64 = Release|x64
		Release|x86 = Release|x86
	EndGlobalSection
	GlobalSection(ProjectConfigurationPlatforms) = postSolution
		{F1378AD1-F25B-4C70-9D43-4C4A847ABA4A}.Ad-Hoc|Any CPU.ActiveCfg = Release|Any CPU
		{F1378AD1-F25B-4C70-9D43-4C4A847ABA4A}.Ad-Hoc|Any CPU.Build.0 = Release|Any CPU
		{F1378AD1-F25B-4C70-9D43-4C4A847ABA4A}.Ad-Hoc|ARM.ActiveCfg = Release|Any CPU
		{F1378AD1-F25B-4C70-9D43-4C4A847ABA4A}.Ad-Hoc|ARM.Build.0 = Release|Any CPU
		{F1378AD1-F25B-4C70-9D43-4C4A847ABA4A}.Ad-Hoc|iPhone.ActiveCfg = Release|Any CPU
		{F1378AD1-F25B-4C70-9D43-4C4A847ABA4A}.Ad-Hoc|iPhone.Build.0 = Release|Any CPU
		{F1378AD1-F25B-4C70-9D43-4C4A847ABA4A}.Ad-Hoc|iPhoneSimulator.ActiveCfg = Release|Any CPU
		{F1378AD1-F25B-4C70-9D43-4C4A847ABA4A}.Ad-Hoc|iPhoneSimulator.Build.0 = Release|Any CPU
		{F1378AD1-F25B-4C70-9D43-4C4A847ABA4A}.Ad-Hoc|x64.ActiveCfg = Release|Any CPU
		{F1378AD1-F25B-4C70-9D43-4C4A847ABA4A}.Ad-Hoc|x64.Build.0 = Release|Any CPU
		{F1378AD1-F25B-4C70-9D43-4C4A847ABA4A}.Ad-Hoc|x86.ActiveCfg = Release|Any CPU
		{F1378AD1-F25B-4C70-9D43-4C4A847ABA4A}.Ad-Hoc|x86.Build.0 = Release|Any CPU
		{F1378AD1-F25B-4C70-9D43-4C4A847ABA4A}.AppStore|Any CPU.ActiveCfg = Release|Any CPU
		{F1378AD1-F25B-4C70-9D43-4C4A847ABA4A}.AppStore|Any CPU.Build.0 = Release|Any CPU
		{F1378AD1-F25B-4C70-9D43-4C4A847ABA4A}.AppStore|ARM.ActiveCfg = Release|Any CPU
		{F1378AD1-F25B-4C70-9D43-4C4A847ABA4A}.AppStore|ARM.Build.0 = Release|Any CPU
		{F1378AD1-F25B-4C70-9D43-4C4A847ABA4A}.AppStore|iPhone.ActiveCfg = Release|Any CPU
		{F1378AD1-F25B-4C70-9D43-4C4A847ABA4A}.AppStore|iPhone.Build.0 = Release|Any CPU
		{F1378AD1-F25B-4C70-9D43-4C4A847ABA4A}.AppStore|iPhoneSimulator.ActiveCfg = Release|Any CPU
		{F1378AD1-F25B-4C70-9D43-4C4A847ABA4A}.AppStore|iPhoneSimulator.Build.0 = Release|Any CPU
		{F1378AD1-F25B-4C70-9D43-4C4A847ABA4A}.AppStore|x64.ActiveCfg = Release|Any CPU
		{F1378AD1-F25B-4C70-9D43-4C4A847ABA4A}.AppStore|x64.Build.0 = Release|Any CPU
		{F1378AD1-F25B-4C70-9D43-4C4A847ABA4A}.AppStore|x86.ActiveCfg = Release|Any CPU
		{F1378AD1-F25B-4C70-9D43-4C4A847ABA4A}.AppStore|x86.Build.0 = Release|Any CPU
		{F1378AD1-F25B-4C70-9D43-4C4A847ABA4A}.Debug|Any CPU.ActiveCfg = Debug|Any CPU
		{F1378AD1-F25B-4C70-9D43-4C4A847ABA4A}.Debug|Any CPU.Build.0 = Debug|Any CPU
		{F1378AD1-F25B-4C70-9D43-4C4A847ABA4A}.Debug|ARM.ActiveCfg = Debug|Any CPU
		{F1378AD1-F25B-4C70-9D43-4C4A847ABA4A}.Debug|ARM.Build.0 = Debug|Any CPU
		{F1378AD1-F25B-4C70-9D43-4C4A847ABA4A}.Debug|iPhone.ActiveCfg = Debug|Any CPU
		{F1378AD1-F25B-4C70-9D43-4C4A847ABA4A}.Debug|iPhone.Build.0 = Debug|Any CPU
		{F1378AD1-F25B-4C70-9D43-4C4A847ABA4A}.Debug|iPhoneSimulator.ActiveCfg = Debug|Any CPU
		{F1378AD1-F25B-4C70-9D43-4C4A847ABA4A}.Debug|iPhoneSimulator.Build.0 = Debug|Any CPU
		{F1378AD1-F25B-4C70-9D43-4C4A847ABA4A}.Debug|x64.ActiveCfg = Debug|Any CPU
		{F1378AD1-F25B-4C70-9D43-4C4A847ABA4A}.Debug|x64.Build.0 = Debug|Any CPU
		{F1378AD1-F25B-4C70-9D43-4C4A847ABA4A}.Debug|x86.ActiveCfg = Debug|Any CPU
		{F1378AD1-F25B-4C70-9D43-4C4A847ABA4A}.Debug|x86.Build.0 = Debug|Any CPU
		{F1378AD1-F25B-4C70-9D43-4C4A847ABA4A}.Release|Any CPU.ActiveCfg = Release|Any CPU
		{F1378AD1-F25B-4C70-9D43-4C4A847ABA4A}.Release|Any CPU.Build.0 = Release|Any CPU
		{F1378AD1-F25B-4C70-9D43-4C4A847ABA4A}.Release|ARM.ActiveCfg = Release|Any CPU
		{F1378AD1-F25B-4C70-9D43-4C4A847ABA4A}.Release|ARM.Build.0 = Release|Any CPU
		{F1378AD1-F25B-4C70-9D43-4C4A847ABA4A}.Release|iPhone.ActiveCfg = Release|Any CPU
		{F1378AD1-F25B-4C70-9D43-4C4A847ABA4A}.Release|iPhone.Build.0 = Release|Any CPU
		{F1378AD1-F25B-4C70-9D43-4C4A847ABA4A}.Release|iPhoneSimulator.ActiveCfg = Release|Any CPU
		{F1378AD1-F25B-4C70-9D43-4C4A847ABA4A}.Release|iPhoneSimulator.Build.0 = Release|Any CPU
		{F1378AD1-F25B-4C70-9D43-4C4A847ABA4A}.Release|x64.ActiveCfg = Release|Any CPU
		{F1378AD1-F25B-4C70-9D43-4C4A847ABA4A}.Release|x64.Build.0 = Release|Any CPU
		{F1378AD1-F25B-4C70-9D43-4C4A847ABA4A}.Release|x86.ActiveCfg = Release|Any CPU
		{F1378AD1-F25B-4C70-9D43-4C4A847ABA4A}.Release|x86.Build.0 = Release|Any CPU
		{06DDDFC2-8F19-4130-996A-B57862DCBE07}.Ad-Hoc|Any CPU.ActiveCfg = Release|Any CPU
		{06DDDFC2-8F19-4130-996A-B57862DCBE07}.Ad-Hoc|Any CPU.Build.0 = Release|Any CPU
		{06DDDFC2-8F19-4130-996A-B57862DCBE07}.Ad-Hoc|ARM.ActiveCfg = Release|Any CPU
		{06DDDFC2-8F19-4130-996A-B57862DCBE07}.Ad-Hoc|ARM.Build.0 = Release|Any CPU
		{06DDDFC2-8F19-4130-996A-B57862DCBE07}.Ad-Hoc|iPhone.ActiveCfg = Release|Any CPU
		{06DDDFC2-8F19-4130-996A-B57862DCBE07}.Ad-Hoc|iPhone.Build.0 = Release|Any CPU
		{06DDDFC2-8F19-4130-996A-B57862DCBE07}.Ad-Hoc|iPhoneSimulator.ActiveCfg = Release|Any CPU
		{06DDDFC2-8F19-4130-996A-B57862DCBE07}.Ad-Hoc|iPhoneSimulator.Build.0 = Release|Any CPU
		{06DDDFC2-8F19-4130-996A-B57862DCBE07}.Ad-Hoc|x64.ActiveCfg = Release|Any CPU
		{06DDDFC2-8F19-4130-996A-B57862DCBE07}.Ad-Hoc|x64.Build.0 = Release|Any CPU
		{06DDDFC2-8F19-4130-996A-B57862DCBE07}.Ad-Hoc|x86.ActiveCfg = Release|Any CPU
		{06DDDFC2-8F19-4130-996A-B57862DCBE07}.Ad-Hoc|x86.Build.0 = Release|Any CPU
		{06DDDFC2-8F19-4130-996A-B57862DCBE07}.AppStore|Any CPU.ActiveCfg = Release|Any CPU
		{06DDDFC2-8F19-4130-996A-B57862DCBE07}.AppStore|Any CPU.Build.0 = Release|Any CPU
		{06DDDFC2-8F19-4130-996A-B57862DCBE07}.AppStore|ARM.ActiveCfg = Release|Any CPU
		{06DDDFC2-8F19-4130-996A-B57862DCBE07}.AppStore|ARM.Build.0 = Release|Any CPU
		{06DDDFC2-8F19-4130-996A-B57862DCBE07}.AppStore|iPhone.ActiveCfg = Release|Any CPU
		{06DDDFC2-8F19-4130-996A-B57862DCBE07}.AppStore|iPhone.Build.0 = Release|Any CPU
		{06DDDFC2-8F19-4130-996A-B57862DCBE07}.AppStore|iPhoneSimulator.ActiveCfg = Release|Any CPU
		{06DDDFC2-8F19-4130-996A-B57862DCBE07}.AppStore|iPhoneSimulator.Build.0 = Release|Any CPU
		{06DDDFC2-8F19-4130-996A-B57862DCBE07}.AppStore|x64.ActiveCfg = Release|Any CPU
		{06DDDFC2-8F19-4130-996A-B57862DCBE07}.AppStore|x64.Build.0 = Release|Any CPU
		{06DDDFC2-8F19-4130-996A-B57862DCBE07}.AppStore|x86.ActiveCfg = Release|Any CPU
		{06DDDFC2-8F19-4130-996A-B57862DCBE07}.AppStore|x86.Build.0 = Release|Any CPU
		{06DDDFC2-8F19-4130-996A-B57862DCBE07}.Debug|Any CPU.ActiveCfg = Debug|Any CPU
		{06DDDFC2-8F19-4130-996A-B57862DCBE07}.Debug|Any CPU.Build.0 = Debug|Any CPU
		{06DDDFC2-8F19-4130-996A-B57862DCBE07}.Debug|ARM.ActiveCfg = Debug|Any CPU
		{06DDDFC2-8F19-4130-996A-B57862DCBE07}.Debug|ARM.Build.0 = Debug|Any CPU
		{06DDDFC2-8F19-4130-996A-B57862DCBE07}.Debug|iPhone.ActiveCfg = Debug|Any CPU
		{06DDDFC2-8F19-4130-996A-B57862DCBE07}.Debug|iPhone.Build.0 = Debug|Any CPU
		{06DDDFC2-8F19-4130-996A-B57862DCBE07}.Debug|iPhoneSimulator.ActiveCfg = Debug|Any CPU
		{06DDDFC2-8F19-4130-996A-B57862DCBE07}.Debug|iPhoneSimulator.Build.0 = Debug|Any CPU
		{06DDDFC2-8F19-4130-996A-B57862DCBE07}.Debug|x64.ActiveCfg = Debug|Any CPU
		{06DDDFC2-8F19-4130-996A-B57862DCBE07}.Debug|x64.Build.0 = Debug|Any CPU
		{06DDDFC2-8F19-4130-996A-B57862DCBE07}.Debug|x86.ActiveCfg = Debug|Any CPU
		{06DDDFC2-8F19-4130-996A-B57862DCBE07}.Debug|x86.Build.0 = Debug|Any CPU
		{06DDDFC2-8F19-4130-996A-B57862DCBE07}.Release|Any CPU.ActiveCfg = Release|Any CPU
		{06DDDFC2-8F19-4130-996A-B57862DCBE07}.Release|Any CPU.Build.0 = Release|Any CPU
		{06DDDFC2-8F19-4130-996A-B57862DCBE07}.Release|ARM.ActiveCfg = Release|Any CPU
		{06DDDFC2-8F19-4130-996A-B57862DCBE07}.Release|ARM.Build.0 = Release|Any CPU
		{06DDDFC2-8F19-4130-996A-B57862DCBE07}.Release|iPhone.ActiveCfg = Release|Any CPU
		{06DDDFC2-8F19-4130-996A-B57862DCBE07}.Release|iPhone.Build.0 = Release|Any CPU
		{06DDDFC2-8F19-4130-996A-B57862DCBE07}.Release|iPhoneSimulator.ActiveCfg = Release|Any CPU
		{06DDDFC2-8F19-4130-996A-B57862DCBE07}.Release|iPhoneSimulator.Build.0 = Release|Any CPU
		{06DDDFC2-8F19-4130-996A-B57862DCBE07}.Release|x64.ActiveCfg = Release|Any CPU
		{06DDDFC2-8F19-4130-996A-B57862DCBE07}.Release|x64.Build.0 = Release|Any CPU
		{06DDDFC2-8F19-4130-996A-B57862DCBE07}.Release|x86.ActiveCfg = Release|Any CPU
		{06DDDFC2-8F19-4130-996A-B57862DCBE07}.Release|x86.Build.0 = Release|Any CPU
		{54DB0CCB-5D2F-4B8A-A2D3-D04A06235733}.Ad-Hoc|Any CPU.ActiveCfg = Release|Any CPU
		{54DB0CCB-5D2F-4B8A-A2D3-D04A06235733}.Ad-Hoc|Any CPU.Build.0 = Release|Any CPU
		{54DB0CCB-5D2F-4B8A-A2D3-D04A06235733}.Ad-Hoc|ARM.ActiveCfg = Release|Any CPU
		{54DB0CCB-5D2F-4B8A-A2D3-D04A06235733}.Ad-Hoc|ARM.Build.0 = Release|Any CPU
		{54DB0CCB-5D2F-4B8A-A2D3-D04A06235733}.Ad-Hoc|iPhone.ActiveCfg = Release|Any CPU
		{54DB0CCB-5D2F-4B8A-A2D3-D04A06235733}.Ad-Hoc|iPhone.Build.0 = Release|Any CPU
		{54DB0CCB-5D2F-4B8A-A2D3-D04A06235733}.Ad-Hoc|iPhoneSimulator.ActiveCfg = Release|Any CPU
		{54DB0CCB-5D2F-4B8A-A2D3-D04A06235733}.Ad-Hoc|iPhoneSimulator.Build.0 = Release|Any CPU
		{54DB0CCB-5D2F-4B8A-A2D3-D04A06235733}.Ad-Hoc|x64.ActiveCfg = Release|Any CPU
		{54DB0CCB-5D2F-4B8A-A2D3-D04A06235733}.Ad-Hoc|x64.Build.0 = Release|Any CPU
		{54DB0CCB-5D2F-4B8A-A2D3-D04A06235733}.Ad-Hoc|x86.ActiveCfg = Release|Any CPU
		{54DB0CCB-5D2F-4B8A-A2D3-D04A06235733}.Ad-Hoc|x86.Build.0 = Release|Any CPU
		{54DB0CCB-5D2F-4B8A-A2D3-D04A06235733}.AppStore|Any CPU.ActiveCfg = Release|Any CPU
		{54DB0CCB-5D2F-4B8A-A2D3-D04A06235733}.AppStore|Any CPU.Build.0 = Release|Any CPU
		{54DB0CCB-5D2F-4B8A-A2D3-D04A06235733}.AppStore|ARM.ActiveCfg = Release|Any CPU
		{54DB0CCB-5D2F-4B8A-A2D3-D04A06235733}.AppStore|ARM.Build.0 = Release|Any CPU
		{54DB0CCB-5D2F-4B8A-A2D3-D04A06235733}.AppStore|iPhone.ActiveCfg = Release|Any CPU
		{54DB0CCB-5D2F-4B8A-A2D3-D04A06235733}.AppStore|iPhone.Build.0 = Release|Any CPU
		{54DB0CCB-5D2F-4B8A-A2D3-D04A06235733}.AppStore|iPhoneSimulator.ActiveCfg = Release|Any CPU
		{54DB0CCB-5D2F-4B8A-A2D3-D04A06235733}.AppStore|iPhoneSimulator.Build.0 = Release|Any CPU
		{54DB0CCB-5D2F-4B8A-A2D3-D04A06235733}.AppStore|x64.ActiveCfg = Release|Any CPU
		{54DB0CCB-5D2F-4B8A-A2D3-D04A06235733}.AppStore|x64.Build.0 = Release|Any CPU
		{54DB0CCB-5D2F-4B8A-A2D3-D04A06235733}.AppStore|x86.ActiveCfg = Release|Any CPU
		{54DB0CCB-5D2F-4B8A-A2D3-D04A06235733}.AppStore|x86.Build.0 = Release|Any CPU
		{54DB0CCB-5D2F-4B8A-A2D3-D04A06235733}.Debug|Any CPU.ActiveCfg = Debug|Any CPU
		{54DB0CCB-5D2F-4B8A-A2D3-D04A06235733}.Debug|Any CPU.Build.0 = Debug|Any CPU
		{54DB0CCB-5D2F-4B8A-A2D3-D04A06235733}.Debug|ARM.ActiveCfg = Debug|Any CPU
		{54DB0CCB-5D2F-4B8A-A2D3-D04A06235733}.Debug|ARM.Build.0 = Debug|Any CPU
		{54DB0CCB-5D2F-4B8A-A2D3-D04A06235733}.Debug|iPhone.ActiveCfg = Debug|Any CPU
		{54DB0CCB-5D2F-4B8A-A2D3-D04A06235733}.Debug|iPhone.Build.0 = Debug|Any CPU
		{54DB0CCB-5D2F-4B8A-A2D3-D04A06235733}.Debug|iPhoneSimulator.ActiveCfg = Debug|Any CPU
		{54DB0CCB-5D2F-4B8A-A2D3-D04A06235733}.Debug|iPhoneSimulator.Build.0 = Debug|Any CPU
		{54DB0CCB-5D2F-4B8A-A2D3-D04A06235733}.Debug|x64.ActiveCfg = Debug|Any CPU
		{54DB0CCB-5D2F-4B8A-A2D3-D04A06235733}.Debug|x64.Build.0 = Debug|Any CPU
		{54DB0CCB-5D2F-4B8A-A2D3-D04A06235733}.Debug|x86.ActiveCfg = Debug|Any CPU
		{54DB0CCB-5D2F-4B8A-A2D3-D04A06235733}.Debug|x86.Build.0 = Debug|Any CPU
		{54DB0CCB-5D2F-4B8A-A2D3-D04A06235733}.Release|Any CPU.ActiveCfg = Release|Any CPU
		{54DB0CCB-5D2F-4B8A-A2D3-D04A06235733}.Release|Any CPU.Build.0 = Release|Any CPU
		{54DB0CCB-5D2F-4B8A-A2D3-D04A06235733}.Release|ARM.ActiveCfg = Release|Any CPU
		{54DB0CCB-5D2F-4B8A-A2D3-D04A06235733}.Release|ARM.Build.0 = Release|Any CPU
		{54DB0CCB-5D2F-4B8A-A2D3-D04A06235733}.Release|iPhone.ActiveCfg = Release|Any CPU
		{54DB0CCB-5D2F-4B8A-A2D3-D04A06235733}.Release|iPhone.Build.0 = Release|Any CPU
		{54DB0CCB-5D2F-4B8A-A2D3-D04A06235733}.Release|iPhoneSimulator.ActiveCfg = Release|Any CPU
		{54DB0CCB-5D2F-4B8A-A2D3-D04A06235733}.Release|iPhoneSimulator.Build.0 = Release|Any CPU
		{54DB0CCB-5D2F-4B8A-A2D3-D04A06235733}.Release|x64.ActiveCfg = Release|Any CPU
		{54DB0CCB-5D2F-4B8A-A2D3-D04A06235733}.Release|x64.Build.0 = Release|Any CPU
		{54DB0CCB-5D2F-4B8A-A2D3-D04A06235733}.Release|x86.ActiveCfg = Release|Any CPU
		{54DB0CCB-5D2F-4B8A-A2D3-D04A06235733}.Release|x86.Build.0 = Release|Any CPU
		{35674F8D-C3D5-43D7-8E74-DCC523483467}.Ad-Hoc|Any CPU.ActiveCfg = Release|Any CPU
		{35674F8D-C3D5-43D7-8E74-DCC523483467}.Ad-Hoc|Any CPU.Build.0 = Release|Any CPU
		{35674F8D-C3D5-43D7-8E74-DCC523483467}.Ad-Hoc|ARM.ActiveCfg = Release|Any CPU
		{35674F8D-C3D5-43D7-8E74-DCC523483467}.Ad-Hoc|ARM.Build.0 = Release|Any CPU
		{35674F8D-C3D5-43D7-8E74-DCC523483467}.Ad-Hoc|iPhone.ActiveCfg = Release|Any CPU
		{35674F8D-C3D5-43D7-8E74-DCC523483467}.Ad-Hoc|iPhone.Build.0 = Release|Any CPU
		{35674F8D-C3D5-43D7-8E74-DCC523483467}.Ad-Hoc|iPhoneSimulator.ActiveCfg = Release|Any CPU
		{35674F8D-C3D5-43D7-8E74-DCC523483467}.Ad-Hoc|iPhoneSimulator.Build.0 = Release|Any CPU
		{35674F8D-C3D5-43D7-8E74-DCC523483467}.Ad-Hoc|x64.ActiveCfg = Release|Any CPU
		{35674F8D-C3D5-43D7-8E74-DCC523483467}.Ad-Hoc|x64.Build.0 = Release|Any CPU
		{35674F8D-C3D5-43D7-8E74-DCC523483467}.Ad-Hoc|x86.ActiveCfg = Release|Any CPU
		{35674F8D-C3D5-43D7-8E74-DCC523483467}.Ad-Hoc|x86.Build.0 = Release|Any CPU
		{35674F8D-C3D5-43D7-8E74-DCC523483467}.AppStore|Any CPU.ActiveCfg = Release|Any CPU
		{35674F8D-C3D5-43D7-8E74-DCC523483467}.AppStore|Any CPU.Build.0 = Release|Any CPU
		{35674F8D-C3D5-43D7-8E74-DCC523483467}.AppStore|ARM.ActiveCfg = Release|Any CPU
		{35674F8D-C3D5-43D7-8E74-DCC523483467}.AppStore|ARM.Build.0 = Release|Any CPU
		{35674F8D-C3D5-43D7-8E74-DCC523483467}.AppStore|iPhone.ActiveCfg = Release|Any CPU
		{35674F8D-C3D5-43D7-8E74-DCC523483467}.AppStore|iPhone.Build.0 = Release|Any CPU
		{35674F8D-C3D5-43D7-8E74-DCC523483467}.AppStore|iPhoneSimulator.ActiveCfg = Release|Any CPU
		{35674F8D-C3D5-43D7-8E74-DCC523483467}.AppStore|iPhoneSimulator.Build.0 = Release|Any CPU
		{35674F8D-C3D5-43D7-8E74-DCC523483467}.AppStore|x64.ActiveCfg = Release|Any CPU
		{35674F8D-C3D5-43D7-8E74-DCC523483467}.AppStore|x64.Build.0 = Release|Any CPU
		{35674F8D-C3D5-43D7-8E74-DCC523483467}.AppStore|x86.ActiveCfg = Release|Any CPU
		{35674F8D-C3D5-43D7-8E74-DCC523483467}.AppStore|x86.Build.0 = Release|Any CPU
		{35674F8D-C3D5-43D7-8E74-DCC523483467}.Debug|Any CPU.ActiveCfg = Debug|Any CPU
		{35674F8D-C3D5-43D7-8E74-DCC523483467}.Debug|Any CPU.Build.0 = Debug|Any CPU
		{35674F8D-C3D5-43D7-8E74-DCC523483467}.Debug|ARM.ActiveCfg = Debug|Any CPU
		{35674F8D-C3D5-43D7-8E74-DCC523483467}.Debug|ARM.Build.0 = Debug|Any CPU
		{35674F8D-C3D5-43D7-8E74-DCC523483467}.Debug|iPhone.ActiveCfg = Debug|Any CPU
		{35674F8D-C3D5-43D7-8E74-DCC523483467}.Debug|iPhone.Build.0 = Debug|Any CPU
		{35674F8D-C3D5-43D7-8E74-DCC523483467}.Debug|iPhoneSimulator.ActiveCfg = Debug|Any CPU
		{35674F8D-C3D5-43D7-8E74-DCC523483467}.Debug|iPhoneSimulator.Build.0 = Debug|Any CPU
		{35674F8D-C3D5-43D7-8E74-DCC523483467}.Debug|x64.ActiveCfg = Debug|Any CPU
		{35674F8D-C3D5-43D7-8E74-DCC523483467}.Debug|x64.Build.0 = Debug|Any CPU
		{35674F8D-C3D5-43D7-8E74-DCC523483467}.Debug|x86.ActiveCfg = Debug|Any CPU
		{35674F8D-C3D5-43D7-8E74-DCC523483467}.Debug|x86.Build.0 = Debug|Any CPU
		{35674F8D-C3D5-43D7-8E74-DCC523483467}.Release|Any CPU.ActiveCfg = Release|Any CPU
		{35674F8D-C3D5-43D7-8E74-DCC523483467}.Release|Any CPU.Build.0 = Release|Any CPU
		{35674F8D-C3D5-43D7-8E74-DCC523483467}.Release|ARM.ActiveCfg = Release|Any CPU
		{35674F8D-C3D5-43D7-8E74-DCC523483467}.Release|ARM.Build.0 = Release|Any CPU
		{35674F8D-C3D5-43D7-8E74-DCC523483467}.Release|iPhone.ActiveCfg = Release|Any CPU
		{35674F8D-C3D5-43D7-8E74-DCC523483467}.Release|iPhone.Build.0 = Release|Any CPU
		{35674F8D-C3D5-43D7-8E74-DCC523483467}.Release|iPhoneSimulator.ActiveCfg = Release|Any CPU
		{35674F8D-C3D5-43D7-8E74-DCC523483467}.Release|iPhoneSimulator.Build.0 = Release|Any CPU
		{35674F8D-C3D5-43D7-8E74-DCC523483467}.Release|x64.ActiveCfg = Release|Any CPU
		{35674F8D-C3D5-43D7-8E74-DCC523483467}.Release|x64.Build.0 = Release|Any CPU
		{35674F8D-C3D5-43D7-8E74-DCC523483467}.Release|x86.ActiveCfg = Release|Any CPU
		{35674F8D-C3D5-43D7-8E74-DCC523483467}.Release|x86.Build.0 = Release|Any CPU
		{7026A575-41A9-43FD-B4CE-73FDD1A81B1E}.Ad-Hoc|Any CPU.ActiveCfg = Release|Any CPU
		{7026A575-41A9-43FD-B4CE-73FDD1A81B1E}.Ad-Hoc|Any CPU.Build.0 = Release|Any CPU
		{7026A575-41A9-43FD-B4CE-73FDD1A81B1E}.Ad-Hoc|ARM.ActiveCfg = Release|Any CPU
		{7026A575-41A9-43FD-B4CE-73FDD1A81B1E}.Ad-Hoc|ARM.Build.0 = Release|Any CPU
		{7026A575-41A9-43FD-B4CE-73FDD1A81B1E}.Ad-Hoc|iPhone.ActiveCfg = Release|Any CPU
		{7026A575-41A9-43FD-B4CE-73FDD1A81B1E}.Ad-Hoc|iPhone.Build.0 = Release|Any CPU
		{7026A575-41A9-43FD-B4CE-73FDD1A81B1E}.Ad-Hoc|iPhoneSimulator.ActiveCfg = Release|Any CPU
		{7026A575-41A9-43FD-B4CE-73FDD1A81B1E}.Ad-Hoc|iPhoneSimulator.Build.0 = Release|Any CPU
		{7026A575-41A9-43FD-B4CE-73FDD1A81B1E}.Ad-Hoc|x64.ActiveCfg = Release|Any CPU
		{7026A575-41A9-43FD-B4CE-73FDD1A81B1E}.Ad-Hoc|x64.Build.0 = Release|Any CPU
		{7026A575-41A9-43FD-B4CE-73FDD1A81B1E}.Ad-Hoc|x86.ActiveCfg = Release|Any CPU
		{7026A575-41A9-43FD-B4CE-73FDD1A81B1E}.Ad-Hoc|x86.Build.0 = Release|Any CPU
		{7026A575-41A9-43FD-B4CE-73FDD1A81B1E}.AppStore|Any CPU.ActiveCfg = Release|Any CPU
		{7026A575-41A9-43FD-B4CE-73FDD1A81B1E}.AppStore|Any CPU.Build.0 = Release|Any CPU
		{7026A575-41A9-43FD-B4CE-73FDD1A81B1E}.AppStore|ARM.ActiveCfg = Release|Any CPU
		{7026A575-41A9-43FD-B4CE-73FDD1A81B1E}.AppStore|ARM.Build.0 = Release|Any CPU
		{7026A575-41A9-43FD-B4CE-73FDD1A81B1E}.AppStore|iPhone.ActiveCfg = Release|Any CPU
		{7026A575-41A9-43FD-B4CE-73FDD1A81B1E}.AppStore|iPhone.Build.0 = Release|Any CPU
		{7026A575-41A9-43FD-B4CE-73FDD1A81B1E}.AppStore|iPhoneSimulator.ActiveCfg = Release|Any CPU
		{7026A575-41A9-43FD-B4CE-73FDD1A81B1E}.AppStore|iPhoneSimulator.Build.0 = Release|Any CPU
		{7026A575-41A9-43FD-B4CE-73FDD1A81B1E}.AppStore|x64.ActiveCfg = Release|Any CPU
		{7026A575-41A9-43FD-B4CE-73FDD1A81B1E}.AppStore|x64.Build.0 = Release|Any CPU
		{7026A575-41A9-43FD-B4CE-73FDD1A81B1E}.AppStore|x86.ActiveCfg = Release|Any CPU
		{7026A575-41A9-43FD-B4CE-73FDD1A81B1E}.AppStore|x86.Build.0 = Release|Any CPU
		{7026A575-41A9-43FD-B4CE-73FDD1A81B1E}.Debug|Any CPU.ActiveCfg = Debug|Any CPU
		{7026A575-41A9-43FD-B4CE-73FDD1A81B1E}.Debug|Any CPU.Build.0 = Debug|Any CPU
		{7026A575-41A9-43FD-B4CE-73FDD1A81B1E}.Debug|ARM.ActiveCfg = Debug|Any CPU
		{7026A575-41A9-43FD-B4CE-73FDD1A81B1E}.Debug|ARM.Build.0 = Debug|Any CPU
		{7026A575-41A9-43FD-B4CE-73FDD1A81B1E}.Debug|iPhone.ActiveCfg = Debug|Any CPU
		{7026A575-41A9-43FD-B4CE-73FDD1A81B1E}.Debug|iPhone.Build.0 = Debug|Any CPU
		{7026A575-41A9-43FD-B4CE-73FDD1A81B1E}.Debug|iPhoneSimulator.ActiveCfg = Debug|Any CPU
		{7026A575-41A9-43FD-B4CE-73FDD1A81B1E}.Debug|iPhoneSimulator.Build.0 = Debug|Any CPU
		{7026A575-41A9-43FD-B4CE-73FDD1A81B1E}.Debug|x64.ActiveCfg = Debug|Any CPU
		{7026A575-41A9-43FD-B4CE-73FDD1A81B1E}.Debug|x64.Build.0 = Debug|Any CPU
		{7026A575-41A9-43FD-B4CE-73FDD1A81B1E}.Debug|x86.ActiveCfg = Debug|Any CPU
		{7026A575-41A9-43FD-B4CE-73FDD1A81B1E}.Debug|x86.Build.0 = Debug|Any CPU
		{7026A575-41A9-43FD-B4CE-73FDD1A81B1E}.Release|Any CPU.ActiveCfg = Release|Any CPU
		{7026A575-41A9-43FD-B4CE-73FDD1A81B1E}.Release|Any CPU.Build.0 = Release|Any CPU
		{7026A575-41A9-43FD-B4CE-73FDD1A81B1E}.Release|ARM.ActiveCfg = Release|Any CPU
		{7026A575-41A9-43FD-B4CE-73FDD1A81B1E}.Release|ARM.Build.0 = Release|Any CPU
		{7026A575-41A9-43FD-B4CE-73FDD1A81B1E}.Release|iPhone.ActiveCfg = Release|Any CPU
		{7026A575-41A9-43FD-B4CE-73FDD1A81B1E}.Release|iPhone.Build.0 = Release|Any CPU
		{7026A575-41A9-43FD-B4CE-73FDD1A81B1E}.Release|iPhoneSimulator.ActiveCfg = Release|Any CPU
		{7026A575-41A9-43FD-B4CE-73FDD1A81B1E}.Release|iPhoneSimulator.Build.0 = Release|Any CPU
		{7026A575-41A9-43FD-B4CE-73FDD1A81B1E}.Release|x64.ActiveCfg = Release|Any CPU
		{7026A575-41A9-43FD-B4CE-73FDD1A81B1E}.Release|x64.Build.0 = Release|Any CPU
		{7026A575-41A9-43FD-B4CE-73FDD1A81B1E}.Release|x86.ActiveCfg = Release|Any CPU
		{7026A575-41A9-43FD-B4CE-73FDD1A81B1E}.Release|x86.Build.0 = Release|Any CPU
		{F732DD02-1D6F-42BC-BA2B-D5A3B61261FA}.Ad-Hoc|Any CPU.ActiveCfg = Release|Any CPU
		{F732DD02-1D6F-42BC-BA2B-D5A3B61261FA}.Ad-Hoc|Any CPU.Build.0 = Release|Any CPU
		{F732DD02-1D6F-42BC-BA2B-D5A3B61261FA}.Ad-Hoc|ARM.ActiveCfg = Release|Any CPU
		{F732DD02-1D6F-42BC-BA2B-D5A3B61261FA}.Ad-Hoc|ARM.Build.0 = Release|Any CPU
		{F732DD02-1D6F-42BC-BA2B-D5A3B61261FA}.Ad-Hoc|iPhone.ActiveCfg = Release|Any CPU
		{F732DD02-1D6F-42BC-BA2B-D5A3B61261FA}.Ad-Hoc|iPhone.Build.0 = Release|Any CPU
		{F732DD02-1D6F-42BC-BA2B-D5A3B61261FA}.Ad-Hoc|iPhoneSimulator.ActiveCfg = Release|Any CPU
		{F732DD02-1D6F-42BC-BA2B-D5A3B61261FA}.Ad-Hoc|iPhoneSimulator.Build.0 = Release|Any CPU
		{F732DD02-1D6F-42BC-BA2B-D5A3B61261FA}.Ad-Hoc|x64.ActiveCfg = Release|Any CPU
		{F732DD02-1D6F-42BC-BA2B-D5A3B61261FA}.Ad-Hoc|x64.Build.0 = Release|Any CPU
		{F732DD02-1D6F-42BC-BA2B-D5A3B61261FA}.Ad-Hoc|x86.ActiveCfg = Release|Any CPU
		{F732DD02-1D6F-42BC-BA2B-D5A3B61261FA}.Ad-Hoc|x86.Build.0 = Release|Any CPU
		{F732DD02-1D6F-42BC-BA2B-D5A3B61261FA}.AppStore|Any CPU.ActiveCfg = Release|Any CPU
		{F732DD02-1D6F-42BC-BA2B-D5A3B61261FA}.AppStore|Any CPU.Build.0 = Release|Any CPU
		{F732DD02-1D6F-42BC-BA2B-D5A3B61261FA}.AppStore|ARM.ActiveCfg = Release|Any CPU
		{F732DD02-1D6F-42BC-BA2B-D5A3B61261FA}.AppStore|ARM.Build.0 = Release|Any CPU
		{F732DD02-1D6F-42BC-BA2B-D5A3B61261FA}.AppStore|iPhone.ActiveCfg = Release|Any CPU
		{F732DD02-1D6F-42BC-BA2B-D5A3B61261FA}.AppStore|iPhone.Build.0 = Release|Any CPU
		{F732DD02-1D6F-42BC-BA2B-D5A3B61261FA}.AppStore|iPhoneSimulator.ActiveCfg = Release|Any CPU
		{F732DD02-1D6F-42BC-BA2B-D5A3B61261FA}.AppStore|iPhoneSimulator.Build.0 = Release|Any CPU
		{F732DD02-1D6F-42BC-BA2B-D5A3B61261FA}.AppStore|x64.ActiveCfg = Release|Any CPU
		{F732DD02-1D6F-42BC-BA2B-D5A3B61261FA}.AppStore|x64.Build.0 = Release|Any CPU
		{F732DD02-1D6F-42BC-BA2B-D5A3B61261FA}.AppStore|x86.ActiveCfg = Release|Any CPU
		{F732DD02-1D6F-42BC-BA2B-D5A3B61261FA}.AppStore|x86.Build.0 = Release|Any CPU
		{F732DD02-1D6F-42BC-BA2B-D5A3B61261FA}.Debug|Any CPU.ActiveCfg = Debug|Any CPU
		{F732DD02-1D6F-42BC-BA2B-D5A3B61261FA}.Debug|Any CPU.Build.0 = Debug|Any CPU
		{F732DD02-1D6F-42BC-BA2B-D5A3B61261FA}.Debug|ARM.ActiveCfg = Debug|Any CPU
		{F732DD02-1D6F-42BC-BA2B-D5A3B61261FA}.Debug|ARM.Build.0 = Debug|Any CPU
		{F732DD02-1D6F-42BC-BA2B-D5A3B61261FA}.Debug|iPhone.ActiveCfg = Debug|Any CPU
		{F732DD02-1D6F-42BC-BA2B-D5A3B61261FA}.Debug|iPhone.Build.0 = Debug|Any CPU
		{F732DD02-1D6F-42BC-BA2B-D5A3B61261FA}.Debug|iPhoneSimulator.ActiveCfg = Debug|Any CPU
		{F732DD02-1D6F-42BC-BA2B-D5A3B61261FA}.Debug|iPhoneSimulator.Build.0 = Debug|Any CPU
		{F732DD02-1D6F-42BC-BA2B-D5A3B61261FA}.Debug|x64.ActiveCfg = Debug|Any CPU
		{F732DD02-1D6F-42BC-BA2B-D5A3B61261FA}.Debug|x64.Build.0 = Debug|Any CPU
		{F732DD02-1D6F-42BC-BA2B-D5A3B61261FA}.Debug|x86.ActiveCfg = Debug|Any CPU
		{F732DD02-1D6F-42BC-BA2B-D5A3B61261FA}.Debug|x86.Build.0 = Debug|Any CPU
		{F732DD02-1D6F-42BC-BA2B-D5A3B61261FA}.Release|Any CPU.ActiveCfg = Release|Any CPU
		{F732DD02-1D6F-42BC-BA2B-D5A3B61261FA}.Release|Any CPU.Build.0 = Release|Any CPU
		{F732DD02-1D6F-42BC-BA2B-D5A3B61261FA}.Release|ARM.ActiveCfg = Release|Any CPU
		{F732DD02-1D6F-42BC-BA2B-D5A3B61261FA}.Release|ARM.Build.0 = Release|Any CPU
		{F732DD02-1D6F-42BC-BA2B-D5A3B61261FA}.Release|iPhone.ActiveCfg = Release|Any CPU
		{F732DD02-1D6F-42BC-BA2B-D5A3B61261FA}.Release|iPhone.Build.0 = Release|Any CPU
		{F732DD02-1D6F-42BC-BA2B-D5A3B61261FA}.Release|iPhoneSimulator.ActiveCfg = Release|Any CPU
		{F732DD02-1D6F-42BC-BA2B-D5A3B61261FA}.Release|iPhoneSimulator.Build.0 = Release|Any CPU
		{F732DD02-1D6F-42BC-BA2B-D5A3B61261FA}.Release|x64.ActiveCfg = Release|Any CPU
		{F732DD02-1D6F-42BC-BA2B-D5A3B61261FA}.Release|x64.Build.0 = Release|Any CPU
		{F732DD02-1D6F-42BC-BA2B-D5A3B61261FA}.Release|x86.ActiveCfg = Release|Any CPU
		{F732DD02-1D6F-42BC-BA2B-D5A3B61261FA}.Release|x86.Build.0 = Release|Any CPU
		{145990AF-58E6-49F8-AB7D-A170B77F3643}.Ad-Hoc|Any CPU.ActiveCfg = Release|Any CPU
		{145990AF-58E6-49F8-AB7D-A170B77F3643}.Ad-Hoc|Any CPU.Build.0 = Release|Any CPU
		{145990AF-58E6-49F8-AB7D-A170B77F3643}.Ad-Hoc|ARM.ActiveCfg = Release|Any CPU
		{145990AF-58E6-49F8-AB7D-A170B77F3643}.Ad-Hoc|ARM.Build.0 = Release|Any CPU
		{145990AF-58E6-49F8-AB7D-A170B77F3643}.Ad-Hoc|iPhone.ActiveCfg = Release|Any CPU
		{145990AF-58E6-49F8-AB7D-A170B77F3643}.Ad-Hoc|iPhone.Build.0 = Release|Any CPU
		{145990AF-58E6-49F8-AB7D-A170B77F3643}.Ad-Hoc|iPhoneSimulator.ActiveCfg = Release|Any CPU
		{145990AF-58E6-49F8-AB7D-A170B77F3643}.Ad-Hoc|iPhoneSimulator.Build.0 = Release|Any CPU
		{145990AF-58E6-49F8-AB7D-A170B77F3643}.Ad-Hoc|x64.ActiveCfg = Release|Any CPU
		{145990AF-58E6-49F8-AB7D-A170B77F3643}.Ad-Hoc|x64.Build.0 = Release|Any CPU
		{145990AF-58E6-49F8-AB7D-A170B77F3643}.Ad-Hoc|x86.ActiveCfg = Release|Any CPU
		{145990AF-58E6-49F8-AB7D-A170B77F3643}.Ad-Hoc|x86.Build.0 = Release|Any CPU
		{145990AF-58E6-49F8-AB7D-A170B77F3643}.AppStore|Any CPU.ActiveCfg = Release|Any CPU
		{145990AF-58E6-49F8-AB7D-A170B77F3643}.AppStore|Any CPU.Build.0 = Release|Any CPU
		{145990AF-58E6-49F8-AB7D-A170B77F3643}.AppStore|ARM.ActiveCfg = Release|Any CPU
		{145990AF-58E6-49F8-AB7D-A170B77F3643}.AppStore|ARM.Build.0 = Release|Any CPU
		{145990AF-58E6-49F8-AB7D-A170B77F3643}.AppStore|iPhone.ActiveCfg = Release|Any CPU
		{145990AF-58E6-49F8-AB7D-A170B77F3643}.AppStore|iPhone.Build.0 = Release|Any CPU
		{145990AF-58E6-49F8-AB7D-A170B77F3643}.AppStore|iPhoneSimulator.ActiveCfg = Release|Any CPU
		{145990AF-58E6-49F8-AB7D-A170B77F3643}.AppStore|iPhoneSimulator.Build.0 = Release|Any CPU
		{145990AF-58E6-49F8-AB7D-A170B77F3643}.AppStore|x64.ActiveCfg = Release|Any CPU
		{145990AF-58E6-49F8-AB7D-A170B77F3643}.AppStore|x64.Build.0 = Release|Any CPU
		{145990AF-58E6-49F8-AB7D-A170B77F3643}.AppStore|x86.ActiveCfg = Release|Any CPU
		{145990AF-58E6-49F8-AB7D-A170B77F3643}.AppStore|x86.Build.0 = Release|Any CPU
		{145990AF-58E6-49F8-AB7D-A170B77F3643}.Debug|Any CPU.ActiveCfg = Debug|Any CPU
		{145990AF-58E6-49F8-AB7D-A170B77F3643}.Debug|Any CPU.Build.0 = Debug|Any CPU
		{145990AF-58E6-49F8-AB7D-A170B77F3643}.Debug|ARM.ActiveCfg = Debug|Any CPU
		{145990AF-58E6-49F8-AB7D-A170B77F3643}.Debug|ARM.Build.0 = Debug|Any CPU
		{145990AF-58E6-49F8-AB7D-A170B77F3643}.Debug|iPhone.ActiveCfg = Debug|Any CPU
		{145990AF-58E6-49F8-AB7D-A170B77F3643}.Debug|iPhone.Build.0 = Debug|Any CPU
		{145990AF-58E6-49F8-AB7D-A170B77F3643}.Debug|iPhoneSimulator.ActiveCfg = Debug|Any CPU
		{145990AF-58E6-49F8-AB7D-A170B77F3643}.Debug|iPhoneSimulator.Build.0 = Debug|Any CPU
		{145990AF-58E6-49F8-AB7D-A170B77F3643}.Debug|x64.ActiveCfg = Debug|Any CPU
		{145990AF-58E6-49F8-AB7D-A170B77F3643}.Debug|x64.Build.0 = Debug|Any CPU
		{145990AF-58E6-49F8-AB7D-A170B77F3643}.Debug|x86.ActiveCfg = Debug|Any CPU
		{145990AF-58E6-49F8-AB7D-A170B77F3643}.Debug|x86.Build.0 = Debug|Any CPU
		{145990AF-58E6-49F8-AB7D-A170B77F3643}.Release|Any CPU.ActiveCfg = Release|Any CPU
		{145990AF-58E6-49F8-AB7D-A170B77F3643}.Release|Any CPU.Build.0 = Release|Any CPU
		{145990AF-58E6-49F8-AB7D-A170B77F3643}.Release|ARM.ActiveCfg = Release|Any CPU
		{145990AF-58E6-49F8-AB7D-A170B77F3643}.Release|ARM.Build.0 = Release|Any CPU
		{145990AF-58E6-49F8-AB7D-A170B77F3643}.Release|iPhone.ActiveCfg = Release|Any CPU
		{145990AF-58E6-49F8-AB7D-A170B77F3643}.Release|iPhone.Build.0 = Release|Any CPU
		{145990AF-58E6-49F8-AB7D-A170B77F3643}.Release|iPhoneSimulator.ActiveCfg = Release|Any CPU
		{145990AF-58E6-49F8-AB7D-A170B77F3643}.Release|iPhoneSimulator.Build.0 = Release|Any CPU
		{145990AF-58E6-49F8-AB7D-A170B77F3643}.Release|x64.ActiveCfg = Release|Any CPU
		{145990AF-58E6-49F8-AB7D-A170B77F3643}.Release|x64.Build.0 = Release|Any CPU
		{145990AF-58E6-49F8-AB7D-A170B77F3643}.Release|x86.ActiveCfg = Release|Any CPU
		{145990AF-58E6-49F8-AB7D-A170B77F3643}.Release|x86.Build.0 = Release|Any CPU
		{17ADBD9D-3F88-4B18-8E66-1723901CD73B}.Ad-Hoc|Any CPU.ActiveCfg = Release|Any CPU
		{17ADBD9D-3F88-4B18-8E66-1723901CD73B}.Ad-Hoc|Any CPU.Build.0 = Release|Any CPU
		{17ADBD9D-3F88-4B18-8E66-1723901CD73B}.Ad-Hoc|ARM.ActiveCfg = Release|Any CPU
		{17ADBD9D-3F88-4B18-8E66-1723901CD73B}.Ad-Hoc|ARM.Build.0 = Release|Any CPU
		{17ADBD9D-3F88-4B18-8E66-1723901CD73B}.Ad-Hoc|iPhone.ActiveCfg = Release|Any CPU
		{17ADBD9D-3F88-4B18-8E66-1723901CD73B}.Ad-Hoc|iPhone.Build.0 = Release|Any CPU
		{17ADBD9D-3F88-4B18-8E66-1723901CD73B}.Ad-Hoc|iPhoneSimulator.ActiveCfg = Release|Any CPU
		{17ADBD9D-3F88-4B18-8E66-1723901CD73B}.Ad-Hoc|iPhoneSimulator.Build.0 = Release|Any CPU
		{17ADBD9D-3F88-4B18-8E66-1723901CD73B}.Ad-Hoc|x64.ActiveCfg = Release|Any CPU
		{17ADBD9D-3F88-4B18-8E66-1723901CD73B}.Ad-Hoc|x64.Build.0 = Release|Any CPU
		{17ADBD9D-3F88-4B18-8E66-1723901CD73B}.Ad-Hoc|x86.ActiveCfg = Release|Any CPU
		{17ADBD9D-3F88-4B18-8E66-1723901CD73B}.Ad-Hoc|x86.Build.0 = Release|Any CPU
		{17ADBD9D-3F88-4B18-8E66-1723901CD73B}.AppStore|Any CPU.ActiveCfg = Release|Any CPU
		{17ADBD9D-3F88-4B18-8E66-1723901CD73B}.AppStore|Any CPU.Build.0 = Release|Any CPU
		{17ADBD9D-3F88-4B18-8E66-1723901CD73B}.AppStore|ARM.ActiveCfg = Release|Any CPU
		{17ADBD9D-3F88-4B18-8E66-1723901CD73B}.AppStore|ARM.Build.0 = Release|Any CPU
		{17ADBD9D-3F88-4B18-8E66-1723901CD73B}.AppStore|iPhone.ActiveCfg = Release|Any CPU
		{17ADBD9D-3F88-4B18-8E66-1723901CD73B}.AppStore|iPhone.Build.0 = Release|Any CPU
		{17ADBD9D-3F88-4B18-8E66-1723901CD73B}.AppStore|iPhoneSimulator.ActiveCfg = Release|Any CPU
		{17ADBD9D-3F88-4B18-8E66-1723901CD73B}.AppStore|iPhoneSimulator.Build.0 = Release|Any CPU
		{17ADBD9D-3F88-4B18-8E66-1723901CD73B}.AppStore|x64.ActiveCfg = Release|Any CPU
		{17ADBD9D-3F88-4B18-8E66-1723901CD73B}.AppStore|x64.Build.0 = Release|Any CPU
		{17ADBD9D-3F88-4B18-8E66-1723901CD73B}.AppStore|x86.ActiveCfg = Release|Any CPU
		{17ADBD9D-3F88-4B18-8E66-1723901CD73B}.AppStore|x86.Build.0 = Release|Any CPU
		{17ADBD9D-3F88-4B18-8E66-1723901CD73B}.Debug|Any CPU.ActiveCfg = Debug|Any CPU
		{17ADBD9D-3F88-4B18-8E66-1723901CD73B}.Debug|Any CPU.Build.0 = Debug|Any CPU
		{17ADBD9D-3F88-4B18-8E66-1723901CD73B}.Debug|ARM.ActiveCfg = Debug|Any CPU
		{17ADBD9D-3F88-4B18-8E66-1723901CD73B}.Debug|ARM.Build.0 = Debug|Any CPU
		{17ADBD9D-3F88-4B18-8E66-1723901CD73B}.Debug|iPhone.ActiveCfg = Debug|Any CPU
		{17ADBD9D-3F88-4B18-8E66-1723901CD73B}.Debug|iPhone.Build.0 = Debug|Any CPU
		{17ADBD9D-3F88-4B18-8E66-1723901CD73B}.Debug|iPhoneSimulator.ActiveCfg = Debug|Any CPU
		{17ADBD9D-3F88-4B18-8E66-1723901CD73B}.Debug|iPhoneSimulator.Build.0 = Debug|Any CPU
		{17ADBD9D-3F88-4B18-8E66-1723901CD73B}.Debug|x64.ActiveCfg = Debug|Any CPU
		{17ADBD9D-3F88-4B18-8E66-1723901CD73B}.Debug|x64.Build.0 = Debug|Any CPU
		{17ADBD9D-3F88-4B18-8E66-1723901CD73B}.Debug|x86.ActiveCfg = Debug|Any CPU
		{17ADBD9D-3F88-4B18-8E66-1723901CD73B}.Debug|x86.Build.0 = Debug|Any CPU
		{17ADBD9D-3F88-4B18-8E66-1723901CD73B}.Release|Any CPU.ActiveCfg = Release|Any CPU
		{17ADBD9D-3F88-4B18-8E66-1723901CD73B}.Release|Any CPU.Build.0 = Release|Any CPU
		{17ADBD9D-3F88-4B18-8E66-1723901CD73B}.Release|ARM.ActiveCfg = Release|Any CPU
		{17ADBD9D-3F88-4B18-8E66-1723901CD73B}.Release|ARM.Build.0 = Release|Any CPU
		{17ADBD9D-3F88-4B18-8E66-1723901CD73B}.Release|iPhone.ActiveCfg = Release|Any CPU
		{17ADBD9D-3F88-4B18-8E66-1723901CD73B}.Release|iPhone.Build.0 = Release|Any CPU
		{17ADBD9D-3F88-4B18-8E66-1723901CD73B}.Release|iPhoneSimulator.ActiveCfg = Release|Any CPU
		{17ADBD9D-3F88-4B18-8E66-1723901CD73B}.Release|iPhoneSimulator.Build.0 = Release|Any CPU
		{17ADBD9D-3F88-4B18-8E66-1723901CD73B}.Release|x64.ActiveCfg = Release|Any CPU
		{17ADBD9D-3F88-4B18-8E66-1723901CD73B}.Release|x64.Build.0 = Release|Any CPU
		{17ADBD9D-3F88-4B18-8E66-1723901CD73B}.Release|x86.ActiveCfg = Release|Any CPU
		{17ADBD9D-3F88-4B18-8E66-1723901CD73B}.Release|x86.Build.0 = Release|Any CPU
		{CFEC96BC-56DE-407D-BDBC-45294537879A}.Ad-Hoc|Any CPU.ActiveCfg = Release|Any CPU
		{CFEC96BC-56DE-407D-BDBC-45294537879A}.Ad-Hoc|Any CPU.Build.0 = Release|Any CPU
		{CFEC96BC-56DE-407D-BDBC-45294537879A}.Ad-Hoc|ARM.ActiveCfg = Release|Any CPU
		{CFEC96BC-56DE-407D-BDBC-45294537879A}.Ad-Hoc|ARM.Build.0 = Release|Any CPU
		{CFEC96BC-56DE-407D-BDBC-45294537879A}.Ad-Hoc|iPhone.ActiveCfg = Release|Any CPU
		{CFEC96BC-56DE-407D-BDBC-45294537879A}.Ad-Hoc|iPhone.Build.0 = Release|Any CPU
		{CFEC96BC-56DE-407D-BDBC-45294537879A}.Ad-Hoc|iPhoneSimulator.ActiveCfg = Release|Any CPU
		{CFEC96BC-56DE-407D-BDBC-45294537879A}.Ad-Hoc|iPhoneSimulator.Build.0 = Release|Any CPU
		{CFEC96BC-56DE-407D-BDBC-45294537879A}.Ad-Hoc|x64.ActiveCfg = Release|Any CPU
		{CFEC96BC-56DE-407D-BDBC-45294537879A}.Ad-Hoc|x64.Build.0 = Release|Any CPU
		{CFEC96BC-56DE-407D-BDBC-45294537879A}.Ad-Hoc|x86.ActiveCfg = Release|Any CPU
		{CFEC96BC-56DE-407D-BDBC-45294537879A}.Ad-Hoc|x86.Build.0 = Release|Any CPU
		{CFEC96BC-56DE-407D-BDBC-45294537879A}.AppStore|Any CPU.ActiveCfg = Release|Any CPU
		{CFEC96BC-56DE-407D-BDBC-45294537879A}.AppStore|Any CPU.Build.0 = Release|Any CPU
		{CFEC96BC-56DE-407D-BDBC-45294537879A}.AppStore|ARM.ActiveCfg = Release|Any CPU
		{CFEC96BC-56DE-407D-BDBC-45294537879A}.AppStore|ARM.Build.0 = Release|Any CPU
		{CFEC96BC-56DE-407D-BDBC-45294537879A}.AppStore|iPhone.ActiveCfg = Release|Any CPU
		{CFEC96BC-56DE-407D-BDBC-45294537879A}.AppStore|iPhone.Build.0 = Release|Any CPU
		{CFEC96BC-56DE-407D-BDBC-45294537879A}.AppStore|iPhoneSimulator.ActiveCfg = Release|Any CPU
		{CFEC96BC-56DE-407D-BDBC-45294537879A}.AppStore|iPhoneSimulator.Build.0 = Release|Any CPU
		{CFEC96BC-56DE-407D-BDBC-45294537879A}.AppStore|x64.ActiveCfg = Release|Any CPU
		{CFEC96BC-56DE-407D-BDBC-45294537879A}.AppStore|x64.Build.0 = Release|Any CPU
		{CFEC96BC-56DE-407D-BDBC-45294537879A}.AppStore|x86.ActiveCfg = Release|Any CPU
		{CFEC96BC-56DE-407D-BDBC-45294537879A}.AppStore|x86.Build.0 = Release|Any CPU
		{CFEC96BC-56DE-407D-BDBC-45294537879A}.Debug|Any CPU.ActiveCfg = Debug|Any CPU
		{CFEC96BC-56DE-407D-BDBC-45294537879A}.Debug|Any CPU.Build.0 = Debug|Any CPU
		{CFEC96BC-56DE-407D-BDBC-45294537879A}.Debug|ARM.ActiveCfg = Debug|Any CPU
		{CFEC96BC-56DE-407D-BDBC-45294537879A}.Debug|ARM.Build.0 = Debug|Any CPU
		{CFEC96BC-56DE-407D-BDBC-45294537879A}.Debug|iPhone.ActiveCfg = Debug|Any CPU
		{CFEC96BC-56DE-407D-BDBC-45294537879A}.Debug|iPhone.Build.0 = Debug|Any CPU
		{CFEC96BC-56DE-407D-BDBC-45294537879A}.Debug|iPhoneSimulator.ActiveCfg = Debug|Any CPU
		{CFEC96BC-56DE-407D-BDBC-45294537879A}.Debug|iPhoneSimulator.Build.0 = Debug|Any CPU
		{CFEC96BC-56DE-407D-BDBC-45294537879A}.Debug|x64.ActiveCfg = Debug|Any CPU
		{CFEC96BC-56DE-407D-BDBC-45294537879A}.Debug|x64.Build.0 = Debug|Any CPU
		{CFEC96BC-56DE-407D-BDBC-45294537879A}.Debug|x86.ActiveCfg = Debug|Any CPU
		{CFEC96BC-56DE-407D-BDBC-45294537879A}.Debug|x86.Build.0 = Debug|Any CPU
		{CFEC96BC-56DE-407D-BDBC-45294537879A}.Release|Any CPU.ActiveCfg = Release|Any CPU
		{CFEC96BC-56DE-407D-BDBC-45294537879A}.Release|Any CPU.Build.0 = Release|Any CPU
		{CFEC96BC-56DE-407D-BDBC-45294537879A}.Release|ARM.ActiveCfg = Release|Any CPU
		{CFEC96BC-56DE-407D-BDBC-45294537879A}.Release|ARM.Build.0 = Release|Any CPU
		{CFEC96BC-56DE-407D-BDBC-45294537879A}.Release|iPhone.ActiveCfg = Release|Any CPU
		{CFEC96BC-56DE-407D-BDBC-45294537879A}.Release|iPhone.Build.0 = Release|Any CPU
		{CFEC96BC-56DE-407D-BDBC-45294537879A}.Release|iPhoneSimulator.ActiveCfg = Release|Any CPU
		{CFEC96BC-56DE-407D-BDBC-45294537879A}.Release|iPhoneSimulator.Build.0 = Release|Any CPU
		{CFEC96BC-56DE-407D-BDBC-45294537879A}.Release|x64.ActiveCfg = Release|Any CPU
		{CFEC96BC-56DE-407D-BDBC-45294537879A}.Release|x64.Build.0 = Release|Any CPU
		{CFEC96BC-56DE-407D-BDBC-45294537879A}.Release|x86.ActiveCfg = Release|Any CPU
		{CFEC96BC-56DE-407D-BDBC-45294537879A}.Release|x86.Build.0 = Release|Any CPU
		{BD9EE774-8224-4DCA-B4BC-32D48D837908}.Ad-Hoc|Any CPU.ActiveCfg = Release|Any CPU
		{BD9EE774-8224-4DCA-B4BC-32D48D837908}.Ad-Hoc|Any CPU.Build.0 = Release|Any CPU
		{BD9EE774-8224-4DCA-B4BC-32D48D837908}.Ad-Hoc|ARM.ActiveCfg = Release|Any CPU
		{BD9EE774-8224-4DCA-B4BC-32D48D837908}.Ad-Hoc|ARM.Build.0 = Release|Any CPU
		{BD9EE774-8224-4DCA-B4BC-32D48D837908}.Ad-Hoc|iPhone.ActiveCfg = Release|Any CPU
		{BD9EE774-8224-4DCA-B4BC-32D48D837908}.Ad-Hoc|iPhone.Build.0 = Release|Any CPU
		{BD9EE774-8224-4DCA-B4BC-32D48D837908}.Ad-Hoc|iPhoneSimulator.ActiveCfg = Release|Any CPU
		{BD9EE774-8224-4DCA-B4BC-32D48D837908}.Ad-Hoc|iPhoneSimulator.Build.0 = Release|Any CPU
		{BD9EE774-8224-4DCA-B4BC-32D48D837908}.Ad-Hoc|x64.ActiveCfg = Release|Any CPU
		{BD9EE774-8224-4DCA-B4BC-32D48D837908}.Ad-Hoc|x64.Build.0 = Release|Any CPU
		{BD9EE774-8224-4DCA-B4BC-32D48D837908}.Ad-Hoc|x86.ActiveCfg = Release|Any CPU
		{BD9EE774-8224-4DCA-B4BC-32D48D837908}.Ad-Hoc|x86.Build.0 = Release|Any CPU
		{BD9EE774-8224-4DCA-B4BC-32D48D837908}.AppStore|Any CPU.ActiveCfg = Release|Any CPU
		{BD9EE774-8224-4DCA-B4BC-32D48D837908}.AppStore|Any CPU.Build.0 = Release|Any CPU
		{BD9EE774-8224-4DCA-B4BC-32D48D837908}.AppStore|ARM.ActiveCfg = Release|Any CPU
		{BD9EE774-8224-4DCA-B4BC-32D48D837908}.AppStore|ARM.Build.0 = Release|Any CPU
		{BD9EE774-8224-4DCA-B4BC-32D48D837908}.AppStore|iPhone.ActiveCfg = Release|Any CPU
		{BD9EE774-8224-4DCA-B4BC-32D48D837908}.AppStore|iPhone.Build.0 = Release|Any CPU
		{BD9EE774-8224-4DCA-B4BC-32D48D837908}.AppStore|iPhoneSimulator.ActiveCfg = Release|Any CPU
		{BD9EE774-8224-4DCA-B4BC-32D48D837908}.AppStore|iPhoneSimulator.Build.0 = Release|Any CPU
		{BD9EE774-8224-4DCA-B4BC-32D48D837908}.AppStore|x64.ActiveCfg = Release|Any CPU
		{BD9EE774-8224-4DCA-B4BC-32D48D837908}.AppStore|x64.Build.0 = Release|Any CPU
		{BD9EE774-8224-4DCA-B4BC-32D48D837908}.AppStore|x86.ActiveCfg = Release|Any CPU
		{BD9EE774-8224-4DCA-B4BC-32D48D837908}.AppStore|x86.Build.0 = Release|Any CPU
		{BD9EE774-8224-4DCA-B4BC-32D48D837908}.Debug|Any CPU.ActiveCfg = Debug|Any CPU
		{BD9EE774-8224-4DCA-B4BC-32D48D837908}.Debug|Any CPU.Build.0 = Debug|Any CPU
		{BD9EE774-8224-4DCA-B4BC-32D48D837908}.Debug|ARM.ActiveCfg = Debug|Any CPU
		{BD9EE774-8224-4DCA-B4BC-32D48D837908}.Debug|ARM.Build.0 = Debug|Any CPU
		{BD9EE774-8224-4DCA-B4BC-32D48D837908}.Debug|iPhone.ActiveCfg = Debug|Any CPU
		{BD9EE774-8224-4DCA-B4BC-32D48D837908}.Debug|iPhone.Build.0 = Debug|Any CPU
		{BD9EE774-8224-4DCA-B4BC-32D48D837908}.Debug|iPhoneSimulator.ActiveCfg = Debug|Any CPU
		{BD9EE774-8224-4DCA-B4BC-32D48D837908}.Debug|iPhoneSimulator.Build.0 = Debug|Any CPU
		{BD9EE774-8224-4DCA-B4BC-32D48D837908}.Debug|x64.ActiveCfg = Debug|Any CPU
		{BD9EE774-8224-4DCA-B4BC-32D48D837908}.Debug|x64.Build.0 = Debug|Any CPU
		{BD9EE774-8224-4DCA-B4BC-32D48D837908}.Debug|x86.ActiveCfg = Debug|Any CPU
		{BD9EE774-8224-4DCA-B4BC-32D48D837908}.Debug|x86.Build.0 = Debug|Any CPU
		{BD9EE774-8224-4DCA-B4BC-32D48D837908}.Release|Any CPU.ActiveCfg = Release|Any CPU
		{BD9EE774-8224-4DCA-B4BC-32D48D837908}.Release|Any CPU.Build.0 = Release|Any CPU
		{BD9EE774-8224-4DCA-B4BC-32D48D837908}.Release|ARM.ActiveCfg = Release|Any CPU
		{BD9EE774-8224-4DCA-B4BC-32D48D837908}.Release|ARM.Build.0 = Release|Any CPU
		{BD9EE774-8224-4DCA-B4BC-32D48D837908}.Release|iPhone.ActiveCfg = Release|Any CPU
		{BD9EE774-8224-4DCA-B4BC-32D48D837908}.Release|iPhone.Build.0 = Release|Any CPU
		{BD9EE774-8224-4DCA-B4BC-32D48D837908}.Release|iPhoneSimulator.ActiveCfg = Release|Any CPU
		{BD9EE774-8224-4DCA-B4BC-32D48D837908}.Release|iPhoneSimulator.Build.0 = Release|Any CPU
		{BD9EE774-8224-4DCA-B4BC-32D48D837908}.Release|x64.ActiveCfg = Release|Any CPU
		{BD9EE774-8224-4DCA-B4BC-32D48D837908}.Release|x64.Build.0 = Release|Any CPU
		{BD9EE774-8224-4DCA-B4BC-32D48D837908}.Release|x86.ActiveCfg = Release|Any CPU
		{BD9EE774-8224-4DCA-B4BC-32D48D837908}.Release|x86.Build.0 = Release|Any CPU
		{0EE7BB4B-0EFE-4638-8AED-B1D40F98EDE3}.Ad-Hoc|Any CPU.ActiveCfg = Release|Any CPU
		{0EE7BB4B-0EFE-4638-8AED-B1D40F98EDE3}.Ad-Hoc|Any CPU.Build.0 = Release|Any CPU
		{0EE7BB4B-0EFE-4638-8AED-B1D40F98EDE3}.Ad-Hoc|ARM.ActiveCfg = Release|Any CPU
		{0EE7BB4B-0EFE-4638-8AED-B1D40F98EDE3}.Ad-Hoc|ARM.Build.0 = Release|Any CPU
		{0EE7BB4B-0EFE-4638-8AED-B1D40F98EDE3}.Ad-Hoc|iPhone.ActiveCfg = Release|Any CPU
		{0EE7BB4B-0EFE-4638-8AED-B1D40F98EDE3}.Ad-Hoc|iPhone.Build.0 = Release|Any CPU
		{0EE7BB4B-0EFE-4638-8AED-B1D40F98EDE3}.Ad-Hoc|iPhoneSimulator.ActiveCfg = Release|Any CPU
		{0EE7BB4B-0EFE-4638-8AED-B1D40F98EDE3}.Ad-Hoc|iPhoneSimulator.Build.0 = Release|Any CPU
		{0EE7BB4B-0EFE-4638-8AED-B1D40F98EDE3}.Ad-Hoc|x64.ActiveCfg = Release|Any CPU
		{0EE7BB4B-0EFE-4638-8AED-B1D40F98EDE3}.Ad-Hoc|x64.Build.0 = Release|Any CPU
		{0EE7BB4B-0EFE-4638-8AED-B1D40F98EDE3}.Ad-Hoc|x86.ActiveCfg = Release|Any CPU
		{0EE7BB4B-0EFE-4638-8AED-B1D40F98EDE3}.Ad-Hoc|x86.Build.0 = Release|Any CPU
		{0EE7BB4B-0EFE-4638-8AED-B1D40F98EDE3}.AppStore|Any CPU.ActiveCfg = Release|Any CPU
		{0EE7BB4B-0EFE-4638-8AED-B1D40F98EDE3}.AppStore|Any CPU.Build.0 = Release|Any CPU
		{0EE7BB4B-0EFE-4638-8AED-B1D40F98EDE3}.AppStore|ARM.ActiveCfg = Release|Any CPU
		{0EE7BB4B-0EFE-4638-8AED-B1D40F98EDE3}.AppStore|ARM.Build.0 = Release|Any CPU
		{0EE7BB4B-0EFE-4638-8AED-B1D40F98EDE3}.AppStore|iPhone.ActiveCfg = Release|Any CPU
		{0EE7BB4B-0EFE-4638-8AED-B1D40F98EDE3}.AppStore|iPhone.Build.0 = Release|Any CPU
		{0EE7BB4B-0EFE-4638-8AED-B1D40F98EDE3}.AppStore|iPhoneSimulator.ActiveCfg = Release|Any CPU
		{0EE7BB4B-0EFE-4638-8AED-B1D40F98EDE3}.AppStore|iPhoneSimulator.Build.0 = Release|Any CPU
		{0EE7BB4B-0EFE-4638-8AED-B1D40F98EDE3}.AppStore|x64.ActiveCfg = Release|Any CPU
		{0EE7BB4B-0EFE-4638-8AED-B1D40F98EDE3}.AppStore|x64.Build.0 = Release|Any CPU
		{0EE7BB4B-0EFE-4638-8AED-B1D40F98EDE3}.AppStore|x86.ActiveCfg = Release|Any CPU
		{0EE7BB4B-0EFE-4638-8AED-B1D40F98EDE3}.AppStore|x86.Build.0 = Release|Any CPU
		{0EE7BB4B-0EFE-4638-8AED-B1D40F98EDE3}.Debug|Any CPU.ActiveCfg = Debug|Any CPU
		{0EE7BB4B-0EFE-4638-8AED-B1D40F98EDE3}.Debug|Any CPU.Build.0 = Debug|Any CPU
		{0EE7BB4B-0EFE-4638-8AED-B1D40F98EDE3}.Debug|ARM.ActiveCfg = Debug|Any CPU
		{0EE7BB4B-0EFE-4638-8AED-B1D40F98EDE3}.Debug|ARM.Build.0 = Debug|Any CPU
		{0EE7BB4B-0EFE-4638-8AED-B1D40F98EDE3}.Debug|iPhone.ActiveCfg = Debug|Any CPU
		{0EE7BB4B-0EFE-4638-8AED-B1D40F98EDE3}.Debug|iPhone.Build.0 = Debug|Any CPU
		{0EE7BB4B-0EFE-4638-8AED-B1D40F98EDE3}.Debug|iPhoneSimulator.ActiveCfg = Debug|Any CPU
		{0EE7BB4B-0EFE-4638-8AED-B1D40F98EDE3}.Debug|iPhoneSimulator.Build.0 = Debug|Any CPU
		{0EE7BB4B-0EFE-4638-8AED-B1D40F98EDE3}.Debug|x64.ActiveCfg = Debug|Any CPU
		{0EE7BB4B-0EFE-4638-8AED-B1D40F98EDE3}.Debug|x64.Build.0 = Debug|Any CPU
		{0EE7BB4B-0EFE-4638-8AED-B1D40F98EDE3}.Debug|x86.ActiveCfg = Debug|Any CPU
		{0EE7BB4B-0EFE-4638-8AED-B1D40F98EDE3}.Debug|x86.Build.0 = Debug|Any CPU
		{0EE7BB4B-0EFE-4638-8AED-B1D40F98EDE3}.Release|Any CPU.ActiveCfg = Release|Any CPU
		{0EE7BB4B-0EFE-4638-8AED-B1D40F98EDE3}.Release|Any CPU.Build.0 = Release|Any CPU
		{0EE7BB4B-0EFE-4638-8AED-B1D40F98EDE3}.Release|ARM.ActiveCfg = Release|Any CPU
		{0EE7BB4B-0EFE-4638-8AED-B1D40F98EDE3}.Release|ARM.Build.0 = Release|Any CPU
		{0EE7BB4B-0EFE-4638-8AED-B1D40F98EDE3}.Release|iPhone.ActiveCfg = Release|Any CPU
		{0EE7BB4B-0EFE-4638-8AED-B1D40F98EDE3}.Release|iPhone.Build.0 = Release|Any CPU
		{0EE7BB4B-0EFE-4638-8AED-B1D40F98EDE3}.Release|iPhoneSimulator.ActiveCfg = Release|Any CPU
		{0EE7BB4B-0EFE-4638-8AED-B1D40F98EDE3}.Release|iPhoneSimulator.Build.0 = Release|Any CPU
		{0EE7BB4B-0EFE-4638-8AED-B1D40F98EDE3}.Release|x64.ActiveCfg = Release|Any CPU
		{0EE7BB4B-0EFE-4638-8AED-B1D40F98EDE3}.Release|x64.Build.0 = Release|Any CPU
		{0EE7BB4B-0EFE-4638-8AED-B1D40F98EDE3}.Release|x86.ActiveCfg = Release|Any CPU
		{0EE7BB4B-0EFE-4638-8AED-B1D40F98EDE3}.Release|x86.Build.0 = Release|Any CPU
		{8F03ACB4-12BD-4C50-A6F4-078658973077}.Ad-Hoc|Any CPU.ActiveCfg = Release|Any CPU
		{8F03ACB4-12BD-4C50-A6F4-078658973077}.Ad-Hoc|Any CPU.Build.0 = Release|Any CPU
		{8F03ACB4-12BD-4C50-A6F4-078658973077}.Ad-Hoc|ARM.ActiveCfg = Release|Any CPU
		{8F03ACB4-12BD-4C50-A6F4-078658973077}.Ad-Hoc|ARM.Build.0 = Release|Any CPU
		{8F03ACB4-12BD-4C50-A6F4-078658973077}.Ad-Hoc|iPhone.ActiveCfg = Release|Any CPU
		{8F03ACB4-12BD-4C50-A6F4-078658973077}.Ad-Hoc|iPhone.Build.0 = Release|Any CPU
		{8F03ACB4-12BD-4C50-A6F4-078658973077}.Ad-Hoc|iPhoneSimulator.ActiveCfg = Release|Any CPU
		{8F03ACB4-12BD-4C50-A6F4-078658973077}.Ad-Hoc|iPhoneSimulator.Build.0 = Release|Any CPU
		{8F03ACB4-12BD-4C50-A6F4-078658973077}.Ad-Hoc|x64.ActiveCfg = Release|Any CPU
		{8F03ACB4-12BD-4C50-A6F4-078658973077}.Ad-Hoc|x64.Build.0 = Release|Any CPU
		{8F03ACB4-12BD-4C50-A6F4-078658973077}.Ad-Hoc|x86.ActiveCfg = Release|Any CPU
		{8F03ACB4-12BD-4C50-A6F4-078658973077}.Ad-Hoc|x86.Build.0 = Release|Any CPU
		{8F03ACB4-12BD-4C50-A6F4-078658973077}.AppStore|Any CPU.ActiveCfg = Release|Any CPU
		{8F03ACB4-12BD-4C50-A6F4-078658973077}.AppStore|Any CPU.Build.0 = Release|Any CPU
		{8F03ACB4-12BD-4C50-A6F4-078658973077}.AppStore|ARM.ActiveCfg = Release|Any CPU
		{8F03ACB4-12BD-4C50-A6F4-078658973077}.AppStore|ARM.Build.0 = Release|Any CPU
		{8F03ACB4-12BD-4C50-A6F4-078658973077}.AppStore|iPhone.ActiveCfg = Release|Any CPU
		{8F03ACB4-12BD-4C50-A6F4-078658973077}.AppStore|iPhone.Build.0 = Release|Any CPU
		{8F03ACB4-12BD-4C50-A6F4-078658973077}.AppStore|iPhoneSimulator.ActiveCfg = Release|Any CPU
		{8F03ACB4-12BD-4C50-A6F4-078658973077}.AppStore|iPhoneSimulator.Build.0 = Release|Any CPU
		{8F03ACB4-12BD-4C50-A6F4-078658973077}.AppStore|x64.ActiveCfg = Release|Any CPU
		{8F03ACB4-12BD-4C50-A6F4-078658973077}.AppStore|x64.Build.0 = Release|Any CPU
		{8F03ACB4-12BD-4C50-A6F4-078658973077}.AppStore|x86.ActiveCfg = Release|Any CPU
		{8F03ACB4-12BD-4C50-A6F4-078658973077}.AppStore|x86.Build.0 = Release|Any CPU
		{8F03ACB4-12BD-4C50-A6F4-078658973077}.Debug|Any CPU.ActiveCfg = Debug|Any CPU
		{8F03ACB4-12BD-4C50-A6F4-078658973077}.Debug|Any CPU.Build.0 = Debug|Any CPU
		{8F03ACB4-12BD-4C50-A6F4-078658973077}.Debug|ARM.ActiveCfg = Debug|Any CPU
		{8F03ACB4-12BD-4C50-A6F4-078658973077}.Debug|ARM.Build.0 = Debug|Any CPU
		{8F03ACB4-12BD-4C50-A6F4-078658973077}.Debug|iPhone.ActiveCfg = Debug|Any CPU
		{8F03ACB4-12BD-4C50-A6F4-078658973077}.Debug|iPhone.Build.0 = Debug|Any CPU
		{8F03ACB4-12BD-4C50-A6F4-078658973077}.Debug|iPhoneSimulator.ActiveCfg = Debug|Any CPU
		{8F03ACB4-12BD-4C50-A6F4-078658973077}.Debug|iPhoneSimulator.Build.0 = Debug|Any CPU
		{8F03ACB4-12BD-4C50-A6F4-078658973077}.Debug|x64.ActiveCfg = Debug|Any CPU
		{8F03ACB4-12BD-4C50-A6F4-078658973077}.Debug|x64.Build.0 = Debug|Any CPU
		{8F03ACB4-12BD-4C50-A6F4-078658973077}.Debug|x86.ActiveCfg = Debug|Any CPU
		{8F03ACB4-12BD-4C50-A6F4-078658973077}.Debug|x86.Build.0 = Debug|Any CPU
		{8F03ACB4-12BD-4C50-A6F4-078658973077}.Release|Any CPU.ActiveCfg = Release|Any CPU
		{8F03ACB4-12BD-4C50-A6F4-078658973077}.Release|Any CPU.Build.0 = Release|Any CPU
		{8F03ACB4-12BD-4C50-A6F4-078658973077}.Release|ARM.ActiveCfg = Release|Any CPU
		{8F03ACB4-12BD-4C50-A6F4-078658973077}.Release|ARM.Build.0 = Release|Any CPU
		{8F03ACB4-12BD-4C50-A6F4-078658973077}.Release|iPhone.ActiveCfg = Release|Any CPU
		{8F03ACB4-12BD-4C50-A6F4-078658973077}.Release|iPhone.Build.0 = Release|Any CPU
		{8F03ACB4-12BD-4C50-A6F4-078658973077}.Release|iPhoneSimulator.ActiveCfg = Release|Any CPU
		{8F03ACB4-12BD-4C50-A6F4-078658973077}.Release|iPhoneSimulator.Build.0 = Release|Any CPU
		{8F03ACB4-12BD-4C50-A6F4-078658973077}.Release|x64.ActiveCfg = Release|Any CPU
		{8F03ACB4-12BD-4C50-A6F4-078658973077}.Release|x64.Build.0 = Release|Any CPU
		{8F03ACB4-12BD-4C50-A6F4-078658973077}.Release|x86.ActiveCfg = Release|Any CPU
		{8F03ACB4-12BD-4C50-A6F4-078658973077}.Release|x86.Build.0 = Release|Any CPU
		{1D6DFF83-575F-4BE3-A51E-919F2D8DD71E}.Ad-Hoc|Any CPU.ActiveCfg = Release|Any CPU
		{1D6DFF83-575F-4BE3-A51E-919F2D8DD71E}.Ad-Hoc|Any CPU.Build.0 = Release|Any CPU
		{1D6DFF83-575F-4BE3-A51E-919F2D8DD71E}.Ad-Hoc|Any CPU.Deploy.0 = Release|Any CPU
		{1D6DFF83-575F-4BE3-A51E-919F2D8DD71E}.Ad-Hoc|ARM.ActiveCfg = Release|Any CPU
		{1D6DFF83-575F-4BE3-A51E-919F2D8DD71E}.Ad-Hoc|ARM.Build.0 = Release|Any CPU
		{1D6DFF83-575F-4BE3-A51E-919F2D8DD71E}.Ad-Hoc|ARM.Deploy.0 = Release|Any CPU
		{1D6DFF83-575F-4BE3-A51E-919F2D8DD71E}.Ad-Hoc|iPhone.ActiveCfg = Release|Any CPU
		{1D6DFF83-575F-4BE3-A51E-919F2D8DD71E}.Ad-Hoc|iPhone.Build.0 = Release|Any CPU
		{1D6DFF83-575F-4BE3-A51E-919F2D8DD71E}.Ad-Hoc|iPhone.Deploy.0 = Release|Any CPU
		{1D6DFF83-575F-4BE3-A51E-919F2D8DD71E}.Ad-Hoc|iPhoneSimulator.ActiveCfg = Release|Any CPU
		{1D6DFF83-575F-4BE3-A51E-919F2D8DD71E}.Ad-Hoc|iPhoneSimulator.Build.0 = Release|Any CPU
		{1D6DFF83-575F-4BE3-A51E-919F2D8DD71E}.Ad-Hoc|iPhoneSimulator.Deploy.0 = Release|Any CPU
		{1D6DFF83-575F-4BE3-A51E-919F2D8DD71E}.Ad-Hoc|x64.ActiveCfg = Release|Any CPU
		{1D6DFF83-575F-4BE3-A51E-919F2D8DD71E}.Ad-Hoc|x64.Build.0 = Release|Any CPU
		{1D6DFF83-575F-4BE3-A51E-919F2D8DD71E}.Ad-Hoc|x64.Deploy.0 = Release|Any CPU
		{1D6DFF83-575F-4BE3-A51E-919F2D8DD71E}.Ad-Hoc|x86.ActiveCfg = Release|Any CPU
		{1D6DFF83-575F-4BE3-A51E-919F2D8DD71E}.Ad-Hoc|x86.Build.0 = Release|Any CPU
		{1D6DFF83-575F-4BE3-A51E-919F2D8DD71E}.Ad-Hoc|x86.Deploy.0 = Release|Any CPU
		{1D6DFF83-575F-4BE3-A51E-919F2D8DD71E}.AppStore|Any CPU.ActiveCfg = Release|Any CPU
		{1D6DFF83-575F-4BE3-A51E-919F2D8DD71E}.AppStore|Any CPU.Build.0 = Release|Any CPU
		{1D6DFF83-575F-4BE3-A51E-919F2D8DD71E}.AppStore|Any CPU.Deploy.0 = Release|Any CPU
		{1D6DFF83-575F-4BE3-A51E-919F2D8DD71E}.AppStore|ARM.ActiveCfg = Release|Any CPU
		{1D6DFF83-575F-4BE3-A51E-919F2D8DD71E}.AppStore|ARM.Build.0 = Release|Any CPU
		{1D6DFF83-575F-4BE3-A51E-919F2D8DD71E}.AppStore|ARM.Deploy.0 = Release|Any CPU
		{1D6DFF83-575F-4BE3-A51E-919F2D8DD71E}.AppStore|iPhone.ActiveCfg = Release|Any CPU
		{1D6DFF83-575F-4BE3-A51E-919F2D8DD71E}.AppStore|iPhone.Build.0 = Release|Any CPU
		{1D6DFF83-575F-4BE3-A51E-919F2D8DD71E}.AppStore|iPhone.Deploy.0 = Release|Any CPU
		{1D6DFF83-575F-4BE3-A51E-919F2D8DD71E}.AppStore|iPhoneSimulator.ActiveCfg = Release|Any CPU
		{1D6DFF83-575F-4BE3-A51E-919F2D8DD71E}.AppStore|iPhoneSimulator.Build.0 = Release|Any CPU
		{1D6DFF83-575F-4BE3-A51E-919F2D8DD71E}.AppStore|iPhoneSimulator.Deploy.0 = Release|Any CPU
		{1D6DFF83-575F-4BE3-A51E-919F2D8DD71E}.AppStore|x64.ActiveCfg = Release|Any CPU
		{1D6DFF83-575F-4BE3-A51E-919F2D8DD71E}.AppStore|x64.Build.0 = Release|Any CPU
		{1D6DFF83-575F-4BE3-A51E-919F2D8DD71E}.AppStore|x64.Deploy.0 = Release|Any CPU
		{1D6DFF83-575F-4BE3-A51E-919F2D8DD71E}.AppStore|x86.ActiveCfg = Release|Any CPU
		{1D6DFF83-575F-4BE3-A51E-919F2D8DD71E}.AppStore|x86.Build.0 = Release|Any CPU
		{1D6DFF83-575F-4BE3-A51E-919F2D8DD71E}.AppStore|x86.Deploy.0 = Release|Any CPU
		{1D6DFF83-575F-4BE3-A51E-919F2D8DD71E}.Debug|Any CPU.ActiveCfg = Debug|Any CPU
		{1D6DFF83-575F-4BE3-A51E-919F2D8DD71E}.Debug|Any CPU.Build.0 = Debug|Any CPU
		{1D6DFF83-575F-4BE3-A51E-919F2D8DD71E}.Debug|Any CPU.Deploy.0 = Debug|Any CPU
		{1D6DFF83-575F-4BE3-A51E-919F2D8DD71E}.Debug|ARM.ActiveCfg = Debug|Any CPU
		{1D6DFF83-575F-4BE3-A51E-919F2D8DD71E}.Debug|ARM.Build.0 = Debug|Any CPU
		{1D6DFF83-575F-4BE3-A51E-919F2D8DD71E}.Debug|ARM.Deploy.0 = Debug|Any CPU
		{1D6DFF83-575F-4BE3-A51E-919F2D8DD71E}.Debug|iPhone.ActiveCfg = Debug|Any CPU
		{1D6DFF83-575F-4BE3-A51E-919F2D8DD71E}.Debug|iPhone.Build.0 = Debug|Any CPU
		{1D6DFF83-575F-4BE3-A51E-919F2D8DD71E}.Debug|iPhone.Deploy.0 = Debug|Any CPU
		{1D6DFF83-575F-4BE3-A51E-919F2D8DD71E}.Debug|iPhoneSimulator.ActiveCfg = Debug|Any CPU
		{1D6DFF83-575F-4BE3-A51E-919F2D8DD71E}.Debug|iPhoneSimulator.Build.0 = Debug|Any CPU
		{1D6DFF83-575F-4BE3-A51E-919F2D8DD71E}.Debug|iPhoneSimulator.Deploy.0 = Debug|Any CPU
		{1D6DFF83-575F-4BE3-A51E-919F2D8DD71E}.Debug|x64.ActiveCfg = Debug|Any CPU
		{1D6DFF83-575F-4BE3-A51E-919F2D8DD71E}.Debug|x64.Build.0 = Debug|Any CPU
		{1D6DFF83-575F-4BE3-A51E-919F2D8DD71E}.Debug|x64.Deploy.0 = Debug|Any CPU
		{1D6DFF83-575F-4BE3-A51E-919F2D8DD71E}.Debug|x86.ActiveCfg = Debug|Any CPU
		{1D6DFF83-575F-4BE3-A51E-919F2D8DD71E}.Debug|x86.Build.0 = Debug|Any CPU
		{1D6DFF83-575F-4BE3-A51E-919F2D8DD71E}.Debug|x86.Deploy.0 = Debug|Any CPU
		{1D6DFF83-575F-4BE3-A51E-919F2D8DD71E}.Release|Any CPU.ActiveCfg = Release|Any CPU
		{1D6DFF83-575F-4BE3-A51E-919F2D8DD71E}.Release|Any CPU.Build.0 = Release|Any CPU
		{1D6DFF83-575F-4BE3-A51E-919F2D8DD71E}.Release|Any CPU.Deploy.0 = Release|Any CPU
		{1D6DFF83-575F-4BE3-A51E-919F2D8DD71E}.Release|ARM.ActiveCfg = Release|Any CPU
		{1D6DFF83-575F-4BE3-A51E-919F2D8DD71E}.Release|ARM.Build.0 = Release|Any CPU
		{1D6DFF83-575F-4BE3-A51E-919F2D8DD71E}.Release|ARM.Deploy.0 = Release|Any CPU
		{1D6DFF83-575F-4BE3-A51E-919F2D8DD71E}.Release|iPhone.ActiveCfg = Release|Any CPU
		{1D6DFF83-575F-4BE3-A51E-919F2D8DD71E}.Release|iPhone.Build.0 = Release|Any CPU
		{1D6DFF83-575F-4BE3-A51E-919F2D8DD71E}.Release|iPhone.Deploy.0 = Release|Any CPU
		{1D6DFF83-575F-4BE3-A51E-919F2D8DD71E}.Release|iPhoneSimulator.ActiveCfg = Release|Any CPU
		{1D6DFF83-575F-4BE3-A51E-919F2D8DD71E}.Release|iPhoneSimulator.Build.0 = Release|Any CPU
		{1D6DFF83-575F-4BE3-A51E-919F2D8DD71E}.Release|iPhoneSimulator.Deploy.0 = Release|Any CPU
		{1D6DFF83-575F-4BE3-A51E-919F2D8DD71E}.Release|x64.ActiveCfg = Release|Any CPU
		{1D6DFF83-575F-4BE3-A51E-919F2D8DD71E}.Release|x64.Build.0 = Release|Any CPU
		{1D6DFF83-575F-4BE3-A51E-919F2D8DD71E}.Release|x64.Deploy.0 = Release|Any CPU
		{1D6DFF83-575F-4BE3-A51E-919F2D8DD71E}.Release|x86.ActiveCfg = Release|Any CPU
		{1D6DFF83-575F-4BE3-A51E-919F2D8DD71E}.Release|x86.Build.0 = Release|Any CPU
		{1D6DFF83-575F-4BE3-A51E-919F2D8DD71E}.Release|x86.Deploy.0 = Release|Any CPU
		{E57E5DC9-993C-4EBF-B2B7-346B99B03663}.Ad-Hoc|Any CPU.ActiveCfg = Ad-Hoc|iPhone
		{E57E5DC9-993C-4EBF-B2B7-346B99B03663}.Ad-Hoc|ARM.ActiveCfg = Ad-Hoc|iPhone
		{E57E5DC9-993C-4EBF-B2B7-346B99B03663}.Ad-Hoc|iPhone.ActiveCfg = Ad-Hoc|iPhone
		{E57E5DC9-993C-4EBF-B2B7-346B99B03663}.Ad-Hoc|iPhone.Build.0 = Ad-Hoc|iPhone
		{E57E5DC9-993C-4EBF-B2B7-346B99B03663}.Ad-Hoc|iPhoneSimulator.ActiveCfg = Ad-Hoc|iPhoneSimulator
		{E57E5DC9-993C-4EBF-B2B7-346B99B03663}.Ad-Hoc|iPhoneSimulator.Build.0 = Ad-Hoc|iPhoneSimulator
		{E57E5DC9-993C-4EBF-B2B7-346B99B03663}.Ad-Hoc|x64.ActiveCfg = Ad-Hoc|iPhone
		{E57E5DC9-993C-4EBF-B2B7-346B99B03663}.Ad-Hoc|x86.ActiveCfg = Ad-Hoc|iPhone
		{E57E5DC9-993C-4EBF-B2B7-346B99B03663}.AppStore|Any CPU.ActiveCfg = AppStore|iPhone
		{E57E5DC9-993C-4EBF-B2B7-346B99B03663}.AppStore|ARM.ActiveCfg = AppStore|iPhone
		{E57E5DC9-993C-4EBF-B2B7-346B99B03663}.AppStore|iPhone.ActiveCfg = AppStore|iPhone
		{E57E5DC9-993C-4EBF-B2B7-346B99B03663}.AppStore|iPhone.Build.0 = AppStore|iPhone
		{E57E5DC9-993C-4EBF-B2B7-346B99B03663}.AppStore|iPhoneSimulator.ActiveCfg = AppStore|iPhoneSimulator
		{E57E5DC9-993C-4EBF-B2B7-346B99B03663}.AppStore|iPhoneSimulator.Build.0 = AppStore|iPhoneSimulator
		{E57E5DC9-993C-4EBF-B2B7-346B99B03663}.AppStore|x64.ActiveCfg = AppStore|iPhone
		{E57E5DC9-993C-4EBF-B2B7-346B99B03663}.AppStore|x86.ActiveCfg = AppStore|iPhone
		{E57E5DC9-993C-4EBF-B2B7-346B99B03663}.Debug|Any CPU.ActiveCfg = Debug|iPhone
		{E57E5DC9-993C-4EBF-B2B7-346B99B03663}.Debug|Any CPU.Build.0 = Debug|iPhone
		{E57E5DC9-993C-4EBF-B2B7-346B99B03663}.Debug|ARM.ActiveCfg = Debug|iPhone
		{E57E5DC9-993C-4EBF-B2B7-346B99B03663}.Debug|iPhone.ActiveCfg = Debug|iPhone
		{E57E5DC9-993C-4EBF-B2B7-346B99B03663}.Debug|iPhone.Build.0 = Debug|iPhone
		{E57E5DC9-993C-4EBF-B2B7-346B99B03663}.Debug|iPhoneSimulator.ActiveCfg = Debug|iPhoneSimulator
		{E57E5DC9-993C-4EBF-B2B7-346B99B03663}.Debug|iPhoneSimulator.Build.0 = Debug|iPhoneSimulator
		{E57E5DC9-993C-4EBF-B2B7-346B99B03663}.Debug|x64.ActiveCfg = Debug|iPhone
		{E57E5DC9-993C-4EBF-B2B7-346B99B03663}.Debug|x86.ActiveCfg = Debug|iPhone
		{E57E5DC9-993C-4EBF-B2B7-346B99B03663}.Release|Any CPU.ActiveCfg = Release|iPhone
		{E57E5DC9-993C-4EBF-B2B7-346B99B03663}.Release|ARM.ActiveCfg = Release|iPhone
		{E57E5DC9-993C-4EBF-B2B7-346B99B03663}.Release|iPhone.ActiveCfg = Release|iPhone
		{E57E5DC9-993C-4EBF-B2B7-346B99B03663}.Release|iPhone.Build.0 = Release|iPhone
		{E57E5DC9-993C-4EBF-B2B7-346B99B03663}.Release|iPhoneSimulator.ActiveCfg = Release|iPhoneSimulator
		{E57E5DC9-993C-4EBF-B2B7-346B99B03663}.Release|iPhoneSimulator.Build.0 = Release|iPhoneSimulator
		{E57E5DC9-993C-4EBF-B2B7-346B99B03663}.Release|x64.ActiveCfg = Release|iPhone
		{E57E5DC9-993C-4EBF-B2B7-346B99B03663}.Release|x86.ActiveCfg = Release|iPhone
		{4E8D19E6-9DED-4E84-9AD2-838EF1A91867}.Ad-Hoc|Any CPU.ActiveCfg = Release|Any CPU
		{4E8D19E6-9DED-4E84-9AD2-838EF1A91867}.Ad-Hoc|Any CPU.Build.0 = Release|Any CPU
		{4E8D19E6-9DED-4E84-9AD2-838EF1A91867}.Ad-Hoc|Any CPU.Deploy.0 = Release|Any CPU
		{4E8D19E6-9DED-4E84-9AD2-838EF1A91867}.Ad-Hoc|ARM.ActiveCfg = Release|ARM
		{4E8D19E6-9DED-4E84-9AD2-838EF1A91867}.Ad-Hoc|ARM.Build.0 = Release|ARM
		{4E8D19E6-9DED-4E84-9AD2-838EF1A91867}.Ad-Hoc|ARM.Deploy.0 = Release|ARM
		{4E8D19E6-9DED-4E84-9AD2-838EF1A91867}.Ad-Hoc|iPhone.ActiveCfg = Release|Any CPU
		{4E8D19E6-9DED-4E84-9AD2-838EF1A91867}.Ad-Hoc|iPhone.Build.0 = Release|Any CPU
		{4E8D19E6-9DED-4E84-9AD2-838EF1A91867}.Ad-Hoc|iPhone.Deploy.0 = Release|Any CPU
		{4E8D19E6-9DED-4E84-9AD2-838EF1A91867}.Ad-Hoc|iPhoneSimulator.ActiveCfg = Release|Any CPU
		{4E8D19E6-9DED-4E84-9AD2-838EF1A91867}.Ad-Hoc|iPhoneSimulator.Build.0 = Release|Any CPU
		{4E8D19E6-9DED-4E84-9AD2-838EF1A91867}.Ad-Hoc|iPhoneSimulator.Deploy.0 = Release|Any CPU
		{4E8D19E6-9DED-4E84-9AD2-838EF1A91867}.Ad-Hoc|x64.ActiveCfg = Release|Any CPU
		{4E8D19E6-9DED-4E84-9AD2-838EF1A91867}.Ad-Hoc|x64.Build.0 = Release|Any CPU
		{4E8D19E6-9DED-4E84-9AD2-838EF1A91867}.Ad-Hoc|x64.Deploy.0 = Release|Any CPU
		{4E8D19E6-9DED-4E84-9AD2-838EF1A91867}.Ad-Hoc|x86.ActiveCfg = Release|x86
		{4E8D19E6-9DED-4E84-9AD2-838EF1A91867}.Ad-Hoc|x86.Build.0 = Release|x86
		{4E8D19E6-9DED-4E84-9AD2-838EF1A91867}.Ad-Hoc|x86.Deploy.0 = Release|x86
		{4E8D19E6-9DED-4E84-9AD2-838EF1A91867}.AppStore|Any CPU.ActiveCfg = Release|Any CPU
		{4E8D19E6-9DED-4E84-9AD2-838EF1A91867}.AppStore|Any CPU.Build.0 = Release|Any CPU
		{4E8D19E6-9DED-4E84-9AD2-838EF1A91867}.AppStore|Any CPU.Deploy.0 = Release|Any CPU
		{4E8D19E6-9DED-4E84-9AD2-838EF1A91867}.AppStore|ARM.ActiveCfg = Release|ARM
		{4E8D19E6-9DED-4E84-9AD2-838EF1A91867}.AppStore|ARM.Build.0 = Release|ARM
		{4E8D19E6-9DED-4E84-9AD2-838EF1A91867}.AppStore|ARM.Deploy.0 = Release|ARM
		{4E8D19E6-9DED-4E84-9AD2-838EF1A91867}.AppStore|iPhone.ActiveCfg = Release|Any CPU
		{4E8D19E6-9DED-4E84-9AD2-838EF1A91867}.AppStore|iPhone.Build.0 = Release|Any CPU
		{4E8D19E6-9DED-4E84-9AD2-838EF1A91867}.AppStore|iPhone.Deploy.0 = Release|Any CPU
		{4E8D19E6-9DED-4E84-9AD2-838EF1A91867}.AppStore|iPhoneSimulator.ActiveCfg = Release|Any CPU
		{4E8D19E6-9DED-4E84-9AD2-838EF1A91867}.AppStore|iPhoneSimulator.Build.0 = Release|Any CPU
		{4E8D19E6-9DED-4E84-9AD2-838EF1A91867}.AppStore|iPhoneSimulator.Deploy.0 = Release|Any CPU
		{4E8D19E6-9DED-4E84-9AD2-838EF1A91867}.AppStore|x64.ActiveCfg = Release|Any CPU
		{4E8D19E6-9DED-4E84-9AD2-838EF1A91867}.AppStore|x64.Build.0 = Release|Any CPU
		{4E8D19E6-9DED-4E84-9AD2-838EF1A91867}.AppStore|x64.Deploy.0 = Release|Any CPU
		{4E8D19E6-9DED-4E84-9AD2-838EF1A91867}.AppStore|x86.ActiveCfg = Release|x86
		{4E8D19E6-9DED-4E84-9AD2-838EF1A91867}.AppStore|x86.Build.0 = Release|x86
		{4E8D19E6-9DED-4E84-9AD2-838EF1A91867}.AppStore|x86.Deploy.0 = Release|x86
		{4E8D19E6-9DED-4E84-9AD2-838EF1A91867}.Debug|Any CPU.ActiveCfg = Debug|Any CPU
		{4E8D19E6-9DED-4E84-9AD2-838EF1A91867}.Debug|Any CPU.Build.0 = Debug|Any CPU
		{4E8D19E6-9DED-4E84-9AD2-838EF1A91867}.Debug|Any CPU.Deploy.0 = Debug|Any CPU
		{4E8D19E6-9DED-4E84-9AD2-838EF1A91867}.Debug|ARM.ActiveCfg = Debug|ARM
		{4E8D19E6-9DED-4E84-9AD2-838EF1A91867}.Debug|ARM.Build.0 = Debug|ARM
		{4E8D19E6-9DED-4E84-9AD2-838EF1A91867}.Debug|ARM.Deploy.0 = Debug|ARM
		{4E8D19E6-9DED-4E84-9AD2-838EF1A91867}.Debug|iPhone.ActiveCfg = Debug|Any CPU
		{4E8D19E6-9DED-4E84-9AD2-838EF1A91867}.Debug|iPhone.Build.0 = Debug|Any CPU
		{4E8D19E6-9DED-4E84-9AD2-838EF1A91867}.Debug|iPhone.Deploy.0 = Debug|Any CPU
		{4E8D19E6-9DED-4E84-9AD2-838EF1A91867}.Debug|iPhoneSimulator.ActiveCfg = Debug|Any CPU
		{4E8D19E6-9DED-4E84-9AD2-838EF1A91867}.Debug|iPhoneSimulator.Build.0 = Debug|Any CPU
		{4E8D19E6-9DED-4E84-9AD2-838EF1A91867}.Debug|iPhoneSimulator.Deploy.0 = Debug|Any CPU
		{4E8D19E6-9DED-4E84-9AD2-838EF1A91867}.Debug|x64.ActiveCfg = Debug|Any CPU
		{4E8D19E6-9DED-4E84-9AD2-838EF1A91867}.Debug|x64.Build.0 = Debug|Any CPU
		{4E8D19E6-9DED-4E84-9AD2-838EF1A91867}.Debug|x64.Deploy.0 = Debug|Any CPU
		{4E8D19E6-9DED-4E84-9AD2-838EF1A91867}.Debug|x86.ActiveCfg = Debug|x86
		{4E8D19E6-9DED-4E84-9AD2-838EF1A91867}.Debug|x86.Build.0 = Debug|x86
		{4E8D19E6-9DED-4E84-9AD2-838EF1A91867}.Debug|x86.Deploy.0 = Debug|x86
		{4E8D19E6-9DED-4E84-9AD2-838EF1A91867}.Release|Any CPU.ActiveCfg = Release|Any CPU
		{4E8D19E6-9DED-4E84-9AD2-838EF1A91867}.Release|Any CPU.Build.0 = Release|Any CPU
		{4E8D19E6-9DED-4E84-9AD2-838EF1A91867}.Release|Any CPU.Deploy.0 = Release|Any CPU
		{4E8D19E6-9DED-4E84-9AD2-838EF1A91867}.Release|ARM.ActiveCfg = Release|ARM
		{4E8D19E6-9DED-4E84-9AD2-838EF1A91867}.Release|ARM.Build.0 = Release|ARM
		{4E8D19E6-9DED-4E84-9AD2-838EF1A91867}.Release|ARM.Deploy.0 = Release|ARM
		{4E8D19E6-9DED-4E84-9AD2-838EF1A91867}.Release|iPhone.ActiveCfg = Release|Any CPU
		{4E8D19E6-9DED-4E84-9AD2-838EF1A91867}.Release|iPhone.Build.0 = Release|Any CPU
		{4E8D19E6-9DED-4E84-9AD2-838EF1A91867}.Release|iPhone.Deploy.0 = Release|Any CPU
		{4E8D19E6-9DED-4E84-9AD2-838EF1A91867}.Release|iPhoneSimulator.ActiveCfg = Release|Any CPU
		{4E8D19E6-9DED-4E84-9AD2-838EF1A91867}.Release|iPhoneSimulator.Build.0 = Release|Any CPU
		{4E8D19E6-9DED-4E84-9AD2-838EF1A91867}.Release|iPhoneSimulator.Deploy.0 = Release|Any CPU
		{4E8D19E6-9DED-4E84-9AD2-838EF1A91867}.Release|x64.ActiveCfg = Release|Any CPU
		{4E8D19E6-9DED-4E84-9AD2-838EF1A91867}.Release|x64.Build.0 = Release|Any CPU
		{4E8D19E6-9DED-4E84-9AD2-838EF1A91867}.Release|x64.Deploy.0 = Release|Any CPU
		{4E8D19E6-9DED-4E84-9AD2-838EF1A91867}.Release|x86.ActiveCfg = Release|x86
		{4E8D19E6-9DED-4E84-9AD2-838EF1A91867}.Release|x86.Build.0 = Release|x86
		{4E8D19E6-9DED-4E84-9AD2-838EF1A91867}.Release|x86.Deploy.0 = Release|x86
		{58A8DDEF-6845-441D-9AB8-BE504E6171EE}.Ad-Hoc|Any CPU.ActiveCfg = Release|Any CPU
		{58A8DDEF-6845-441D-9AB8-BE504E6171EE}.Ad-Hoc|Any CPU.Build.0 = Release|Any CPU
		{58A8DDEF-6845-441D-9AB8-BE504E6171EE}.Ad-Hoc|Any CPU.Deploy.0 = Release|Any CPU
		{58A8DDEF-6845-441D-9AB8-BE504E6171EE}.Ad-Hoc|ARM.ActiveCfg = Release|ARM
		{58A8DDEF-6845-441D-9AB8-BE504E6171EE}.Ad-Hoc|ARM.Build.0 = Release|ARM
		{58A8DDEF-6845-441D-9AB8-BE504E6171EE}.Ad-Hoc|ARM.Deploy.0 = Release|ARM
		{58A8DDEF-6845-441D-9AB8-BE504E6171EE}.Ad-Hoc|iPhone.ActiveCfg = Release|Any CPU
		{58A8DDEF-6845-441D-9AB8-BE504E6171EE}.Ad-Hoc|iPhone.Build.0 = Release|Any CPU
		{58A8DDEF-6845-441D-9AB8-BE504E6171EE}.Ad-Hoc|iPhone.Deploy.0 = Release|Any CPU
		{58A8DDEF-6845-441D-9AB8-BE504E6171EE}.Ad-Hoc|iPhoneSimulator.ActiveCfg = Release|Any CPU
		{58A8DDEF-6845-441D-9AB8-BE504E6171EE}.Ad-Hoc|iPhoneSimulator.Build.0 = Release|Any CPU
		{58A8DDEF-6845-441D-9AB8-BE504E6171EE}.Ad-Hoc|iPhoneSimulator.Deploy.0 = Release|Any CPU
		{58A8DDEF-6845-441D-9AB8-BE504E6171EE}.Ad-Hoc|x64.ActiveCfg = Release|x64
		{58A8DDEF-6845-441D-9AB8-BE504E6171EE}.Ad-Hoc|x64.Build.0 = Release|x64
		{58A8DDEF-6845-441D-9AB8-BE504E6171EE}.Ad-Hoc|x64.Deploy.0 = Release|x64
		{58A8DDEF-6845-441D-9AB8-BE504E6171EE}.Ad-Hoc|x86.ActiveCfg = Release|x86
		{58A8DDEF-6845-441D-9AB8-BE504E6171EE}.Ad-Hoc|x86.Build.0 = Release|x86
		{58A8DDEF-6845-441D-9AB8-BE504E6171EE}.Ad-Hoc|x86.Deploy.0 = Release|x86
		{58A8DDEF-6845-441D-9AB8-BE504E6171EE}.AppStore|Any CPU.ActiveCfg = Release|Any CPU
		{58A8DDEF-6845-441D-9AB8-BE504E6171EE}.AppStore|Any CPU.Build.0 = Release|Any CPU
		{58A8DDEF-6845-441D-9AB8-BE504E6171EE}.AppStore|Any CPU.Deploy.0 = Release|Any CPU
		{58A8DDEF-6845-441D-9AB8-BE504E6171EE}.AppStore|ARM.ActiveCfg = Release|ARM
		{58A8DDEF-6845-441D-9AB8-BE504E6171EE}.AppStore|ARM.Build.0 = Release|ARM
		{58A8DDEF-6845-441D-9AB8-BE504E6171EE}.AppStore|ARM.Deploy.0 = Release|ARM
		{58A8DDEF-6845-441D-9AB8-BE504E6171EE}.AppStore|iPhone.ActiveCfg = Release|Any CPU
		{58A8DDEF-6845-441D-9AB8-BE504E6171EE}.AppStore|iPhone.Build.0 = Release|Any CPU
		{58A8DDEF-6845-441D-9AB8-BE504E6171EE}.AppStore|iPhone.Deploy.0 = Release|Any CPU
		{58A8DDEF-6845-441D-9AB8-BE504E6171EE}.AppStore|iPhoneSimulator.ActiveCfg = Release|Any CPU
		{58A8DDEF-6845-441D-9AB8-BE504E6171EE}.AppStore|iPhoneSimulator.Build.0 = Release|Any CPU
		{58A8DDEF-6845-441D-9AB8-BE504E6171EE}.AppStore|iPhoneSimulator.Deploy.0 = Release|Any CPU
		{58A8DDEF-6845-441D-9AB8-BE504E6171EE}.AppStore|x64.ActiveCfg = Release|x64
		{58A8DDEF-6845-441D-9AB8-BE504E6171EE}.AppStore|x64.Build.0 = Release|x64
		{58A8DDEF-6845-441D-9AB8-BE504E6171EE}.AppStore|x64.Deploy.0 = Release|x64
		{58A8DDEF-6845-441D-9AB8-BE504E6171EE}.AppStore|x86.ActiveCfg = Release|x86
		{58A8DDEF-6845-441D-9AB8-BE504E6171EE}.AppStore|x86.Build.0 = Release|x86
		{58A8DDEF-6845-441D-9AB8-BE504E6171EE}.AppStore|x86.Deploy.0 = Release|x86
		{58A8DDEF-6845-441D-9AB8-BE504E6171EE}.Debug|Any CPU.ActiveCfg = Debug|Any CPU
		{58A8DDEF-6845-441D-9AB8-BE504E6171EE}.Debug|Any CPU.Build.0 = Debug|Any CPU
		{58A8DDEF-6845-441D-9AB8-BE504E6171EE}.Debug|Any CPU.Deploy.0 = Debug|Any CPU
		{58A8DDEF-6845-441D-9AB8-BE504E6171EE}.Debug|ARM.ActiveCfg = Debug|ARM
		{58A8DDEF-6845-441D-9AB8-BE504E6171EE}.Debug|ARM.Build.0 = Debug|ARM
		{58A8DDEF-6845-441D-9AB8-BE504E6171EE}.Debug|ARM.Deploy.0 = Debug|ARM
		{58A8DDEF-6845-441D-9AB8-BE504E6171EE}.Debug|iPhone.ActiveCfg = Debug|Any CPU
		{58A8DDEF-6845-441D-9AB8-BE504E6171EE}.Debug|iPhone.Build.0 = Debug|Any CPU
		{58A8DDEF-6845-441D-9AB8-BE504E6171EE}.Debug|iPhone.Deploy.0 = Debug|Any CPU
		{58A8DDEF-6845-441D-9AB8-BE504E6171EE}.Debug|iPhoneSimulator.ActiveCfg = Debug|Any CPU
		{58A8DDEF-6845-441D-9AB8-BE504E6171EE}.Debug|iPhoneSimulator.Build.0 = Debug|Any CPU
		{58A8DDEF-6845-441D-9AB8-BE504E6171EE}.Debug|iPhoneSimulator.Deploy.0 = Debug|Any CPU
		{58A8DDEF-6845-441D-9AB8-BE504E6171EE}.Debug|x64.ActiveCfg = Debug|x64
		{58A8DDEF-6845-441D-9AB8-BE504E6171EE}.Debug|x64.Build.0 = Debug|x64
		{58A8DDEF-6845-441D-9AB8-BE504E6171EE}.Debug|x64.Deploy.0 = Debug|x64
		{58A8DDEF-6845-441D-9AB8-BE504E6171EE}.Debug|x86.ActiveCfg = Debug|x86
		{58A8DDEF-6845-441D-9AB8-BE504E6171EE}.Debug|x86.Build.0 = Debug|x86
		{58A8DDEF-6845-441D-9AB8-BE504E6171EE}.Debug|x86.Deploy.0 = Debug|x86
		{58A8DDEF-6845-441D-9AB8-BE504E6171EE}.Release|Any CPU.ActiveCfg = Release|Any CPU
		{58A8DDEF-6845-441D-9AB8-BE504E6171EE}.Release|Any CPU.Build.0 = Release|Any CPU
		{58A8DDEF-6845-441D-9AB8-BE504E6171EE}.Release|Any CPU.Deploy.0 = Release|Any CPU
		{58A8DDEF-6845-441D-9AB8-BE504E6171EE}.Release|ARM.ActiveCfg = Release|ARM
		{58A8DDEF-6845-441D-9AB8-BE504E6171EE}.Release|ARM.Build.0 = Release|ARM
		{58A8DDEF-6845-441D-9AB8-BE504E6171EE}.Release|ARM.Deploy.0 = Release|ARM
		{58A8DDEF-6845-441D-9AB8-BE504E6171EE}.Release|iPhone.ActiveCfg = Release|Any CPU
		{58A8DDEF-6845-441D-9AB8-BE504E6171EE}.Release|iPhone.Build.0 = Release|Any CPU
		{58A8DDEF-6845-441D-9AB8-BE504E6171EE}.Release|iPhone.Deploy.0 = Release|Any CPU
		{58A8DDEF-6845-441D-9AB8-BE504E6171EE}.Release|iPhoneSimulator.ActiveCfg = Release|Any CPU
		{58A8DDEF-6845-441D-9AB8-BE504E6171EE}.Release|iPhoneSimulator.Build.0 = Release|Any CPU
		{58A8DDEF-6845-441D-9AB8-BE504E6171EE}.Release|iPhoneSimulator.Deploy.0 = Release|Any CPU
		{58A8DDEF-6845-441D-9AB8-BE504E6171EE}.Release|x64.ActiveCfg = Release|x64
		{58A8DDEF-6845-441D-9AB8-BE504E6171EE}.Release|x64.Build.0 = Release|x64
		{58A8DDEF-6845-441D-9AB8-BE504E6171EE}.Release|x64.Deploy.0 = Release|x64
		{58A8DDEF-6845-441D-9AB8-BE504E6171EE}.Release|x86.ActiveCfg = Release|x86
		{58A8DDEF-6845-441D-9AB8-BE504E6171EE}.Release|x86.Build.0 = Release|x86
		{58A8DDEF-6845-441D-9AB8-BE504E6171EE}.Release|x86.Deploy.0 = Release|x86
	EndGlobalSection
	GlobalSection(SolutionProperties) = preSolution
		HideSolutionNode = FALSE
	EndGlobalSection
	GlobalSection(NestedProjects) = preSolution
		{B3E6B2A6-4CF8-4A3D-B4E2-1E466DE6243A} = {D28AC3B4-1D7E-4259-8C0A-120B9D1D18D3}
		{F397643E-D0CA-4D60-8C77-284D0812B741} = {355117E2-19BF-4E8C-A435-663DFD369A70}
		{F1378AD1-F25B-4C70-9D43-4C4A847ABA4A} = {68298A3C-A39C-4C32-BB31-9C99ACDE6054}
		{06DDDFC2-8F19-4130-996A-B57862DCBE07} = {0E635241-9986-40BF-8C21-3A4977CE56BB}
		{54DB0CCB-5D2F-4B8A-A2D3-D04A06235733} = {355117E2-19BF-4E8C-A435-663DFD369A70}
		{35674F8D-C3D5-43D7-8E74-DCC523483467} = {290721ED-7409-4D4D-88C5-E81F2AF7D673}
		{7026A575-41A9-43FD-B4CE-73FDD1A81B1E} = {290721ED-7409-4D4D-88C5-E81F2AF7D673}
		{F732DD02-1D6F-42BC-BA2B-D5A3B61261FA} = {F397643E-D0CA-4D60-8C77-284D0812B741}
		{145990AF-58E6-49F8-AB7D-A170B77F3643} = {B3E6B2A6-4CF8-4A3D-B4E2-1E466DE6243A}
		{17ADBD9D-3F88-4B18-8E66-1723901CD73B} = {290721ED-7409-4D4D-88C5-E81F2AF7D673}
		{CFEC96BC-56DE-407D-BDBC-45294537879A} = {355117E2-19BF-4E8C-A435-663DFD369A70}
		{3D1F30B9-C4E3-42E9-B590-A1DC651E3571} = {AC9DA336-781D-48CE-ADDE-ACCD023447AC}
		{BD9EE774-8224-4DCA-B4BC-32D48D837908} = {3D1F30B9-C4E3-42E9-B590-A1DC651E3571}
		{0EE7BB4B-0EFE-4638-8AED-B1D40F98EDE3} = {3D1F30B9-C4E3-42E9-B590-A1DC651E3571}
		{62A00903-360B-4004-A846-5C420EA414D4} = {D28AC3B4-1D7E-4259-8C0A-120B9D1D18D3}
		{8F03ACB4-12BD-4C50-A6F4-078658973077} = {62A00903-360B-4004-A846-5C420EA414D4}
		{1D6DFF83-575F-4BE3-A51E-919F2D8DD71E} = {62A00903-360B-4004-A846-5C420EA414D4}
		{E57E5DC9-993C-4EBF-B2B7-346B99B03663} = {62A00903-360B-4004-A846-5C420EA414D4}
		{4E8D19E6-9DED-4E84-9AD2-838EF1A91867} = {62A00903-360B-4004-A846-5C420EA414D4}
		{58A8DDEF-6845-441D-9AB8-BE504E6171EE} = {62A00903-360B-4004-A846-5C420EA414D4}
	EndGlobalSection
EndGlobal
